<?xml version="1.0" encoding="utf-8"?>
<Project ToolsVersion="4.0" xmlns="http://schemas.microsoft.com/developer/msbuild/2003">
  <ItemGroup>
    <Filter Include="源文件">
      <UniqueIdentifier>{4FC737F1-C7A5-4376-A066-2A32D752A2FF}</UniqueIdentifier>
      <Extensions>cpp;c;cc;cxx;def;odl;idl;hpj;bat;asm;asmx</Extensions>
    </Filter>
    <Filter Include="头文件">
      <UniqueIdentifier>{93995380-89BD-4b04-88EB-625FBE52EBFB}</UniqueIdentifier>
      <Extensions>h;hh;hpp;hxx;hm;inl;inc;ipp;xsd</Extensions>
    </Filter>
    <Filter Include="资源文件">
      <UniqueIdentifier>{67DA6AB6-F800-4c08-8B7A-83BB121AAD01}</UniqueIdentifier>
      <Extensions>rc;ico;cur;bmp;dlg;rc2;rct;bin;rgs;gif;jpg;jpeg;jpe;resx;tiff;tif;png;wav;mfcribbon-ms</Extensions>
    </Filter>
    <Filter Include="boyia">
      <UniqueIdentifier>{9a5169da-bfc4-417c-9efc-92b4f266071d}</UniqueIdentifier>
    </Filter>
    <Filter Include="boyia\framework">
      <UniqueIdentifier>{48e8fcf4-ab77-4576-84d5-d0f2c11d4ada}</UniqueIdentifier>
    </Filter>
    <Filter Include="boyia\framework\util">
      <UniqueIdentifier>{8e22c792-7b4c-4d49-867d-8b282d7a6d6e}</UniqueIdentifier>
    </Filter>
    <Filter Include="boyia\framework\vm">
      <UniqueIdentifier>{5e0c80b6-049c-4c63-855b-7c505b8f1d09}</UniqueIdentifier>
    </Filter>
    <Filter Include="boyia\framework\vm\core">
      <UniqueIdentifier>{0302db5b-c842-4d04-92e5-826c251baa19}</UniqueIdentifier>
    </Filter>
    <Filter Include="boyia\framework\platform">
      <UniqueIdentifier>{0771b620-ba39-4731-90e2-5477815d0129}</UniqueIdentifier>
    </Filter>
    <Filter Include="thirdparty">
      <UniqueIdentifier>{17182ae7-6ac2-4949-90d2-9ccd8e77622e}</UniqueIdentifier>
    </Filter>
    <Filter Include="boyia\framework\platform\arm">
      <UniqueIdentifier>{02fe790d-b549-4836-9603-d07285a72b8e}</UniqueIdentifier>
    </Filter>
    <Filter Include="boyia\framework\vm\lib">
      <UniqueIdentifier>{58c7d58c-1b98-4884-baea-5e6ffa699c81}</UniqueIdentifier>
    </Filter>
    <Filter Include="boyia\framework\vm\json">
      <UniqueIdentifier>{abe13715-6a84-4b63-88fb-bf89c77c7874}</UniqueIdentifier>
    </Filter>
    <Filter Include="boyia\framework\vm\view">
      <UniqueIdentifier>{5ae1fec0-4cad-41bc-929c-03ae0733421b}</UniqueIdentifier>
    </Filter>
    <Filter Include="boyia\framework\view">
      <UniqueIdentifier>{b546c478-155a-40a8-b3d0-83ec509d3759}</UniqueIdentifier>
    </Filter>
    <Filter Include="boyia\framework\app">
      <UniqueIdentifier>{c06f0a8c-8d16-46c7-9225-6a3464754ae9}</UniqueIdentifier>
    </Filter>
    <Filter Include="boyia\framework\dom">
      <UniqueIdentifier>{36191ca4-d018-4826-9563-b4796c1e4635}</UniqueIdentifier>
    </Filter>
    <Filter Include="boyia\framework\gui">
      <UniqueIdentifier>{e53897c5-7123-4c49-9253-cdc4f15612b4}</UniqueIdentifier>
    </Filter>
    <Filter Include="boyia\framework\widget">
      <UniqueIdentifier>{c343e5fc-a185-4dcc-a1a8-bc74a3753297}</UniqueIdentifier>
    </Filter>
    <Filter Include="boyia\framework\widget\flex">
      <UniqueIdentifier>{271c4c03-44e4-4daf-82e9-a255ea41c8be}</UniqueIdentifier>
    </Filter>
    <Filter Include="boyia\framework\loader">
      <UniqueIdentifier>{283e274a-5ab3-4e4e-87d1-21f78650c043}</UniqueIdentifier>
    </Filter>
    <Filter Include="boyia\framework\style">
      <UniqueIdentifier>{d97caba7-b102-4365-8cdb-83ec4c5a0152}</UniqueIdentifier>
    </Filter>
    <Filter Include="thirdparty\tinyxml">
      <UniqueIdentifier>{cd670ec8-482b-479c-a1db-b0f8429eedd0}</UniqueIdentifier>
    </Filter>
    <Filter Include="thirdparty\cjson">
      <UniqueIdentifier>{aeeca333-c7a8-4844-93a4-ccec6ca64fd2}</UniqueIdentifier>
    </Filter>
    <Filter Include="boyia\thread">
      <UniqueIdentifier>{66399c33-88f7-4216-a180-84b1e03f74ac}</UniqueIdentifier>
    </Filter>
  </ItemGroup>
  <ItemGroup>
    <ClInclude Include="framework.h">
      <Filter>头文件</Filter>
    </ClInclude>
    <ClInclude Include="pch.h">
      <Filter>头文件</Filter>
    </ClInclude>
    <ClInclude Include="..\..\..\BoyiaFramework\source\boyia\framework\util\BoyiaPtr.h">
      <Filter>boyia\framework\util</Filter>
    </ClInclude>
    <ClInclude Include="..\..\..\BoyiaFramework\source\boyia\framework\util\BoyiaRef.h">
      <Filter>boyia\framework\util</Filter>
    </ClInclude>
    <ClInclude Include="..\..\..\BoyiaFramework\source\boyia\framework\util\FileUtil.h">
      <Filter>boyia\framework\util</Filter>
    </ClInclude>
    <ClInclude Include="..\..\..\BoyiaFramework\source\boyia\framework\util\HashMap.h">
      <Filter>boyia\framework\util</Filter>
    </ClInclude>
    <ClInclude Include="..\..\..\BoyiaFramework\source\boyia\framework\util\IDCreator.h">
      <Filter>boyia\framework\util</Filter>
    </ClInclude>
    <ClInclude Include="..\..\..\BoyiaFramework\source\boyia\framework\util\IdentityMap.h">
      <Filter>boyia\framework\util</Filter>
    </ClInclude>
    <ClInclude Include="..\..\..\BoyiaFramework\source\boyia\framework\util\InputStream.h">
      <Filter>boyia\framework\util</Filter>
    </ClInclude>
    <ClInclude Include="..\..\..\BoyiaFramework\source\boyia\framework\util\KList.h">
      <Filter>boyia\framework\util</Filter>
    </ClInclude>
    <ClInclude Include="..\..\..\BoyiaFramework\source\boyia\framework\util\KListMap.h">
      <Filter>boyia\framework\util</Filter>
    </ClInclude>
    <ClInclude Include="..\..\..\BoyiaFramework\source\boyia\framework\util\KSet.h">
      <Filter>boyia\framework\util</Filter>
    </ClInclude>
    <ClInclude Include="..\..\..\BoyiaFramework\source\boyia\framework\util\KVector.h">
      <Filter>boyia\framework\util</Filter>
    </ClInclude>
    <ClInclude Include="..\..\..\BoyiaFramework\source\boyia\framework\util\OwnerPtr.h">
      <Filter>boyia\framework\util</Filter>
    </ClInclude>
    <ClInclude Include="..\..\..\BoyiaFramework\source\boyia\framework\util\PlatformLib.h">
      <Filter>boyia\framework\util</Filter>
    </ClInclude>
    <ClInclude Include="..\..\..\BoyiaFramework\source\boyia\framework\util\Stack.h">
      <Filter>boyia\framework\util</Filter>
    </ClInclude>
    <ClInclude Include="..\..\..\BoyiaFramework\source\boyia\framework\util\StringUtils.h">
      <Filter>boyia\framework\util</Filter>
    </ClInclude>
    <ClInclude Include="..\..\..\BoyiaFramework\source\boyia\framework\util\Utf8StreamReader.h">
      <Filter>boyia\framework\util</Filter>
    </ClInclude>
    <ClInclude Include="..\..\..\BoyiaFramework\source\boyia\framework\util\UtilString.h">
      <Filter>boyia\framework\util</Filter>
    </ClInclude>
    <ClInclude Include="..\..\..\BoyiaFramework\source\boyia\framework\platform\SalLog.h">
      <Filter>boyia\framework\platform</Filter>
    </ClInclude>
    <ClInclude Include="..\..\..\BoyiaFramework\source\boyia\framework\platform\arm\ArmFunction.h">
      <Filter>boyia\framework\platform\arm</Filter>
    </ClInclude>
    <ClInclude Include="..\..\..\BoyiaFramework\source\boyia\framework\vm\core\BoyiaCore.h">
      <Filter>boyia\framework\vm\core</Filter>
    </ClInclude>
    <ClInclude Include="..\..\..\BoyiaFramework\source\boyia\framework\vm\core\BoyiaError.h">
      <Filter>boyia\framework\vm\core</Filter>
    </ClInclude>
    <ClInclude Include="..\..\..\BoyiaFramework\source\boyia\framework\vm\core\BoyiaMemory.h">
      <Filter>boyia\framework\vm\core</Filter>
    </ClInclude>
    <ClInclude Include="..\..\..\BoyiaFramework\source\boyia\framework\vm\core\BoyiaValue.h">
      <Filter>boyia\framework\vm\core</Filter>
    </ClInclude>
    <ClInclude Include="..\..\..\BoyiaFramework\source\boyia\framework\vm\lib\BoyiaLib.h">
      <Filter>boyia\framework\vm\lib</Filter>
    </ClInclude>
    <ClInclude Include="..\..\..\BoyiaFramework\source\boyia\framework\vm\json\JSONParser.h">
      <Filter>boyia\framework\vm\json</Filter>
    </ClInclude>
    <ClInclude Include="..\..\..\BoyiaFramework\source\boyia\framework\vm\view\BoyiaBase.h">
      <Filter>boyia\framework\vm\view</Filter>
    </ClInclude>
    <ClInclude Include="..\..\..\BoyiaFramework\source\boyia\framework\vm\view\BoyiaEventHandler.h">
      <Filter>boyia\framework\vm\view</Filter>
    </ClInclude>
    <ClInclude Include="..\..\..\BoyiaFramework\source\boyia\framework\vm\view\BoyiaImageView.h">
      <Filter>boyia\framework\vm\view</Filter>
    </ClInclude>
    <ClInclude Include="..\..\..\BoyiaFramework\source\boyia\framework\vm\view\BoyiaInputView.h">
      <Filter>boyia\framework\vm\view</Filter>
    </ClInclude>
    <ClInclude Include="..\..\..\BoyiaFramework\source\boyia\framework\vm\view\BoyiaNetwork.h">
      <Filter>boyia\framework\vm\view</Filter>
    </ClInclude>
    <ClInclude Include="..\..\..\BoyiaFramework\source\boyia\framework\vm\view\BoyiaView.h">
      <Filter>boyia\framework\vm\view</Filter>
    </ClInclude>
    <ClInclude Include="..\..\..\BoyiaFramework\source\boyia\framework\vm\view\BoyiaViewDoc.h">
      <Filter>boyia\framework\vm\view</Filter>
    </ClInclude>
    <ClInclude Include="..\..\..\BoyiaFramework\source\boyia\framework\vm\view\BoyiaViewGroup.h">
      <Filter>boyia\framework\vm\view</Filter>
    </ClInclude>
    <ClInclude Include="..\..\..\BoyiaFramework\source\boyia\framework\view\UIOperation.h">
      <Filter>boyia\framework\view</Filter>
    </ClInclude>
    <ClInclude Include="..\..\..\BoyiaFramework\source\boyia\framework\view\UIThread.h">
      <Filter>boyia\framework\view</Filter>
    </ClInclude>
    <ClInclude Include="..\..\..\BoyiaFramework\source\boyia\framework\view\UIThreadClientMap.h">
      <Filter>boyia\framework\view</Filter>
    </ClInclude>
    <ClInclude Include="..\..\..\BoyiaFramework\source\boyia\framework\view\UIView.h">
      <Filter>boyia\framework\view</Filter>
    </ClInclude>
    <ClInclude Include="..\..\..\BoyiaFramework\source\boyia\framework\view\UIViewController.h">
      <Filter>boyia\framework\view</Filter>
    </ClInclude>
    <ClInclude Include="..\..\..\BoyiaFramework\source\boyia\framework\app\AppInfo.h">
      <Filter>boyia\framework\app</Filter>
    </ClInclude>
    <ClInclude Include="..\..\..\BoyiaFramework\source\boyia\framework\app\Application.h">
      <Filter>boyia\framework\app</Filter>
    </ClInclude>
    <ClInclude Include="..\..\..\BoyiaFramework\source\boyia\framework\app\AppManager.h">
      <Filter>boyia\framework\app</Filter>
    </ClInclude>
    <ClInclude Include="..\..\..\BoyiaFramework\source\boyia\framework\app\AppStack.h">
      <Filter>boyia\framework\app</Filter>
    </ClInclude>
    <ClInclude Include="..\..\..\BoyiaFramework\source\boyia\framework\app\AppVM.h">
      <Filter>boyia\framework\app</Filter>
    </ClInclude>
    <ClInclude Include="..\..\..\BoyiaFramework\source\boyia\framework\dom\DOMBuilder.h">
      <Filter>boyia\framework\dom</Filter>
    </ClInclude>
    <ClInclude Include="..\..\..\BoyiaFramework\source\boyia\framework\gui\LBaseView.h">
      <Filter>boyia\framework\gui</Filter>
    </ClInclude>
    <ClInclude Include="..\..\..\BoyiaFramework\source\boyia\framework\gui\LColor.h">
      <Filter>boyia\framework\gui</Filter>
    </ClInclude>
    <ClInclude Include="..\..\..\BoyiaFramework\source\boyia\framework\gui\LEvent.h">
      <Filter>boyia\framework\gui</Filter>
    </ClInclude>
    <ClInclude Include="..\..\..\BoyiaFramework\source\boyia\framework\gui\LGdi.h">
      <Filter>boyia\framework\gui</Filter>
    </ClInclude>
    <ClInclude Include="..\..\..\BoyiaFramework\source\boyia\framework\gui\LGraphic.h">
      <Filter>boyia\framework\gui</Filter>
    </ClInclude>
    <ClInclude Include="..\..\..\BoyiaFramework\source\boyia\framework\widget\BlockView.h">
      <Filter>boyia\framework\widget</Filter>
    </ClInclude>
    <ClInclude Include="..\..\..\BoyiaFramework\source\boyia\framework\widget\FormView.h">
      <Filter>boyia\framework\widget</Filter>
    </ClInclude>
    <ClInclude Include="..\..\..\BoyiaFramework\source\boyia\framework\widget\HtmlDocument.h">
      <Filter>boyia\framework\widget</Filter>
    </ClInclude>
    <ClInclude Include="..\..\..\BoyiaFramework\source\boyia\framework\widget\HtmlForm.h">
      <Filter>boyia\framework\widget</Filter>
    </ClInclude>
    <ClInclude Include="..\..\..\BoyiaFramework\source\boyia\framework\widget\HtmlRenderer.h">
      <Filter>boyia\framework\widget</Filter>
    </ClInclude>
    <ClInclude Include="..\..\..\BoyiaFramework\source\boyia\framework\widget\HtmlTags.h">
      <Filter>boyia\framework\widget</Filter>
    </ClInclude>
    <ClInclude Include="..\..\..\BoyiaFramework\source\boyia\framework\widget\HtmlView.h">
      <Filter>boyia\framework\widget</Filter>
    </ClInclude>
    <ClInclude Include="..\..\..\BoyiaFramework\source\boyia\framework\widget\IHtmlForm.h">
      <Filter>boyia\framework\widget</Filter>
    </ClInclude>
    <ClInclude Include="..\..\..\BoyiaFramework\source\boyia\framework\widget\ImageView.h">
      <Filter>boyia\framework\widget</Filter>
    </ClInclude>
    <ClInclude Include="..\..\..\BoyiaFramework\source\boyia\framework\widget\InlineView.h">
      <Filter>boyia\framework\widget</Filter>
    </ClInclude>
    <ClInclude Include="..\..\..\BoyiaFramework\source\boyia\framework\widget\InputView.h">
      <Filter>boyia\framework\widget</Filter>
    </ClInclude>
    <ClInclude Include="..\..\..\BoyiaFramework\source\boyia\framework\widget\IViewListener.h">
      <Filter>boyia\framework\widget</Filter>
    </ClInclude>
    <ClInclude Include="..\..\..\BoyiaFramework\source\boyia\framework\widget\LinkView.h">
      <Filter>boyia\framework\widget</Filter>
    </ClInclude>
    <ClInclude Include="..\..\..\BoyiaFramework\source\boyia\framework\widget\RenderContext.h">
      <Filter>boyia\framework\widget</Filter>
    </ClInclude>
    <ClInclude Include="..\..\..\BoyiaFramework\source\boyia\framework\widget\TextView.h">
      <Filter>boyia\framework\widget</Filter>
    </ClInclude>
    <ClInclude Include="..\..\..\BoyiaFramework\source\boyia\framework\widget\VideoView.h">
      <Filter>boyia\framework\widget</Filter>
    </ClInclude>
    <ClInclude Include="..\..\..\BoyiaFramework\source\boyia\framework\widget\flex\FlexLayout.h">
      <Filter>boyia\framework\widget\flex</Filter>
    </ClInclude>
    <ClInclude Include="..\..\..\BoyiaFramework\source\boyia\framework\loader\AppLoader.h">
      <Filter>boyia\framework\loader</Filter>
    </ClInclude>
    <ClInclude Include="..\..\..\BoyiaFramework\source\boyia\framework\loader\NetworkBase.h">
      <Filter>boyia\framework\loader</Filter>
    </ClInclude>
    <ClInclude Include="..\..\..\BoyiaFramework\source\boyia\framework\loader\ResourceLoader.h">
      <Filter>boyia\framework\loader</Filter>
    </ClInclude>
    <ClInclude Include="..\..\..\BoyiaFramework\source\boyia\framework\style\DoctreeNode.h">
      <Filter>boyia\framework\style</Filter>
    </ClInclude>
    <ClInclude Include="..\..\..\BoyiaFramework\source\boyia\framework\style\Style.h">
      <Filter>boyia\framework\style</Filter>
    </ClInclude>
    <ClInclude Include="..\..\..\BoyiaFramework\source\boyia\framework\style\StyleManager.h">
      <Filter>boyia\framework\style</Filter>
    </ClInclude>
    <ClInclude Include="..\..\..\BoyiaFramework\source\boyia\framework\style\StyleParser.h">
      <Filter>boyia\framework\style</Filter>
    </ClInclude>
    <ClInclude Include="..\..\..\BoyiaFramework\source\boyia\framework\style\StyleRule.h">
      <Filter>boyia\framework\style</Filter>
    </ClInclude>
    <ClInclude Include="..\..\..\BoyiaFramework\source\boyia\framework\style\StyleTags.h">
      <Filter>boyia\framework\style</Filter>
    </ClInclude>
    <ClInclude Include="..\..\..\BoyiaFramework\source\thirdparty\tinyxml\TinyXml2.h">
      <Filter>thirdparty\tinyxml</Filter>
    </ClInclude>
    <ClInclude Include="..\..\..\BoyiaFramework\source\thirdparty\cjson\cJSON.h">
      <Filter>thirdparty\cjson</Filter>
    </ClInclude>
    <ClInclude Include="..\..\..\BoyiaFramework\source\boyia\thread\AutoLock.h">
      <Filter>boyia\thread</Filter>
    </ClInclude>
    <ClInclude Include="..\..\..\BoyiaFramework\source\boyia\thread\BaseThread.h">
      <Filter>boyia\thread</Filter>
    </ClInclude>
    <ClInclude Include="..\..\..\BoyiaFramework\source\boyia\thread\BlockQueue.h">
      <Filter>boyia\thread</Filter>
    </ClInclude>
    <ClInclude Include="..\..\..\BoyiaFramework\source\boyia\thread\MessageQueue.h">
      <Filter>boyia\thread</Filter>
    </ClInclude>
    <ClInclude Include="..\..\..\BoyiaFramework\source\boyia\thread\MessageThread.h">
      <Filter>boyia\thread</Filter>
    </ClInclude>
    <ClInclude Include="..\..\..\BoyiaFramework\source\boyia\thread\Mutex.h">
      <Filter>boyia\thread</Filter>
    </ClInclude>
    <ClInclude Include="..\..\..\BoyiaFramework\source\boyia\thread\StringBuilder.h">
      <Filter>boyia\thread</Filter>
    </ClInclude>
    <ClInclude Include="..\..\..\BoyiaFramework\source\boyia\thread\TaskBase.h">
      <Filter>boyia\thread</Filter>
    </ClInclude>
    <ClInclude Include="..\..\..\BoyiaFramework\source\boyia\thread\TaskThread.h">
      <Filter>boyia\thread</Filter>
    </ClInclude>
    <ClInclude Include="..\..\..\BoyiaFramework\source\boyia\thread\ThreadPool.h">
      <Filter>boyia\thread</Filter>
    </ClInclude>
  </ItemGroup>
  <ItemGroup>
    <ClCompile Include="dllmain.cpp">
      <Filter>源文件</Filter>
    </ClCompile>
    <ClCompile Include="pch.cpp">
      <Filter>源文件</Filter>
    </ClCompile>
    <ClCompile Include="..\..\..\BoyiaFramework\source\boyia\framework\util\BoyiaRef.cpp">
      <Filter>boyia\framework\util</Filter>
    </ClCompile>
    <ClCompile Include="..\..\..\BoyiaFramework\source\boyia\framework\util\FileUtil.cpp">
      <Filter>boyia\framework\util</Filter>
    </ClCompile>
    <ClCompile Include="..\..\..\BoyiaFramework\source\boyia\framework\util\IDCreator.cpp">
      <Filter>boyia\framework\util</Filter>
    </ClCompile>
    <ClCompile Include="..\..\..\BoyiaFramework\source\boyia\framework\util\IdentityMap.cpp">
      <Filter>boyia\framework\util</Filter>
    </ClCompile>
    <ClCompile Include="..\..\..\BoyiaFramework\source\boyia\framework\util\InputStream.cpp">
      <Filter>boyia\framework\util</Filter>
    </ClCompile>
    <ClCompile Include="..\..\..\BoyiaFramework\source\boyia\framework\util\PlatformLib.cpp">
      <Filter>boyia\framework\util</Filter>
    </ClCompile>
    <ClCompile Include="..\..\..\BoyiaFramework\source\boyia\framework\util\StringUtils.cpp">
      <Filter>boyia\framework\util</Filter>
    </ClCompile>
    <ClCompile Include="..\..\..\BoyiaFramework\source\boyia\framework\util\Utf8StreamReader.cpp">
      <Filter>boyia\framework\util</Filter>
    </ClCompile>
    <ClCompile Include="..\..\..\BoyiaFramework\source\boyia\framework\platform\arm\ArmFunction.cpp">
      <Filter>boyia\framework\platform\arm</Filter>
    </ClCompile>
    <ClCompile Include="..\..\..\BoyiaFramework\source\boyia\framework\vm\core\BoyiaCore.cpp">
      <Filter>boyia\framework\vm\core</Filter>
    </ClCompile>
    <ClCompile Include="..\..\..\BoyiaFramework\source\boyia\framework\vm\core\BoyiaError.cpp">
      <Filter>boyia\framework\vm\core</Filter>
    </ClCompile>
    <ClCompile Include="..\..\..\BoyiaFramework\source\boyia\framework\vm\core\BoyiaGC.cpp">
      <Filter>boyia\framework\vm\core</Filter>
    </ClCompile>
    <ClCompile Include="..\..\..\BoyiaFramework\source\boyia\framework\vm\core\BoyiaMemory.cpp">
      <Filter>boyia\framework\vm\core</Filter>
    </ClCompile>
    <ClCompile Include="..\..\..\BoyiaFramework\source\boyia\framework\vm\core\BoyiaValue.cpp">
      <Filter>boyia\framework\vm\core</Filter>
    </ClCompile>
    <ClCompile Include="..\..\..\BoyiaFramework\source\boyia\framework\vm\lib\BoyiaLib.cpp">
      <Filter>boyia\framework\vm\lib</Filter>
    </ClCompile>
    <ClCompile Include="..\..\..\BoyiaFramework\source\boyia\framework\vm\json\JSONParser.cpp">
      <Filter>boyia\framework\vm\json</Filter>
    </ClCompile>
    <ClCompile Include="..\..\..\BoyiaFramework\source\boyia\framework\vm\view\BoyiaBase.cpp">
      <Filter>boyia\framework\vm\view</Filter>
    </ClCompile>
    <ClCompile Include="..\..\..\BoyiaFramework\source\boyia\framework\vm\view\BoyiaBindings.cpp">
      <Filter>boyia\framework\vm\view</Filter>
    </ClCompile>
    <ClCompile Include="..\..\..\BoyiaFramework\source\boyia\framework\vm\view\BoyiaEventHandler.cpp">
      <Filter>boyia\framework\vm\view</Filter>
    </ClCompile>
    <ClCompile Include="..\..\..\BoyiaFramework\source\boyia\framework\vm\view\BoyiaImageView.cpp">
      <Filter>boyia\framework\vm\view</Filter>
    </ClCompile>
    <ClCompile Include="..\..\..\BoyiaFramework\source\boyia\framework\vm\view\BoyiaInputView.cpp">
      <Filter>boyia\framework\vm\view</Filter>
    </ClCompile>
    <ClCompile Include="..\..\..\BoyiaFramework\source\boyia\framework\vm\view\BoyiaNetwork.cpp">
      <Filter>boyia\framework\vm\view</Filter>
    </ClCompile>
    <ClCompile Include="..\..\..\BoyiaFramework\source\boyia\framework\vm\view\BoyiaView.cpp">
      <Filter>boyia\framework\vm\view</Filter>
    </ClCompile>
    <ClCompile Include="..\..\..\BoyiaFramework\source\boyia\framework\vm\view\BoyiaViewDoc.cpp">
      <Filter>boyia\framework\vm\view</Filter>
    </ClCompile>
    <ClCompile Include="..\..\..\BoyiaFramework\source\boyia\framework\vm\view\BoyiaViewGroup.cpp">
      <Filter>boyia\framework\vm\view</Filter>
    </ClCompile>
    <ClCompile Include="..\..\..\BoyiaFramework\source\boyia\framework\view\UIOperation.cpp">
      <Filter>boyia\framework\view</Filter>
    </ClCompile>
    <ClCompile Include="..\..\..\BoyiaFramework\source\boyia\framework\view\UIThread.cpp">
      <Filter>boyia\framework\view</Filter>
    </ClCompile>
    <ClCompile Include="..\..\..\BoyiaFramework\source\boyia\framework\view\UIThreadClientMap.cpp">
      <Filter>boyia\framework\view</Filter>
    </ClCompile>
    <ClCompile Include="..\..\..\BoyiaFramework\source\boyia\framework\view\UIView.cpp">
      <Filter>boyia\framework\view</Filter>
    </ClCompile>
    <ClCompile Include="..\..\..\BoyiaFramework\source\boyia\framework\view\UIViewController.cpp">
      <Filter>boyia\framework\view</Filter>
    </ClCompile>
    <ClCompile Include="..\..\..\BoyiaFramework\source\boyia\framework\app\AppInfo.cpp">
      <Filter>boyia\framework\app</Filter>
    </ClCompile>
    <ClCompile Include="..\..\..\BoyiaFramework\source\boyia\framework\app\Application.cpp">
      <Filter>boyia\framework\app</Filter>
    </ClCompile>
    <ClCompile Include="..\..\..\BoyiaFramework\source\boyia\framework\app\AppManager.cpp">
      <Filter>boyia\framework\app</Filter>
    </ClCompile>
    <ClCompile Include="..\..\..\BoyiaFramework\source\boyia\framework\app\AppStack.cpp">
      <Filter>boyia\framework\app</Filter>
    </ClCompile>
    <ClCompile Include="..\..\..\BoyiaFramework\source\boyia\framework\app\AppVM.cpp">
      <Filter>boyia\framework\app</Filter>
    </ClCompile>
    <ClCompile Include="..\..\..\BoyiaFramework\source\boyia\framework\dom\DOMBuilder.cpp">
      <Filter>boyia\framework\dom</Filter>
    </ClCompile>
    <ClCompile Include="..\..\..\BoyiaFramework\source\boyia\framework\gui\LBaseView.cpp">
      <Filter>boyia\framework\gui</Filter>
    </ClCompile>
    <ClCompile Include="..\..\..\BoyiaFramework\source\boyia\framework\gui\LColor.cpp">
      <Filter>boyia\framework\gui</Filter>
    </ClCompile>
    <ClCompile Include="..\..\..\BoyiaFramework\source\boyia\framework\widget\BlockView.cpp">
      <Filter>boyia\framework\widget</Filter>
    </ClCompile>
    <ClCompile Include="..\..\..\BoyiaFramework\source\boyia\framework\widget\FormView.cpp">
      <Filter>boyia\framework\widget</Filter>
    </ClCompile>
    <ClCompile Include="..\..\..\BoyiaFramework\source\boyia\framework\widget\HtmlDocument.cpp">
      <Filter>boyia\framework\widget</Filter>
    </ClCompile>
    <ClCompile Include="..\..\..\BoyiaFramework\source\boyia\framework\widget\HtmlForm.cpp">
      <Filter>boyia\framework\widget</Filter>
    </ClCompile>
    <ClCompile Include="..\..\..\BoyiaFramework\source\boyia\framework\widget\HtmlRenderer.cpp">
      <Filter>boyia\framework\widget</Filter>
    </ClCompile>
    <ClCompile Include="..\..\..\BoyiaFramework\source\boyia\framework\widget\HtmlTags.cpp">
      <Filter>boyia\framework\widget</Filter>
    </ClCompile>
    <ClCompile Include="..\..\..\BoyiaFramework\source\boyia\framework\widget\HtmlView.cpp">
      <Filter>boyia\framework\widget</Filter>
    </ClCompile>
    <ClCompile Include="..\..\..\BoyiaFramework\source\boyia\framework\widget\ImageView.cpp">
      <Filter>boyia\framework\widget</Filter>
    </ClCompile>
    <ClCompile Include="..\..\..\BoyiaFramework\source\boyia\framework\widget\InlineView.cpp">
      <Filter>boyia\framework\widget</Filter>
    </ClCompile>
    <ClCompile Include="..\..\..\BoyiaFramework\source\boyia\framework\widget\InputView.cpp">
      <Filter>boyia\framework\widget</Filter>
    </ClCompile>
    <ClCompile Include="..\..\..\BoyiaFramework\source\boyia\framework\widget\LinkView.cpp">
      <Filter>boyia\framework\widget</Filter>
    </ClCompile>
    <ClCompile Include="..\..\..\BoyiaFramework\source\boyia\framework\widget\RenderContext.cpp">
      <Filter>boyia\framework\widget</Filter>
    </ClCompile>
    <ClCompile Include="..\..\..\BoyiaFramework\source\boyia\framework\widget\TextView.cpp">
      <Filter>boyia\framework\widget</Filter>
    </ClCompile>
    <ClCompile Include="..\..\..\BoyiaFramework\source\boyia\framework\widget\VideoView.cpp">
      <Filter>boyia\framework\widget</Filter>
    </ClCompile>
    <ClCompile Include="..\..\..\BoyiaFramework\source\boyia\framework\widget\flex\FlexLayout.cpp">
      <Filter>boyia\framework\widget\flex</Filter>
    </ClCompile>
    <ClCompile Include="..\..\..\BoyiaFramework\source\boyia\framework\loader\AppLoader.cpp">
      <Filter>boyia\framework\loader</Filter>
    </ClCompile>
    <ClCompile Include="..\..\..\BoyiaFramework\source\boyia\framework\loader\ResourceLoader.cpp">
      <Filter>boyia\framework\loader</Filter>
    </ClCompile>
    <ClCompile Include="..\..\..\BoyiaFramework\source\boyia\framework\style\DoctreeNode.cpp">
      <Filter>boyia\framework\style</Filter>
    </ClCompile>
    <ClCompile Include="..\..\..\BoyiaFramework\source\boyia\framework\style\Style.cpp">
      <Filter>boyia\framework\style</Filter>
    </ClCompile>
    <ClCompile Include="..\..\..\BoyiaFramework\source\boyia\framework\style\StyleManager.cpp">
      <Filter>boyia\framework\style</Filter>
    </ClCompile>
    <ClCompile Include="..\..\..\BoyiaFramework\source\boyia\framework\style\StyleParser.cpp">
      <Filter>boyia\framework\style</Filter>
    </ClCompile>
    <ClCompile Include="..\..\..\BoyiaFramework\source\boyia\framework\style\StyleRule.cpp">
      <Filter>boyia\framework\style</Filter>
    </ClCompile>
    <ClCompile Include="..\..\..\BoyiaFramework\source\boyia\framework\style\StyleTags.cpp">
      <Filter>boyia\framework\style</Filter>
    </ClCompile>
    <ClCompile Include="..\..\..\BoyiaFramework\source\thirdparty\tinyxml\TinyXml2.cpp">
      <Filter>thirdparty\tinyxml</Filter>
    </ClCompile>
    <ClCompile Include="..\..\..\BoyiaFramework\source\thirdparty\cjson\cJSON.c">
      <Filter>thirdparty\cjson</Filter>
    </ClCompile>
    <ClCompile Include="..\..\..\BoyiaFramework\source\boyia\thread\BaseThread.cpp">
      <Filter>boyia\thread</Filter>
    </ClCompile>
    <ClCompile Include="..\..\..\BoyiaFramework\source\boyia\thread\BlockQueue.cpp">
      <Filter>boyia\thread</Filter>
    </ClCompile>
    <ClCompile Include="..\..\..\BoyiaFramework\source\boyia\thread\MessageQueue.cpp">
      <Filter>boyia\thread</Filter>
    </ClCompile>
    <ClCompile Include="..\..\..\BoyiaFramework\source\boyia\thread\MessageThread.cpp">
      <Filter>boyia\thread</Filter>
    </ClCompile>
    <ClCompile Include="..\..\..\BoyiaFramework\source\boyia\thread\Mutex.cpp">
      <Filter>boyia\thread</Filter>
    </ClCompile>
    <ClCompile Include="..\..\..\BoyiaFramework\source\boyia\thread\StringBuilder.cpp">
      <Filter>boyia\thread</Filter>
    </ClCompile>
    <ClCompile Include="..\..\..\BoyiaFramework\source\boyia\thread\TaskBase.cpp">
      <Filter>boyia\thread</Filter>
    </ClCompile>
    <ClCompile Include="..\..\..\BoyiaFramework\source\boyia\thread\TaskThread.cpp">
      <Filter>boyia\thread</Filter>
    </ClCompile>
    <ClCompile Include="..\..\..\BoyiaFramework\source\boyia\thread\ThreadPool.cpp">
      <Filter>boyia\thread</Filter>
    </ClCompile>
  </ItemGroup>
</Project>