<?xml version="1.0" encoding="utf-8"?>
<Project ToolsVersion="4.0" xmlns="http://schemas.microsoft.com/developer/msbuild/2003">
  <ItemGroup>
    <Filter Include="源文件">
      <UniqueIdentifier>{4FC737F1-C7A5-4376-A066-2A32D752A2FF}</UniqueIdentifier>
      <Extensions>cpp;c;cc;cxx;def;odl;idl;hpj;bat;asm;asmx</Extensions>
    </Filter>
    <Filter Include="头文件">
      <UniqueIdentifier>{93995380-89BD-4b04-88EB-625FBE52EBFB}</UniqueIdentifier>
      <Extensions>h;hh;hpp;hxx;hm;inl;inc;ipp;xsd</Extensions>
    </Filter>
    <Filter Include="资源文件">
      <UniqueIdentifier>{67DA6AB6-F800-4c08-8B7A-83BB121AAD01}</UniqueIdentifier>
      <Extensions>rc;ico;cur;bmp;dlg;rc2;rct;bin;rgs;gif;jpg;jpeg;jpe;resx;tiff;tif;png;wav;mfcribbon-ms</Extensions>
    </Filter>
    <Filter Include="boyia">
      <UniqueIdentifier>{9a5169da-bfc4-417c-9efc-92b4f266071d}</UniqueIdentifier>
    </Filter>
    <Filter Include="thirdparty">
      <UniqueIdentifier>{17182ae7-6ac2-4949-90d2-9ccd8e77622e}</UniqueIdentifier>
    </Filter>
    <Filter Include="thirdparty\tinyxml">
      <UniqueIdentifier>{cd670ec8-482b-479c-a1db-b0f8429eedd0}</UniqueIdentifier>
    </Filter>
    <Filter Include="thirdparty\cjson">
      <UniqueIdentifier>{aeeca333-c7a8-4844-93a4-ccec6ca64fd2}</UniqueIdentifier>
    </Filter>
    <Filter Include="boyia\thread">
      <UniqueIdentifier>{66399c33-88f7-4216-a180-84b1e03f74ac}</UniqueIdentifier>
    </Filter>
    <Filter Include="boyia\utils">
      <UniqueIdentifier>{86f83d76-087a-428e-ba6b-2cf1b973fe4f}</UniqueIdentifier>
    </Filter>
    <Filter Include="boyia\porting">
      <UniqueIdentifier>{27856d6d-9ef9-4414-8833-bfdfc198c332}</UniqueIdentifier>
    </Filter>
    <Filter Include="thirdparty\zip">
      <UniqueIdentifier>{bc2c6d21-14e2-42a0-a580-51d3524764ee}</UniqueIdentifier>
    </Filter>
    <Filter Include="thirdparty\zip\minizip">
      <UniqueIdentifier>{bdf2d0f3-eb84-47a2-900d-2bb625233766}</UniqueIdentifier>
    </Filter>
    <Filter Include="boyia\kernel">
      <UniqueIdentifier>{dd8c655e-b29e-4131-b5eb-923464790c67}</UniqueIdentifier>
    </Filter>
    <Filter Include="boyia\kernel\vm">
      <UniqueIdentifier>{264076f9-c178-4423-a537-08928cfd6e4b}</UniqueIdentifier>
    </Filter>
    <Filter Include="boyia\kernel\vm\lib">
      <UniqueIdentifier>{93151a23-8915-40b6-911c-c17c398099b7}</UniqueIdentifier>
    </Filter>
    <Filter Include="boyia\kernel\vm\core">
      <UniqueIdentifier>{22edb4fc-3470-455c-93b0-d2241654f6a6}</UniqueIdentifier>
    </Filter>
    <Filter Include="boyia\kernel\vm\json">
      <UniqueIdentifier>{ed83b851-76e4-4c55-841a-2970e448813e}</UniqueIdentifier>
    </Filter>
    <Filter Include="boyia\kernel\vm\view">
      <UniqueIdentifier>{09dc9887-1200-4f01-91b5-017767d4704c}</UniqueIdentifier>
    </Filter>
    <Filter Include="boyia\kernel\app">
      <UniqueIdentifier>{f70cccae-c8ad-4cc8-be5f-b9f3da6602cc}</UniqueIdentifier>
    </Filter>
    <Filter Include="boyia\kernel\dom">
      <UniqueIdentifier>{0c0edc2f-555a-4d42-902e-101eb6fbe7e0}</UniqueIdentifier>
    </Filter>
    <Filter Include="boyia\kernel\gui">
      <UniqueIdentifier>{e41bf9f3-c7d1-42ec-aabf-95f9f33f776c}</UniqueIdentifier>
    </Filter>
    <Filter Include="boyia\kernel\util">
      <UniqueIdentifier>{0f977666-3bb0-4395-82dd-1d3056c6b151}</UniqueIdentifier>
    </Filter>
    <Filter Include="boyia\kernel\view">
      <UniqueIdentifier>{7b509b69-e65b-440b-ab0d-37050fb880f2}</UniqueIdentifier>
    </Filter>
    <Filter Include="boyia\kernel\style">
      <UniqueIdentifier>{84fc3705-5611-4bff-982a-59c92bcee62a}</UniqueIdentifier>
    </Filter>
    <Filter Include="boyia\kernel\widget">
      <UniqueIdentifier>{aa54e2de-0a83-43af-ab33-41171be7a236}</UniqueIdentifier>
    </Filter>
    <Filter Include="boyia\kernel\widget\flex">
      <UniqueIdentifier>{ffa8dba8-bd03-48ae-80bf-ba1b79305a6f}</UniqueIdentifier>
    </Filter>
    <Filter Include="boyia\kernel\loader">
      <UniqueIdentifier>{78c16a4f-845a-446b-be41-60aaf1126421}</UniqueIdentifier>
    </Filter>
    <Filter Include="boyia\kernel\platform">
      <UniqueIdentifier>{9899a548-139b-4c54-8d62-2c54cb862cf7}</UniqueIdentifier>
    </Filter>
    <Filter Include="boyia\kernel\platform\arm">
      <UniqueIdentifier>{a9cc0f9d-bfd0-4e13-85a0-8bd2dd184061}</UniqueIdentifier>
    </Filter>
    <Filter Include="boyia\kernel\platform\win">
      <UniqueIdentifier>{a02dd964-65ff-4743-a5c7-03b818c4fefa}</UniqueIdentifier>
    </Filter>
    <Filter Include="boyia\kernel\platform\graphics">
      <UniqueIdentifier>{aa4d218a-5379-4ebd-bd7e-45cf8f4b9c22}</UniqueIdentifier>
    </Filter>
    <Filter Include="boyia\kernel\platform\zip">
      <UniqueIdentifier>{a4d368a7-49ab-4c94-a08c-24ea86b56d31}</UniqueIdentifier>
    </Filter>
    <Filter Include="boyia\kernel\platform\ws">
      <UniqueIdentifier>{293f42ec-9ea1-4ea0-8e22-846c48cc08da}</UniqueIdentifier>
    </Filter>
    <Filter Include="boyia\kernel\render">
      <UniqueIdentifier>{24258d5f-42e4-4183-80ab-6f3a257a5d9b}</UniqueIdentifier>
    </Filter>
    <Filter Include="boyia\kernel\render\layer">
      <UniqueIdentifier>{56cd7618-190f-4e3d-b03f-9914a5a47fed}</UniqueIdentifier>
    </Filter>
  </ItemGroup>
  <ItemGroup>
    <ClInclude Include="framework.h">
      <Filter>头文件</Filter>
    </ClInclude>
    <ClInclude Include="pch.h">
      <Filter>头文件</Filter>
    </ClInclude>
    <ClInclude Include="..\..\..\BoyiaFramework\source\thirdparty\tinyxml\TinyXml2.h">
      <Filter>thirdparty\tinyxml</Filter>
    </ClInclude>
    <ClInclude Include="..\..\..\BoyiaFramework\source\thirdparty\cjson\cJSON.h">
      <Filter>thirdparty\cjson</Filter>
    </ClInclude>
    <ClInclude Include="..\..\..\BoyiaFramework\source\boyia\thread\AutoLock.h">
      <Filter>boyia\thread</Filter>
    </ClInclude>
    <ClInclude Include="..\..\..\BoyiaFramework\source\boyia\thread\BaseThread.h">
      <Filter>boyia\thread</Filter>
    </ClInclude>
    <ClInclude Include="..\..\..\BoyiaFramework\source\boyia\thread\BlockQueue.h">
      <Filter>boyia\thread</Filter>
    </ClInclude>
    <ClInclude Include="..\..\..\BoyiaFramework\source\boyia\thread\MessageQueue.h">
      <Filter>boyia\thread</Filter>
    </ClInclude>
    <ClInclude Include="..\..\..\BoyiaFramework\source\boyia\thread\MessageThread.h">
      <Filter>boyia\thread</Filter>
    </ClInclude>
    <ClInclude Include="..\..\..\BoyiaFramework\source\boyia\thread\StringBuilder.h">
      <Filter>boyia\thread</Filter>
    </ClInclude>
    <ClInclude Include="..\..\..\BoyiaFramework\source\boyia\thread\TaskBase.h">
      <Filter>boyia\thread</Filter>
    </ClInclude>
    <ClInclude Include="..\..\..\BoyiaFramework\source\boyia\thread\TaskThread.h">
      <Filter>boyia\thread</Filter>
    </ClInclude>
    <ClInclude Include="..\..\..\BoyiaFramework\source\boyia\thread\ThreadPool.h">
      <Filter>boyia\thread</Filter>
    </ClInclude>
    <ClInclude Include="..\..\..\BoyiaFramework\source\boyia\painter\utils\SystemUtil.h">
      <Filter>boyia\utils</Filter>
    </ClInclude>
    <ClInclude Include="..\..\..\BoyiaFramework\source\boyia\porting\win\BoyiaOnLoadWin.h">
      <Filter>boyia\porting</Filter>
    </ClInclude>
    <ClInclude Include="..\..\..\BoyiaFramework\source\thirdparty\zip\crc32.h">
      <Filter>thirdparty\zip</Filter>
    </ClInclude>
    <ClInclude Include="..\..\..\BoyiaFramework\source\thirdparty\zip\deflate.h">
      <Filter>thirdparty\zip</Filter>
    </ClInclude>
    <ClInclude Include="..\..\..\BoyiaFramework\source\thirdparty\zip\gzguts.h">
      <Filter>thirdparty\zip</Filter>
    </ClInclude>
    <ClInclude Include="..\..\..\BoyiaFramework\source\thirdparty\zip\inffast.h">
      <Filter>thirdparty\zip</Filter>
    </ClInclude>
    <ClInclude Include="..\..\..\BoyiaFramework\source\thirdparty\zip\inffixed.h">
      <Filter>thirdparty\zip</Filter>
    </ClInclude>
    <ClInclude Include="..\..\..\BoyiaFramework\source\thirdparty\zip\inflate.h">
      <Filter>thirdparty\zip</Filter>
    </ClInclude>
    <ClInclude Include="..\..\..\BoyiaFramework\source\thirdparty\zip\inftrees.h">
      <Filter>thirdparty\zip</Filter>
    </ClInclude>
    <ClInclude Include="..\..\..\BoyiaFramework\source\thirdparty\zip\trees.h">
      <Filter>thirdparty\zip</Filter>
    </ClInclude>
    <ClInclude Include="..\..\..\BoyiaFramework\source\thirdparty\zip\zconf.h">
      <Filter>thirdparty\zip</Filter>
    </ClInclude>
    <ClInclude Include="..\..\..\BoyiaFramework\source\thirdparty\zip\zlib.h">
      <Filter>thirdparty\zip</Filter>
    </ClInclude>
    <ClInclude Include="..\..\..\BoyiaFramework\source\thirdparty\zip\zutil.h">
      <Filter>thirdparty\zip</Filter>
    </ClInclude>
    <ClInclude Include="..\..\..\BoyiaFramework\source\thirdparty\zip\minizip\crypt.h">
      <Filter>thirdparty\zip\minizip</Filter>
    </ClInclude>
    <ClInclude Include="..\..\..\BoyiaFramework\source\thirdparty\zip\minizip\ioapi.h">
      <Filter>thirdparty\zip\minizip</Filter>
    </ClInclude>
    <ClInclude Include="..\..\..\BoyiaFramework\source\thirdparty\zip\minizip\unzip.h">
      <Filter>thirdparty\zip\minizip</Filter>
    </ClInclude>
    <ClInclude Include="..\..\..\BoyiaFramework\source\thirdparty\zip\minizip\zip.h">
      <Filter>thirdparty\zip\minizip</Filter>
    </ClInclude>
    <ClInclude Include="..\..\..\BoyiaFramework\source\boyia\kernel\vm\lib\BoyiaLib.h">
      <Filter>boyia\kernel\vm\lib</Filter>
    </ClInclude>
    <ClInclude Include="..\..\..\BoyiaFramework\source\boyia\kernel\vm\core\BoyiaCore.h">
      <Filter>boyia\kernel\vm\core</Filter>
    </ClInclude>
    <ClInclude Include="..\..\..\BoyiaFramework\source\boyia\kernel\vm\core\BoyiaError.h">
      <Filter>boyia\kernel\vm\core</Filter>
    </ClInclude>
    <ClInclude Include="..\..\..\BoyiaFramework\source\boyia\kernel\vm\core\BoyiaMemory.h">
      <Filter>boyia\kernel\vm\core</Filter>
    </ClInclude>
    <ClInclude Include="..\..\..\BoyiaFramework\source\boyia\kernel\vm\core\BoyiaValue.h">
      <Filter>boyia\kernel\vm\core</Filter>
    </ClInclude>
    <ClInclude Include="..\..\..\BoyiaFramework\source\boyia\kernel\vm\json\JSONParser.h">
      <Filter>boyia\kernel\vm\json</Filter>
    </ClInclude>
    <ClInclude Include="..\..\..\BoyiaFramework\source\boyia\kernel\vm\view\BoyiaImageView.h">
      <Filter>boyia\kernel\vm\view</Filter>
    </ClInclude>
    <ClInclude Include="..\..\..\BoyiaFramework\source\boyia\kernel\vm\view\BoyiaInputView.h">
      <Filter>boyia\kernel\vm\view</Filter>
    </ClInclude>
    <ClInclude Include="..\..\..\BoyiaFramework\source\boyia\kernel\vm\view\BoyiaView.h">
      <Filter>boyia\kernel\vm\view</Filter>
    </ClInclude>
    <ClInclude Include="..\..\..\BoyiaFramework\source\boyia\kernel\vm\view\BoyiaViewDoc.h">
      <Filter>boyia\kernel\vm\view</Filter>
    </ClInclude>
    <ClInclude Include="..\..\..\BoyiaFramework\source\boyia\kernel\vm\view\BoyiaViewGroup.h">
      <Filter>boyia\kernel\vm\view</Filter>
    </ClInclude>
    <ClInclude Include="..\..\..\BoyiaFramework\source\boyia\kernel\app\AppInfo.h">
      <Filter>boyia\kernel\app</Filter>
    </ClInclude>
    <ClInclude Include="..\..\..\BoyiaFramework\source\boyia\kernel\app\Application.h">
      <Filter>boyia\kernel\app</Filter>
    </ClInclude>
    <ClInclude Include="..\..\..\BoyiaFramework\source\boyia\kernel\app\AppManager.h">
      <Filter>boyia\kernel\app</Filter>
    </ClInclude>
    <ClInclude Include="..\..\..\BoyiaFramework\source\boyia\kernel\app\AppStack.h">
      <Filter>boyia\kernel\app</Filter>
    </ClInclude>
    <ClInclude Include="..\..\..\BoyiaFramework\source\boyia\kernel\dom\DOMBuilder.h">
      <Filter>boyia\kernel\dom</Filter>
    </ClInclude>
    <ClInclude Include="..\..\..\BoyiaFramework\source\boyia\kernel\gui\LBaseView.h">
      <Filter>boyia\kernel\gui</Filter>
    </ClInclude>
    <ClInclude Include="..\..\..\BoyiaFramework\source\boyia\kernel\gui\LEvent.h">
      <Filter>boyia\kernel\gui</Filter>
    </ClInclude>
    <ClInclude Include="..\..\..\BoyiaFramework\source\boyia\kernel\gui\LGdi.h">
      <Filter>boyia\kernel\gui</Filter>
    </ClInclude>
    <ClInclude Include="..\..\..\BoyiaFramework\source\boyia\kernel\gui\LGraphic.h">
      <Filter>boyia\kernel\gui</Filter>
    </ClInclude>
    <ClInclude Include="..\..\..\BoyiaFramework\source\boyia\kernel\util\BoyiaPtr.h">
      <Filter>boyia\kernel\util</Filter>
    </ClInclude>
    <ClInclude Include="..\..\..\BoyiaFramework\source\boyia\kernel\util\BoyiaRef.h">
      <Filter>boyia\kernel\util</Filter>
    </ClInclude>
    <ClInclude Include="..\..\..\BoyiaFramework\source\boyia\kernel\util\FileUtil.h">
      <Filter>boyia\kernel\util</Filter>
    </ClInclude>
    <ClInclude Include="..\..\..\BoyiaFramework\source\boyia\kernel\util\HashMap.h">
      <Filter>boyia\kernel\util</Filter>
    </ClInclude>
    <ClInclude Include="..\..\..\BoyiaFramework\source\boyia\kernel\util\IDCreator.h">
      <Filter>boyia\kernel\util</Filter>
    </ClInclude>
    <ClInclude Include="..\..\..\BoyiaFramework\source\boyia\kernel\util\IdentityMap.h">
      <Filter>boyia\kernel\util</Filter>
    </ClInclude>
    <ClInclude Include="..\..\..\BoyiaFramework\source\boyia\kernel\util\InputStream.h">
      <Filter>boyia\kernel\util</Filter>
    </ClInclude>
    <ClInclude Include="..\..\..\BoyiaFramework\source\boyia\kernel\util\KList.h">
      <Filter>boyia\kernel\util</Filter>
    </ClInclude>
    <ClInclude Include="..\..\..\BoyiaFramework\source\boyia\kernel\util\KListMap.h">
      <Filter>boyia\kernel\util</Filter>
    </ClInclude>
    <ClInclude Include="..\..\..\BoyiaFramework\source\boyia\kernel\util\KSet.h">
      <Filter>boyia\kernel\util</Filter>
    </ClInclude>
    <ClInclude Include="..\..\..\BoyiaFramework\source\boyia\kernel\util\KVector.h">
      <Filter>boyia\kernel\util</Filter>
    </ClInclude>
    <ClInclude Include="..\..\..\BoyiaFramework\source\boyia\kernel\util\OwnerPtr.h">
      <Filter>boyia\kernel\util</Filter>
    </ClInclude>
    <ClInclude Include="..\..\..\BoyiaFramework\source\boyia\kernel\util\PlatformLib.h">
      <Filter>boyia\kernel\util</Filter>
    </ClInclude>
    <ClInclude Include="..\..\..\BoyiaFramework\source\boyia\kernel\util\Stack.h">
      <Filter>boyia\kernel\util</Filter>
    </ClInclude>
    <ClInclude Include="..\..\..\BoyiaFramework\source\boyia\kernel\util\StringUtils.h">
      <Filter>boyia\kernel\util</Filter>
    </ClInclude>
    <ClInclude Include="..\..\..\BoyiaFramework\source\boyia\kernel\util\UtilString.h">
      <Filter>boyia\kernel\util</Filter>
    </ClInclude>
    <ClInclude Include="..\..\..\BoyiaFramework\source\boyia\kernel\view\UIOperation.h">
      <Filter>boyia\kernel\view</Filter>
    </ClInclude>
    <ClInclude Include="..\..\..\BoyiaFramework\source\boyia\kernel\view\UIThread.h">
      <Filter>boyia\kernel\view</Filter>
    </ClInclude>
    <ClInclude Include="..\..\..\BoyiaFramework\source\boyia\kernel\view\UIThreadClientMap.h">
      <Filter>boyia\kernel\view</Filter>
    </ClInclude>
    <ClInclude Include="..\..\..\BoyiaFramework\source\boyia\kernel\view\UIView.h">
      <Filter>boyia\kernel\view</Filter>
    </ClInclude>
    <ClInclude Include="..\..\..\BoyiaFramework\source\boyia\kernel\view\UIViewController.h">
      <Filter>boyia\kernel\view</Filter>
    </ClInclude>
    <ClInclude Include="..\..\..\BoyiaFramework\source\boyia\kernel\style\DoctreeNode.h">
      <Filter>boyia\kernel\style</Filter>
    </ClInclude>
    <ClInclude Include="..\..\..\BoyiaFramework\source\boyia\kernel\style\Style.h">
      <Filter>boyia\kernel\style</Filter>
    </ClInclude>
    <ClInclude Include="..\..\..\BoyiaFramework\source\boyia\kernel\style\StyleManager.h">
      <Filter>boyia\kernel\style</Filter>
    </ClInclude>
    <ClInclude Include="..\..\..\BoyiaFramework\source\boyia\kernel\style\StyleParser.h">
      <Filter>boyia\kernel\style</Filter>
    </ClInclude>
    <ClInclude Include="..\..\..\BoyiaFramework\source\boyia\kernel\style\StyleRule.h">
      <Filter>boyia\kernel\style</Filter>
    </ClInclude>
    <ClInclude Include="..\..\..\BoyiaFramework\source\boyia\kernel\style\StyleTags.h">
      <Filter>boyia\kernel\style</Filter>
    </ClInclude>
    <ClInclude Include="..\..\..\BoyiaFramework\source\boyia\kernel\widget\BlockView.h">
      <Filter>boyia\kernel\widget</Filter>
    </ClInclude>
    <ClInclude Include="..\..\..\BoyiaFramework\source\boyia\kernel\widget\FormView.h">
      <Filter>boyia\kernel\widget</Filter>
    </ClInclude>
    <ClInclude Include="..\..\..\BoyiaFramework\source\boyia\kernel\widget\HtmlDocument.h">
      <Filter>boyia\kernel\widget</Filter>
    </ClInclude>
    <ClInclude Include="..\..\..\BoyiaFramework\source\boyia\kernel\widget\HtmlRenderer.h">
      <Filter>boyia\kernel\widget</Filter>
    </ClInclude>
    <ClInclude Include="..\..\..\BoyiaFramework\source\boyia\kernel\widget\HtmlTags.h">
      <Filter>boyia\kernel\widget</Filter>
    </ClInclude>
    <ClInclude Include="..\..\..\BoyiaFramework\source\boyia\kernel\widget\HtmlView.h">
      <Filter>boyia\kernel\widget</Filter>
    </ClInclude>
    <ClInclude Include="..\..\..\BoyiaFramework\source\boyia\kernel\widget\ImageView.h">
      <Filter>boyia\kernel\widget</Filter>
    </ClInclude>
    <ClInclude Include="..\..\..\BoyiaFramework\source\boyia\kernel\widget\InlineView.h">
      <Filter>boyia\kernel\widget</Filter>
    </ClInclude>
    <ClInclude Include="..\..\..\BoyiaFramework\source\boyia\kernel\widget\InputView.h">
      <Filter>boyia\kernel\widget</Filter>
    </ClInclude>
    <ClInclude Include="..\..\..\BoyiaFramework\source\boyia\kernel\widget\IViewListener.h">
      <Filter>boyia\kernel\widget</Filter>
    </ClInclude>
    <ClInclude Include="..\..\..\BoyiaFramework\source\boyia\kernel\widget\LinkView.h">
      <Filter>boyia\kernel\widget</Filter>
    </ClInclude>
    <ClInclude Include="..\..\..\BoyiaFramework\source\boyia\kernel\widget\RenderContext.h">
      <Filter>boyia\kernel\widget</Filter>
    </ClInclude>
    <ClInclude Include="..\..\..\BoyiaFramework\source\boyia\kernel\widget\TextView.h">
      <Filter>boyia\kernel\widget</Filter>
    </ClInclude>
    <ClInclude Include="..\..\..\BoyiaFramework\source\boyia\kernel\widget\VideoView.h">
      <Filter>boyia\kernel\widget</Filter>
    </ClInclude>
    <ClInclude Include="..\..\..\BoyiaFramework\source\boyia\kernel\widget\flex\FlexLayout.h">
      <Filter>boyia\kernel\widget\flex</Filter>
    </ClInclude>
    <ClInclude Include="..\..\..\BoyiaFramework\source\boyia\kernel\loader\AppLoader.h">
      <Filter>boyia\kernel\loader</Filter>
    </ClInclude>
    <ClInclude Include="..\..\..\BoyiaFramework\source\boyia\kernel\loader\NetworkBase.h">
      <Filter>boyia\kernel\loader</Filter>
    </ClInclude>
    <ClInclude Include="..\..\..\BoyiaFramework\source\boyia\kernel\loader\ResourceLoader.h">
      <Filter>boyia\kernel\loader</Filter>
    </ClInclude>
    <ClInclude Include="..\..\..\BoyiaFramework\source\boyia\kernel\platform\PlatformBridge.h">
      <Filter>boyia\kernel\platform</Filter>
    </ClInclude>
    <ClInclude Include="..\..\..\BoyiaFramework\source\boyia\kernel\platform\SalLog.h">
      <Filter>boyia\kernel\platform</Filter>
    </ClInclude>
    <ClInclude Include="..\..\..\BoyiaFramework\source\boyia\kernel\platform\arm\ArmFunction.h">
      <Filter>boyia\kernel\platform\arm</Filter>
    </ClInclude>
    <ClInclude Include="..\..\..\BoyiaFramework\source\boyia\kernel\platform\win\BoyiaHttpEngine.h">
      <Filter>boyia\kernel\platform\win</Filter>
    </ClInclude>
    <ClInclude Include="..\..\..\BoyiaFramework\source\boyia\kernel\platform\win\CharConvertor.h">
      <Filter>boyia\kernel\platform\win</Filter>
    </ClInclude>
    <ClInclude Include="..\..\..\BoyiaFramework\source\boyia\kernel\platform\win\GraphicsContextWin.h">
      <Filter>boyia\kernel\platform\win</Filter>
    </ClInclude>
    <ClInclude Include="..\..\..\BoyiaFramework\source\boyia\kernel\platform\win\ImageLoader.h">
      <Filter>boyia\kernel\platform\win</Filter>
    </ClInclude>
    <ClInclude Include="..\..\..\BoyiaFramework\source\boyia\kernel\platform\win\ImageWin.h">
      <Filter>boyia\kernel\platform\win</Filter>
    </ClInclude>
    <ClInclude Include="..\..\..\BoyiaFramework\source\boyia\kernel\platform\win\LoaderWin.h">
      <Filter>boyia\kernel\platform\win</Filter>
    </ClInclude>
    <ClInclude Include="..\..\..\BoyiaFramework\source\boyia\kernel\platform\win\PaintCommandAllocator.h">
      <Filter>boyia\kernel\platform\win</Filter>
    </ClInclude>
    <ClInclude Include="..\..\..\BoyiaFramework\source\boyia\kernel\platform\win\UrlParser.h">
      <Filter>boyia\kernel\platform\win</Filter>
    </ClInclude>
    <ClInclude Include="..\..\..\BoyiaFramework\source\boyia\kernel\platform\graphics\Animation.h">
      <Filter>boyia\kernel\platform\graphics</Filter>
    </ClInclude>
    <ClInclude Include="..\..\..\BoyiaFramework\source\boyia\kernel\platform\zip\ZipEntry.h">
      <Filter>boyia\kernel\platform\zip</Filter>
    </ClInclude>
    <ClInclude Include="..\..\..\BoyiaFramework\source\boyia\kernel\vm\lib\BoyiaNetwork.h">
      <Filter>boyia\kernel\vm\lib</Filter>
    </ClInclude>
    <ClInclude Include="..\..\..\BoyiaFramework\source\boyia\kernel\vm\lib\BoyiaSocket.h">
      <Filter>boyia\kernel\vm\lib</Filter>
    </ClInclude>
    <ClInclude Include="..\..\..\BoyiaFramework\source\boyia\kernel\platform\ws\WebSocket.h">
      <Filter>boyia\kernel\platform\ws</Filter>
    </ClInclude>
    <ClInclude Include="..\..\..\BoyiaFramework\source\boyia\kernel\vm\lib\BoyiaRuntime.h">
      <Filter>boyia\kernel\vm\lib</Filter>
    </ClInclude>
    <ClInclude Include="..\..\..\BoyiaFramework\source\boyia\kernel\util\HashUtil.h">
      <Filter>boyia\kernel\util</Filter>
    </ClInclude>
    <ClInclude Include="..\..\..\BoyiaFramework\source\boyia\kernel\util\RefCount.h">
      <Filter>boyia\kernel\util</Filter>
    </ClInclude>
    <ClInclude Include="..\..\..\BoyiaFramework\source\boyia\kernel\util\WeakPtr.h">
      <Filter>boyia\kernel\util</Filter>
    </ClInclude>
    <ClInclude Include="..\..\..\BoyiaFramework\source\boyia\kernel\vm\lib\BoyiaAsyncEvent.h">
      <Filter>boyia\kernel\vm\lib</Filter>
    </ClInclude>
    <ClInclude Include="..\..\..\BoyiaFramework\source\boyia\kernel\platform\PixelRatio.h">
      <Filter>boyia\kernel\platform</Filter>
    </ClInclude>
    <ClInclude Include="..\..\..\BoyiaFramework\source\boyia\kernel\platform\VsyncWaiter.h">
      <Filter>boyia\kernel\platform</Filter>
    </ClInclude>
    <ClInclude Include="..\..\..\BoyiaFramework\source\boyia\kernel\platform\win\VsyncWaiterWin.h">
      <Filter>boyia\kernel\platform\win</Filter>
    </ClInclude>
    <ClInclude Include="..\..\..\BoyiaFramework\source\boyia\kernel\vm\lib\BoyiaBase.h">
      <Filter>boyia\kernel\vm\lib</Filter>
    </ClInclude>
    <ClInclude Include="..\..\..\BoyiaFramework\source\boyia\thread\Lock.h">
      <Filter>boyia\thread</Filter>
    </ClInclude>
    <ClInclude Include="..\..\..\BoyiaFramework\source\boyia\kernel\gui\LColorUtil.h">
      <Filter>boyia\kernel\gui</Filter>
    </ClInclude>
    <ClInclude Include="..\..\..\BoyiaFramework\source\boyia\kernel\render\RenderThread.h">
      <Filter>boyia\kernel\render</Filter>
    </ClInclude>
    <ClInclude Include="..\..\..\BoyiaFramework\source\boyia\kernel\render\layer\RenderCommand.h">
      <Filter>boyia\kernel\render\layer</Filter>
    </ClInclude>
    <ClInclude Include="..\..\..\BoyiaFramework\source\boyia\kernel\render\layer\RenderLayer.h">
      <Filter>boyia\kernel\render\layer</Filter>
    </ClInclude>
    <ClInclude Include="..\..\..\BoyiaFramework\source\boyia\kernel\render\RenderGraphicsContext.h">
      <Filter>boyia\kernel\render</Filter>
    </ClInclude>
    <ClInclude Include="..\..\..\BoyiaFramework\source\boyia\kernel\render\IRenderEngine.h">
      <Filter>boyia\kernel\render</Filter>
    </ClInclude>
    <ClInclude Include="..\..\..\BoyiaFramework\source\boyia\kernel\platform\win\RenderEngineWin.h">
      <Filter>boyia\kernel\platform\win</Filter>
    </ClInclude>
  </ItemGroup>
  <ItemGroup>
    <ClCompile Include="dllmain.cpp">
      <Filter>源文件</Filter>
    </ClCompile>
    <ClCompile Include="pch.cpp">
      <Filter>源文件</Filter>
    </ClCompile>
    <ClCompile Include="..\..\..\BoyiaFramework\source\thirdparty\tinyxml\TinyXml2.cpp">
      <Filter>thirdparty\tinyxml</Filter>
    </ClCompile>
    <ClCompile Include="..\..\..\BoyiaFramework\source\thirdparty\cjson\cJSON.c">
      <Filter>thirdparty\cjson</Filter>
    </ClCompile>
    <ClCompile Include="..\..\..\BoyiaFramework\source\boyia\thread\BlockQueue.cpp">
      <Filter>boyia\thread</Filter>
    </ClCompile>
    <ClCompile Include="..\..\..\BoyiaFramework\source\boyia\thread\MessageQueue.cpp">
      <Filter>boyia\thread</Filter>
    </ClCompile>
    <ClCompile Include="..\..\..\BoyiaFramework\source\boyia\thread\MessageThread.cpp">
      <Filter>boyia\thread</Filter>
    </ClCompile>
    <ClCompile Include="..\..\..\BoyiaFramework\source\boyia\thread\StringBuilder.cpp">
      <Filter>boyia\thread</Filter>
    </ClCompile>
    <ClCompile Include="..\..\..\BoyiaFramework\source\boyia\thread\TaskBase.cpp">
      <Filter>boyia\thread</Filter>
    </ClCompile>
    <ClCompile Include="..\..\..\BoyiaFramework\source\boyia\thread\TaskThread.cpp">
      <Filter>boyia\thread</Filter>
    </ClCompile>
    <ClCompile Include="..\..\..\BoyiaFramework\source\boyia\thread\ThreadPool.cpp">
      <Filter>boyia\thread</Filter>
    </ClCompile>
    <ClCompile Include="..\..\..\BoyiaFramework\source\boyia\painter\utils\SystemUtil.cpp">
      <Filter>boyia\utils</Filter>
    </ClCompile>
    <ClCompile Include="..\..\..\BoyiaFramework\source\boyia\porting\win\BoyiaOnLoadWin.cpp">
      <Filter>boyia\porting</Filter>
    </ClCompile>
    <ClCompile Include="..\..\..\BoyiaFramework\source\thirdparty\zip\adler32.c">
      <Filter>thirdparty\zip</Filter>
    </ClCompile>
    <ClCompile Include="..\..\..\BoyiaFramework\source\thirdparty\zip\compress.c">
      <Filter>thirdparty\zip</Filter>
    </ClCompile>
    <ClCompile Include="..\..\..\BoyiaFramework\source\thirdparty\zip\crc32.c">
      <Filter>thirdparty\zip</Filter>
    </ClCompile>
    <ClCompile Include="..\..\..\BoyiaFramework\source\thirdparty\zip\deflate.c">
      <Filter>thirdparty\zip</Filter>
    </ClCompile>
    <ClCompile Include="..\..\..\BoyiaFramework\source\thirdparty\zip\gzclose.c">
      <Filter>thirdparty\zip</Filter>
    </ClCompile>
    <ClCompile Include="..\..\..\BoyiaFramework\source\thirdparty\zip\gzlib.c">
      <Filter>thirdparty\zip</Filter>
    </ClCompile>
    <ClCompile Include="..\..\..\BoyiaFramework\source\thirdparty\zip\gzread.c">
      <Filter>thirdparty\zip</Filter>
    </ClCompile>
    <ClCompile Include="..\..\..\BoyiaFramework\source\thirdparty\zip\gzwrite.c">
      <Filter>thirdparty\zip</Filter>
    </ClCompile>
    <ClCompile Include="..\..\..\BoyiaFramework\source\thirdparty\zip\infback.c">
      <Filter>thirdparty\zip</Filter>
    </ClCompile>
    <ClCompile Include="..\..\..\BoyiaFramework\source\thirdparty\zip\inffast.c">
      <Filter>thirdparty\zip</Filter>
    </ClCompile>
    <ClCompile Include="..\..\..\BoyiaFramework\source\thirdparty\zip\inflate.c">
      <Filter>thirdparty\zip</Filter>
    </ClCompile>
    <ClCompile Include="..\..\..\BoyiaFramework\source\thirdparty\zip\inftrees.c">
      <Filter>thirdparty\zip</Filter>
    </ClCompile>
    <ClCompile Include="..\..\..\BoyiaFramework\source\thirdparty\zip\trees.c">
      <Filter>thirdparty\zip</Filter>
    </ClCompile>
    <ClCompile Include="..\..\..\BoyiaFramework\source\thirdparty\zip\uncompr.c">
      <Filter>thirdparty\zip</Filter>
    </ClCompile>
    <ClCompile Include="..\..\..\BoyiaFramework\source\thirdparty\zip\zutil.c">
      <Filter>thirdparty\zip</Filter>
    </ClCompile>
    <ClCompile Include="..\..\..\BoyiaFramework\source\thirdparty\zip\minizip\ioapi.c">
      <Filter>thirdparty\zip\minizip</Filter>
    </ClCompile>
    <ClCompile Include="..\..\..\BoyiaFramework\source\thirdparty\zip\minizip\unzip.c">
      <Filter>thirdparty\zip\minizip</Filter>
    </ClCompile>
    <ClCompile Include="..\..\..\BoyiaFramework\source\thirdparty\zip\minizip\zip.c">
      <Filter>thirdparty\zip\minizip</Filter>
    </ClCompile>
    <ClCompile Include="..\..\..\BoyiaFramework\source\boyia\kernel\vm\lib\BoyiaLib.cpp">
      <Filter>boyia\kernel\vm\lib</Filter>
    </ClCompile>
    <ClCompile Include="..\..\..\BoyiaFramework\source\boyia\kernel\vm\core\BoyiaCore.cpp">
      <Filter>boyia\kernel\vm\core</Filter>
    </ClCompile>
    <ClCompile Include="..\..\..\BoyiaFramework\source\boyia\kernel\vm\core\BoyiaError.cpp">
      <Filter>boyia\kernel\vm\core</Filter>
    </ClCompile>
    <ClCompile Include="..\..\..\BoyiaFramework\source\boyia\kernel\vm\core\BoyiaGC.cpp">
      <Filter>boyia\kernel\vm\core</Filter>
    </ClCompile>
    <ClCompile Include="..\..\..\BoyiaFramework\source\boyia\kernel\vm\core\BoyiaMemory.cpp">
      <Filter>boyia\kernel\vm\core</Filter>
    </ClCompile>
    <ClCompile Include="..\..\..\BoyiaFramework\source\boyia\kernel\vm\core\BoyiaValue.cpp">
      <Filter>boyia\kernel\vm\core</Filter>
    </ClCompile>
    <ClCompile Include="..\..\..\BoyiaFramework\source\boyia\kernel\vm\json\JSONParser.cpp">
      <Filter>boyia\kernel\vm\json</Filter>
    </ClCompile>
    <ClCompile Include="..\..\..\BoyiaFramework\source\boyia\kernel\vm\view\BoyiaImageView.cpp">
      <Filter>boyia\kernel\vm\view</Filter>
    </ClCompile>
    <ClCompile Include="..\..\..\BoyiaFramework\source\boyia\kernel\vm\view\BoyiaInputView.cpp">
      <Filter>boyia\kernel\vm\view</Filter>
    </ClCompile>
    <ClCompile Include="..\..\..\BoyiaFramework\source\boyia\kernel\vm\view\BoyiaView.cpp">
      <Filter>boyia\kernel\vm\view</Filter>
    </ClCompile>
    <ClCompile Include="..\..\..\BoyiaFramework\source\boyia\kernel\vm\view\BoyiaViewDoc.cpp">
      <Filter>boyia\kernel\vm\view</Filter>
    </ClCompile>
    <ClCompile Include="..\..\..\BoyiaFramework\source\boyia\kernel\vm\view\BoyiaViewGroup.cpp">
      <Filter>boyia\kernel\vm\view</Filter>
    </ClCompile>
    <ClCompile Include="..\..\..\BoyiaFramework\source\boyia\kernel\app\AppInfo.cpp">
      <Filter>boyia\kernel\app</Filter>
    </ClCompile>
    <ClCompile Include="..\..\..\BoyiaFramework\source\boyia\kernel\app\Application.cpp">
      <Filter>boyia\kernel\app</Filter>
    </ClCompile>
    <ClCompile Include="..\..\..\BoyiaFramework\source\boyia\kernel\app\AppManager.cpp">
      <Filter>boyia\kernel\app</Filter>
    </ClCompile>
    <ClCompile Include="..\..\..\BoyiaFramework\source\boyia\kernel\app\AppStack.cpp">
      <Filter>boyia\kernel\app</Filter>
    </ClCompile>
    <ClCompile Include="..\..\..\BoyiaFramework\source\boyia\kernel\dom\DOMBuilder.cpp">
      <Filter>boyia\kernel\dom</Filter>
    </ClCompile>
    <ClCompile Include="..\..\..\BoyiaFramework\source\boyia\kernel\gui\LBaseView.cpp">
      <Filter>boyia\kernel\gui</Filter>
    </ClCompile>
    <ClCompile Include="..\..\..\BoyiaFramework\source\boyia\kernel\util\BoyiaRef.cpp">
      <Filter>boyia\kernel\util</Filter>
    </ClCompile>
    <ClCompile Include="..\..\..\BoyiaFramework\source\boyia\kernel\util\FileUtil.cpp">
      <Filter>boyia\kernel\util</Filter>
    </ClCompile>
    <ClCompile Include="..\..\..\BoyiaFramework\source\boyia\kernel\util\IDCreator.cpp">
      <Filter>boyia\kernel\util</Filter>
    </ClCompile>
    <ClCompile Include="..\..\..\BoyiaFramework\source\boyia\kernel\util\IdentityMap.cpp">
      <Filter>boyia\kernel\util</Filter>
    </ClCompile>
    <ClCompile Include="..\..\..\BoyiaFramework\source\boyia\kernel\util\InputStream.cpp">
      <Filter>boyia\kernel\util</Filter>
    </ClCompile>
    <ClCompile Include="..\..\..\BoyiaFramework\source\boyia\kernel\util\PlatformLib.cpp">
      <Filter>boyia\kernel\util</Filter>
    </ClCompile>
    <ClCompile Include="..\..\..\BoyiaFramework\source\boyia\kernel\util\StringUtils.cpp">
      <Filter>boyia\kernel\util</Filter>
    </ClCompile>
    <ClCompile Include="..\..\..\BoyiaFramework\source\boyia\kernel\view\UIOperation.cpp">
      <Filter>boyia\kernel\view</Filter>
    </ClCompile>
    <ClCompile Include="..\..\..\BoyiaFramework\source\boyia\kernel\view\UIThread.cpp">
      <Filter>boyia\kernel\view</Filter>
    </ClCompile>
    <ClCompile Include="..\..\..\BoyiaFramework\source\boyia\kernel\view\UIThreadClientMap.cpp">
      <Filter>boyia\kernel\view</Filter>
    </ClCompile>
    <ClCompile Include="..\..\..\BoyiaFramework\source\boyia\kernel\view\UIView.cpp">
      <Filter>boyia\kernel\view</Filter>
    </ClCompile>
    <ClCompile Include="..\..\..\BoyiaFramework\source\boyia\kernel\view\UIViewController.cpp">
      <Filter>boyia\kernel\view</Filter>
    </ClCompile>
    <ClCompile Include="..\..\..\BoyiaFramework\source\boyia\kernel\style\DoctreeNode.cpp">
      <Filter>boyia\kernel\style</Filter>
    </ClCompile>
    <ClCompile Include="..\..\..\BoyiaFramework\source\boyia\kernel\style\Style.cpp">
      <Filter>boyia\kernel\style</Filter>
    </ClCompile>
    <ClCompile Include="..\..\..\BoyiaFramework\source\boyia\kernel\style\StyleManager.cpp">
      <Filter>boyia\kernel\style</Filter>
    </ClCompile>
    <ClCompile Include="..\..\..\BoyiaFramework\source\boyia\kernel\style\StyleParser.cpp">
      <Filter>boyia\kernel\style</Filter>
    </ClCompile>
    <ClCompile Include="..\..\..\BoyiaFramework\source\boyia\kernel\style\StyleRule.cpp">
      <Filter>boyia\kernel\style</Filter>
    </ClCompile>
    <ClCompile Include="..\..\..\BoyiaFramework\source\boyia\kernel\style\StyleTags.cpp">
      <Filter>boyia\kernel\style</Filter>
    </ClCompile>
    <ClCompile Include="..\..\..\BoyiaFramework\source\boyia\kernel\widget\BlockView.cpp">
      <Filter>boyia\kernel\widget</Filter>
    </ClCompile>
    <ClCompile Include="..\..\..\BoyiaFramework\source\boyia\kernel\widget\FormView.cpp">
      <Filter>boyia\kernel\widget</Filter>
    </ClCompile>
    <ClCompile Include="..\..\..\BoyiaFramework\source\boyia\kernel\widget\HtmlDocument.cpp">
      <Filter>boyia\kernel\widget</Filter>
    </ClCompile>
    <ClCompile Include="..\..\..\BoyiaFramework\source\boyia\kernel\widget\HtmlRenderer.cpp">
      <Filter>boyia\kernel\widget</Filter>
    </ClCompile>
    <ClCompile Include="..\..\..\BoyiaFramework\source\boyia\kernel\widget\HtmlTags.cpp">
      <Filter>boyia\kernel\widget</Filter>
    </ClCompile>
    <ClCompile Include="..\..\..\BoyiaFramework\source\boyia\kernel\widget\HtmlView.cpp">
      <Filter>boyia\kernel\widget</Filter>
    </ClCompile>
    <ClCompile Include="..\..\..\BoyiaFramework\source\boyia\kernel\widget\ImageView.cpp">
      <Filter>boyia\kernel\widget</Filter>
    </ClCompile>
    <ClCompile Include="..\..\..\BoyiaFramework\source\boyia\kernel\widget\InlineView.cpp">
      <Filter>boyia\kernel\widget</Filter>
    </ClCompile>
    <ClCompile Include="..\..\..\BoyiaFramework\source\boyia\kernel\widget\InputView.cpp">
      <Filter>boyia\kernel\widget</Filter>
    </ClCompile>
    <ClCompile Include="..\..\..\BoyiaFramework\source\boyia\kernel\widget\LinkView.cpp">
      <Filter>boyia\kernel\widget</Filter>
    </ClCompile>
    <ClCompile Include="..\..\..\BoyiaFramework\source\boyia\kernel\widget\RenderContext.cpp">
      <Filter>boyia\kernel\widget</Filter>
    </ClCompile>
    <ClCompile Include="..\..\..\BoyiaFramework\source\boyia\kernel\widget\TextView.cpp">
      <Filter>boyia\kernel\widget</Filter>
    </ClCompile>
    <ClCompile Include="..\..\..\BoyiaFramework\source\boyia\kernel\widget\flex\FlexLayout.cpp">
      <Filter>boyia\kernel\widget\flex</Filter>
    </ClCompile>
    <ClCompile Include="..\..\..\BoyiaFramework\source\boyia\kernel\loader\AppLoader.cpp">
      <Filter>boyia\kernel\loader</Filter>
    </ClCompile>
    <ClCompile Include="..\..\..\BoyiaFramework\source\boyia\kernel\loader\ResourceLoader.cpp">
      <Filter>boyia\kernel\loader</Filter>
    </ClCompile>
    <ClCompile Include="..\..\..\BoyiaFramework\source\boyia\kernel\platform\arm\ArmFunction.cpp">
      <Filter>boyia\kernel\platform\arm</Filter>
    </ClCompile>
    <ClCompile Include="..\..\..\BoyiaFramework\source\boyia\kernel\platform\win\BaseThreadWin.cpp">
      <Filter>boyia\kernel\platform\win</Filter>
    </ClCompile>
    <ClCompile Include="..\..\..\BoyiaFramework\source\boyia\kernel\platform\win\BoyiaHttpEngine.cpp">
      <Filter>boyia\kernel\platform\win</Filter>
    </ClCompile>
    <ClCompile Include="..\..\..\BoyiaFramework\source\boyia\kernel\platform\win\CharConvertor.cpp">
      <Filter>boyia\kernel\platform\win</Filter>
    </ClCompile>
    <ClCompile Include="..\..\..\BoyiaFramework\source\boyia\kernel\platform\win\EditorWin.cpp">
      <Filter>boyia\kernel\platform\win</Filter>
    </ClCompile>
    <ClCompile Include="..\..\..\BoyiaFramework\source\boyia\kernel\platform\win\FontWin.cpp">
      <Filter>boyia\kernel\platform\win</Filter>
    </ClCompile>
    <ClCompile Include="..\..\..\BoyiaFramework\source\boyia\kernel\platform\win\GraphicsContextWin.cpp">
      <Filter>boyia\kernel\platform\win</Filter>
    </ClCompile>
    <ClCompile Include="..\..\..\BoyiaFramework\source\boyia\kernel\platform\win\ImageLoader.cpp">
      <Filter>boyia\kernel\platform\win</Filter>
    </ClCompile>
    <ClCompile Include="..\..\..\BoyiaFramework\source\boyia\kernel\platform\win\ImageWin.cpp">
      <Filter>boyia\kernel\platform\win</Filter>
    </ClCompile>
    <ClCompile Include="..\..\..\BoyiaFramework\source\boyia\kernel\platform\win\LoaderWin.cpp">
      <Filter>boyia\kernel\platform\win</Filter>
    </ClCompile>
    <ClCompile Include="..\..\..\BoyiaFramework\source\boyia\kernel\platform\win\MediaPlayerWin.cpp">
      <Filter>boyia\kernel\platform\win</Filter>
    </ClCompile>
    <ClCompile Include="..\..\..\BoyiaFramework\source\boyia\kernel\platform\win\PaintCommandAllocator.cpp">
      <Filter>boyia\kernel\platform\win</Filter>
    </ClCompile>
    <ClCompile Include="..\..\..\BoyiaFramework\source\boyia\kernel\platform\win\PlatformBridgeWin.cpp">
      <Filter>boyia\kernel\platform\win</Filter>
    </ClCompile>
    <ClCompile Include="..\..\..\BoyiaFramework\source\boyia\kernel\platform\win\UrlParser.cpp">
      <Filter>boyia\kernel\platform\win</Filter>
    </ClCompile>
    <ClCompile Include="..\..\..\BoyiaFramework\source\boyia\kernel\platform\graphics\Animation.cpp">
      <Filter>boyia\kernel\platform\graphics</Filter>
    </ClCompile>
    <ClCompile Include="..\..\..\BoyiaFramework\source\boyia\kernel\platform\zip\ZipEntry.cpp">
      <Filter>boyia\kernel\platform\zip</Filter>
    </ClCompile>
    <ClCompile Include="..\..\..\BoyiaFramework\source\boyia\kernel\vm\lib\BoyiaNetwork.cpp">
      <Filter>boyia\kernel\vm\lib</Filter>
    </ClCompile>
    <ClCompile Include="..\..\..\BoyiaFramework\source\boyia\kernel\vm\lib\BoyiaSocket.cpp">
      <Filter>boyia\kernel\vm\lib</Filter>
    </ClCompile>
    <ClCompile Include="..\..\..\BoyiaFramework\source\boyia\kernel\platform\ws\WebSocket.cpp">
      <Filter>boyia\kernel\platform\ws</Filter>
    </ClCompile>
    <ClCompile Include="..\..\..\BoyiaFramework\source\boyia\kernel\vm\lib\BoyiaRuntime.cpp">
      <Filter>boyia\kernel\vm\lib</Filter>
    </ClCompile>
    <ClCompile Include="..\..\..\BoyiaFramework\source\boyia\kernel\util\RefCount.cpp">
      <Filter>boyia\kernel\util</Filter>
    </ClCompile>
    <ClCompile Include="..\..\..\BoyiaFramework\source\boyia\kernel\vm\lib\BoyiaAsyncEvent.cpp">
      <Filter>boyia\kernel\vm\lib</Filter>
    </ClCompile>
    <ClCompile Include="..\..\..\BoyiaFramework\source\boyia\kernel\platform\PixelRatio.cpp">
      <Filter>boyia\kernel\platform</Filter>
    </ClCompile>
    <ClCompile Include="..\..\..\BoyiaFramework\source\boyia\kernel\platform\win\VsyncWaiterWin.cpp">
      <Filter>boyia\kernel\platform\win</Filter>
    </ClCompile>
    <ClCompile Include="..\..\..\BoyiaFramework\source\boyia\kernel\vm\lib\BoyiaBase.cpp">
      <Filter>boyia\kernel\vm\lib</Filter>
    </ClCompile>
    <ClCompile Include="..\..\..\BoyiaFramework\source\boyia\kernel\platform\win\LockWin.cpp">
      <Filter>boyia\kernel\platform\win</Filter>
    </ClCompile>
    <ClCompile Include="..\..\..\BoyiaFramework\source\boyia\kernel\gui\LColorUtil.cpp">
      <Filter>boyia\kernel\gui</Filter>
    </ClCompile>
    <ClCompile Include="..\..\..\BoyiaFramework\source\boyia\kernel\render\RenderThread.cpp">
      <Filter>boyia\kernel\render</Filter>
    </ClCompile>
    <ClCompile Include="..\..\..\BoyiaFramework\source\boyia\kernel\render\layer\RenderCommand.cpp">
      <Filter>boyia\kernel\render\layer</Filter>
    </ClCompile>
    <ClCompile Include="..\..\..\BoyiaFramework\source\boyia\kernel\render\layer\RenderLayer.cpp">
      <Filter>boyia\kernel\render\layer</Filter>
    </ClCompile>
    <ClCompile Include="..\..\..\BoyiaFramework\source\boyia\kernel\render\RenderGraphicsContext.cpp">
      <Filter>boyia\kernel\render</Filter>
    </ClCompile>
    <ClCompile Include="..\..\..\BoyiaFramework\source\boyia\kernel\platform\win\RenderEngineWin.cpp">
      <Filter>boyia\kernel\platform\win</Filter>
    </ClCompile>
    <ClCompile Include="..\..\..\BoyiaFramework\source\boyia\kernel\widget\VideoView.cpp">
      <Filter>boyia\porting</Filter>
    </ClCompile>
  </ItemGroup>
  <ItemGroup>
    <None Include="libboyia.def">
      <Filter>源文件</Filter>
    </None>
  </ItemGroup>
</Project>