<?xml version="1.0" encoding="utf-8"?>
<Project ToolsVersion="4.0" xmlns="http://schemas.microsoft.com/developer/msbuild/2003">
  <ItemGroup>
    <Filter Include="源文件">
      <UniqueIdentifier>{4FC737F1-C7A5-4376-A066-2A32D752A2FF}</UniqueIdentifier>
      <Extensions>cpp;c;cc;cxx;def;odl;idl;hpj;bat;asm;asmx</Extensions>
    </Filter>
    <Filter Include="头文件">
      <UniqueIdentifier>{93995380-89BD-4b04-88EB-625FBE52EBFB}</UniqueIdentifier>
      <Extensions>h;hh;hpp;hxx;hm;inl;inc;ipp;xsd</Extensions>
    </Filter>
    <Filter Include="资源文件">
      <UniqueIdentifier>{67DA6AB6-F800-4c08-8B7A-83BB121AAD01}</UniqueIdentifier>
      <Extensions>rc;ico;cur;bmp;dlg;rc2;rct;bin;rgs;gif;jpg;jpeg;jpe;resx;tiff;tif;png;wav;mfcribbon-ms</Extensions>
    </Filter>
    <Filter Include="boyia">
      <UniqueIdentifier>{9a5169da-bfc4-417c-9efc-92b4f266071d}</UniqueIdentifier>
    </Filter>
    <Filter Include="thirdparty">
      <UniqueIdentifier>{17182ae7-6ac2-4949-90d2-9ccd8e77622e}</UniqueIdentifier>
    </Filter>
    <Filter Include="thirdparty\tinyxml">
      <UniqueIdentifier>{cd670ec8-482b-479c-a1db-b0f8429eedd0}</UniqueIdentifier>
    </Filter>
    <Filter Include="thirdparty\cjson">
      <UniqueIdentifier>{aeeca333-c7a8-4844-93a4-ccec6ca64fd2}</UniqueIdentifier>
    </Filter>
    <Filter Include="boyia\thread">
      <UniqueIdentifier>{66399c33-88f7-4216-a180-84b1e03f74ac}</UniqueIdentifier>
    </Filter>
    <Filter Include="boyia\utils">
      <UniqueIdentifier>{86f83d76-087a-428e-ba6b-2cf1b973fe4f}</UniqueIdentifier>
    </Filter>
    <Filter Include="boyia\kernal">
      <UniqueIdentifier>{48e8fcf4-ab77-4576-84d5-d0f2c11d4ada}</UniqueIdentifier>
    </Filter>
    <Filter Include="boyia\kernal\util">
      <UniqueIdentifier>{8e22c792-7b4c-4d49-867d-8b282d7a6d6e}</UniqueIdentifier>
    </Filter>
    <Filter Include="boyia\kernal\vm">
      <UniqueIdentifier>{5e0c80b6-049c-4c63-855b-7c505b8f1d09}</UniqueIdentifier>
    </Filter>
    <Filter Include="boyia\kernal\vm\core">
      <UniqueIdentifier>{0302db5b-c842-4d04-92e5-826c251baa19}</UniqueIdentifier>
    </Filter>
    <Filter Include="boyia\kernal\vm\lib">
      <UniqueIdentifier>{58c7d58c-1b98-4884-baea-5e6ffa699c81}</UniqueIdentifier>
    </Filter>
    <Filter Include="boyia\kernal\vm\json">
      <UniqueIdentifier>{abe13715-6a84-4b63-88fb-bf89c77c7874}</UniqueIdentifier>
    </Filter>
    <Filter Include="boyia\kernal\vm\view">
      <UniqueIdentifier>{5ae1fec0-4cad-41bc-929c-03ae0733421b}</UniqueIdentifier>
    </Filter>
    <Filter Include="boyia\kernal\platform">
      <UniqueIdentifier>{0771b620-ba39-4731-90e2-5477815d0129}</UniqueIdentifier>
    </Filter>
    <Filter Include="boyia\kernal\view">
      <UniqueIdentifier>{b546c478-155a-40a8-b3d0-83ec509d3759}</UniqueIdentifier>
    </Filter>
    <Filter Include="boyia\kernal\app">
      <UniqueIdentifier>{c06f0a8c-8d16-46c7-9225-6a3464754ae9}</UniqueIdentifier>
    </Filter>
    <Filter Include="boyia\kernal\dom">
      <UniqueIdentifier>{36191ca4-d018-4826-9563-b4796c1e4635}</UniqueIdentifier>
    </Filter>
    <Filter Include="boyia\kernal\gui">
      <UniqueIdentifier>{e53897c5-7123-4c49-9253-cdc4f15612b4}</UniqueIdentifier>
    </Filter>
    <Filter Include="boyia\kernal\widget">
      <UniqueIdentifier>{c343e5fc-a185-4dcc-a1a8-bc74a3753297}</UniqueIdentifier>
    </Filter>
    <Filter Include="boyia\kernal\widget\flex">
      <UniqueIdentifier>{271c4c03-44e4-4daf-82e9-a255ea41c8be}</UniqueIdentifier>
    </Filter>
    <Filter Include="boyia\kernal\loader">
      <UniqueIdentifier>{283e274a-5ab3-4e4e-87d1-21f78650c043}</UniqueIdentifier>
    </Filter>
    <Filter Include="boyia\kernal\style">
      <UniqueIdentifier>{d97caba7-b102-4365-8cdb-83ec4c5a0152}</UniqueIdentifier>
    </Filter>
    <Filter Include="boyia\kernal\platform\arm">
      <UniqueIdentifier>{cdab3199-0f56-4543-b372-1ebc1b595d82}</UniqueIdentifier>
    </Filter>
    <Filter Include="boyia\kernal\platform\win">
      <UniqueIdentifier>{0621d51e-cbbd-49d2-9ad0-76f4f7a6bd47}</UniqueIdentifier>
    </Filter>
    <Filter Include="boyia\kernal\platform\graphics">
      <UniqueIdentifier>{19244e72-bfcb-4a72-a0bc-59a3e520adc6}</UniqueIdentifier>
    </Filter>
    <Filter Include="boyia\porting">
      <UniqueIdentifier>{27856d6d-9ef9-4414-8833-bfdfc198c332}</UniqueIdentifier>
    </Filter>
    <Filter Include="thirdparty\zip">
      <UniqueIdentifier>{bc2c6d21-14e2-42a0-a580-51d3524764ee}</UniqueIdentifier>
    </Filter>
    <Filter Include="thirdparty\zip\minizip">
      <UniqueIdentifier>{bdf2d0f3-eb84-47a2-900d-2bb625233766}</UniqueIdentifier>
    </Filter>
    <Filter Include="boyia\kernal\platform\zip">
      <UniqueIdentifier>{30be7a03-54b4-48a2-9f0c-31177e013d4f}</UniqueIdentifier>
    </Filter>
  </ItemGroup>
  <ItemGroup>
    <ClInclude Include="framework.h">
      <Filter>头文件</Filter>
    </ClInclude>
    <ClInclude Include="pch.h">
      <Filter>头文件</Filter>
    </ClInclude>
    <ClInclude Include="..\..\..\BoyiaFramework\source\thirdparty\tinyxml\TinyXml2.h">
      <Filter>thirdparty\tinyxml</Filter>
    </ClInclude>
    <ClInclude Include="..\..\..\BoyiaFramework\source\thirdparty\cjson\cJSON.h">
      <Filter>thirdparty\cjson</Filter>
    </ClInclude>
    <ClInclude Include="..\..\..\BoyiaFramework\source\boyia\thread\AutoLock.h">
      <Filter>boyia\thread</Filter>
    </ClInclude>
    <ClInclude Include="..\..\..\BoyiaFramework\source\boyia\thread\BaseThread.h">
      <Filter>boyia\thread</Filter>
    </ClInclude>
    <ClInclude Include="..\..\..\BoyiaFramework\source\boyia\thread\BlockQueue.h">
      <Filter>boyia\thread</Filter>
    </ClInclude>
    <ClInclude Include="..\..\..\BoyiaFramework\source\boyia\thread\MessageQueue.h">
      <Filter>boyia\thread</Filter>
    </ClInclude>
    <ClInclude Include="..\..\..\BoyiaFramework\source\boyia\thread\MessageThread.h">
      <Filter>boyia\thread</Filter>
    </ClInclude>
    <ClInclude Include="..\..\..\BoyiaFramework\source\boyia\thread\Mutex.h">
      <Filter>boyia\thread</Filter>
    </ClInclude>
    <ClInclude Include="..\..\..\BoyiaFramework\source\boyia\thread\StringBuilder.h">
      <Filter>boyia\thread</Filter>
    </ClInclude>
    <ClInclude Include="..\..\..\BoyiaFramework\source\boyia\thread\TaskBase.h">
      <Filter>boyia\thread</Filter>
    </ClInclude>
    <ClInclude Include="..\..\..\BoyiaFramework\source\boyia\thread\TaskThread.h">
      <Filter>boyia\thread</Filter>
    </ClInclude>
    <ClInclude Include="..\..\..\BoyiaFramework\source\boyia\thread\ThreadPool.h">
      <Filter>boyia\thread</Filter>
    </ClInclude>
    <ClInclude Include="..\..\..\BoyiaFramework\source\boyia\kernal\app\AppInfo.h">
      <Filter>boyia\kernal\app</Filter>
    </ClInclude>
    <ClInclude Include="..\..\..\BoyiaFramework\source\boyia\kernal\app\Application.h">
      <Filter>boyia\kernal\app</Filter>
    </ClInclude>
    <ClInclude Include="..\..\..\BoyiaFramework\source\boyia\kernal\app\AppManager.h">
      <Filter>boyia\kernal\app</Filter>
    </ClInclude>
    <ClInclude Include="..\..\..\BoyiaFramework\source\boyia\kernal\app\AppStack.h">
      <Filter>boyia\kernal\app</Filter>
    </ClInclude>
    <ClInclude Include="..\..\..\BoyiaFramework\source\boyia\kernal\app\AppVM.h">
      <Filter>boyia\kernal\app</Filter>
    </ClInclude>
    <ClInclude Include="..\..\..\BoyiaFramework\source\boyia\kernal\dom\DOMBuilder.h">
      <Filter>boyia\kernal\dom</Filter>
    </ClInclude>
    <ClInclude Include="..\..\..\BoyiaFramework\source\boyia\kernal\gui\LBaseView.h">
      <Filter>boyia\kernal\gui</Filter>
    </ClInclude>
    <ClInclude Include="..\..\..\BoyiaFramework\source\boyia\kernal\gui\LColor.h">
      <Filter>boyia\kernal\gui</Filter>
    </ClInclude>
    <ClInclude Include="..\..\..\BoyiaFramework\source\boyia\kernal\gui\LEvent.h">
      <Filter>boyia\kernal\gui</Filter>
    </ClInclude>
    <ClInclude Include="..\..\..\BoyiaFramework\source\boyia\kernal\gui\LGdi.h">
      <Filter>boyia\kernal\gui</Filter>
    </ClInclude>
    <ClInclude Include="..\..\..\BoyiaFramework\source\boyia\kernal\gui\LGraphic.h">
      <Filter>boyia\kernal\gui</Filter>
    </ClInclude>
    <ClInclude Include="..\..\..\BoyiaFramework\source\boyia\kernal\loader\AppLoader.h">
      <Filter>boyia\kernal\loader</Filter>
    </ClInclude>
    <ClInclude Include="..\..\..\BoyiaFramework\source\boyia\kernal\loader\NetworkBase.h">
      <Filter>boyia\kernal\loader</Filter>
    </ClInclude>
    <ClInclude Include="..\..\..\BoyiaFramework\source\boyia\kernal\loader\ResourceLoader.h">
      <Filter>boyia\kernal\loader</Filter>
    </ClInclude>
    <ClInclude Include="..\..\..\BoyiaFramework\source\boyia\kernal\platform\PlatformBridge.h">
      <Filter>boyia\kernal\platform</Filter>
    </ClInclude>
    <ClInclude Include="..\..\..\BoyiaFramework\source\boyia\kernal\platform\SalLog.h">
      <Filter>boyia\kernal\platform</Filter>
    </ClInclude>
    <ClInclude Include="..\..\..\BoyiaFramework\source\boyia\kernal\platform\arm\ArmFunction.h">
      <Filter>boyia\kernal\platform\arm</Filter>
    </ClInclude>
    <ClInclude Include="..\..\..\BoyiaFramework\source\boyia\kernal\platform\win\ImageWin.h">
      <Filter>boyia\kernal\platform\win</Filter>
    </ClInclude>
    <ClInclude Include="..\..\..\BoyiaFramework\source\boyia\kernal\platform\win\LoaderWin.h">
      <Filter>boyia\kernal\platform\win</Filter>
    </ClInclude>
    <ClInclude Include="..\..\..\BoyiaFramework\source\boyia\painter\utils\SystemUtil.h">
      <Filter>boyia\utils</Filter>
    </ClInclude>
    <ClInclude Include="..\..\..\BoyiaFramework\source\boyia\kernal\style\DoctreeNode.h">
      <Filter>boyia\kernal\style</Filter>
    </ClInclude>
    <ClInclude Include="..\..\..\BoyiaFramework\source\boyia\kernal\style\Style.h">
      <Filter>boyia\kernal\style</Filter>
    </ClInclude>
    <ClInclude Include="..\..\..\BoyiaFramework\source\boyia\kernal\style\StyleManager.h">
      <Filter>boyia\kernal\style</Filter>
    </ClInclude>
    <ClInclude Include="..\..\..\BoyiaFramework\source\boyia\kernal\style\StyleParser.h">
      <Filter>boyia\kernal\style</Filter>
    </ClInclude>
    <ClInclude Include="..\..\..\BoyiaFramework\source\boyia\kernal\style\StyleRule.h">
      <Filter>boyia\kernal\style</Filter>
    </ClInclude>
    <ClInclude Include="..\..\..\BoyiaFramework\source\boyia\kernal\style\StyleTags.h">
      <Filter>boyia\kernal\style</Filter>
    </ClInclude>
    <ClInclude Include="..\..\..\BoyiaFramework\source\boyia\kernal\util\BoyiaPtr.h">
      <Filter>boyia\kernal\util</Filter>
    </ClInclude>
    <ClInclude Include="..\..\..\BoyiaFramework\source\boyia\kernal\util\BoyiaRef.h">
      <Filter>boyia\kernal\util</Filter>
    </ClInclude>
    <ClInclude Include="..\..\..\BoyiaFramework\source\boyia\kernal\util\FileUtil.h">
      <Filter>boyia\kernal\util</Filter>
    </ClInclude>
    <ClInclude Include="..\..\..\BoyiaFramework\source\boyia\kernal\util\HashMap.h">
      <Filter>boyia\kernal\util</Filter>
    </ClInclude>
    <ClInclude Include="..\..\..\BoyiaFramework\source\boyia\kernal\util\IDCreator.h">
      <Filter>boyia\kernal\util</Filter>
    </ClInclude>
    <ClInclude Include="..\..\..\BoyiaFramework\source\boyia\kernal\util\IdentityMap.h">
      <Filter>boyia\kernal\util</Filter>
    </ClInclude>
    <ClInclude Include="..\..\..\BoyiaFramework\source\boyia\kernal\util\InputStream.h">
      <Filter>boyia\kernal\util</Filter>
    </ClInclude>
    <ClInclude Include="..\..\..\BoyiaFramework\source\boyia\kernal\util\KList.h">
      <Filter>boyia\kernal\util</Filter>
    </ClInclude>
    <ClInclude Include="..\..\..\BoyiaFramework\source\boyia\kernal\util\KListMap.h">
      <Filter>boyia\kernal\util</Filter>
    </ClInclude>
    <ClInclude Include="..\..\..\BoyiaFramework\source\boyia\kernal\util\KSet.h">
      <Filter>boyia\kernal\util</Filter>
    </ClInclude>
    <ClInclude Include="..\..\..\BoyiaFramework\source\boyia\kernal\util\KVector.h">
      <Filter>boyia\kernal\util</Filter>
    </ClInclude>
    <ClInclude Include="..\..\..\BoyiaFramework\source\boyia\kernal\util\OwnerPtr.h">
      <Filter>boyia\kernal\util</Filter>
    </ClInclude>
    <ClInclude Include="..\..\..\BoyiaFramework\source\boyia\kernal\util\PlatformLib.h">
      <Filter>boyia\kernal\util</Filter>
    </ClInclude>
    <ClInclude Include="..\..\..\BoyiaFramework\source\boyia\kernal\util\Stack.h">
      <Filter>boyia\kernal\util</Filter>
    </ClInclude>
    <ClInclude Include="..\..\..\BoyiaFramework\source\boyia\kernal\util\StringUtils.h">
      <Filter>boyia\kernal\util</Filter>
    </ClInclude>
    <ClInclude Include="..\..\..\BoyiaFramework\source\boyia\kernal\util\Utf8StreamReader.h">
      <Filter>boyia\kernal\util</Filter>
    </ClInclude>
    <ClInclude Include="..\..\..\BoyiaFramework\source\boyia\kernal\util\UtilString.h">
      <Filter>boyia\kernal\util</Filter>
    </ClInclude>
    <ClInclude Include="..\..\..\BoyiaFramework\source\boyia\kernal\view\UIOperation.h">
      <Filter>boyia\kernal\view</Filter>
    </ClInclude>
    <ClInclude Include="..\..\..\BoyiaFramework\source\boyia\kernal\view\UIThread.h">
      <Filter>boyia\kernal\view</Filter>
    </ClInclude>
    <ClInclude Include="..\..\..\BoyiaFramework\source\boyia\kernal\view\UIThreadClientMap.h">
      <Filter>boyia\kernal\view</Filter>
    </ClInclude>
    <ClInclude Include="..\..\..\BoyiaFramework\source\boyia\kernal\view\UIView.h">
      <Filter>boyia\kernal\view</Filter>
    </ClInclude>
    <ClInclude Include="..\..\..\BoyiaFramework\source\boyia\kernal\view\UIViewController.h">
      <Filter>boyia\kernal\view</Filter>
    </ClInclude>
    <ClInclude Include="..\..\..\BoyiaFramework\source\boyia\kernal\vm\core\BoyiaCore.h">
      <Filter>boyia\kernal\vm\core</Filter>
    </ClInclude>
    <ClInclude Include="..\..\..\BoyiaFramework\source\boyia\kernal\vm\core\BoyiaError.h">
      <Filter>boyia\kernal\vm\core</Filter>
    </ClInclude>
    <ClInclude Include="..\..\..\BoyiaFramework\source\boyia\kernal\vm\core\BoyiaMemory.h">
      <Filter>boyia\kernal\vm\core</Filter>
    </ClInclude>
    <ClInclude Include="..\..\..\BoyiaFramework\source\boyia\kernal\vm\core\BoyiaValue.h">
      <Filter>boyia\kernal\vm\core</Filter>
    </ClInclude>
    <ClInclude Include="..\..\..\BoyiaFramework\source\boyia\kernal\vm\json\JSONParser.h">
      <Filter>boyia\kernal\vm\json</Filter>
    </ClInclude>
    <ClInclude Include="..\..\..\BoyiaFramework\source\boyia\kernal\vm\lib\BoyiaLib.h">
      <Filter>boyia\kernal\vm\lib</Filter>
    </ClInclude>
    <ClInclude Include="..\..\..\BoyiaFramework\source\boyia\kernal\vm\view\BoyiaBase.h">
      <Filter>boyia\kernal\vm\view</Filter>
    </ClInclude>
    <ClInclude Include="..\..\..\BoyiaFramework\source\boyia\kernal\vm\view\BoyiaEventHandler.h">
      <Filter>boyia\kernal\vm\view</Filter>
    </ClInclude>
    <ClInclude Include="..\..\..\BoyiaFramework\source\boyia\kernal\vm\view\BoyiaImageView.h">
      <Filter>boyia\kernal\vm\view</Filter>
    </ClInclude>
    <ClInclude Include="..\..\..\BoyiaFramework\source\boyia\kernal\vm\view\BoyiaInputView.h">
      <Filter>boyia\kernal\vm\view</Filter>
    </ClInclude>
    <ClInclude Include="..\..\..\BoyiaFramework\source\boyia\kernal\vm\view\BoyiaNetwork.h">
      <Filter>boyia\kernal\vm\view</Filter>
    </ClInclude>
    <ClInclude Include="..\..\..\BoyiaFramework\source\boyia\kernal\vm\view\BoyiaView.h">
      <Filter>boyia\kernal\vm\view</Filter>
    </ClInclude>
    <ClInclude Include="..\..\..\BoyiaFramework\source\boyia\kernal\vm\view\BoyiaViewDoc.h">
      <Filter>boyia\kernal\vm\view</Filter>
    </ClInclude>
    <ClInclude Include="..\..\..\BoyiaFramework\source\boyia\kernal\vm\view\BoyiaViewGroup.h">
      <Filter>boyia\kernal\vm\view</Filter>
    </ClInclude>
    <ClInclude Include="..\..\..\BoyiaFramework\source\boyia\kernal\widget\flex\FlexLayout.h">
      <Filter>boyia\kernal\widget\flex</Filter>
    </ClInclude>
    <ClInclude Include="..\..\..\BoyiaFramework\source\boyia\kernal\widget\BlockView.h">
      <Filter>boyia\kernal\widget</Filter>
    </ClInclude>
    <ClInclude Include="..\..\..\BoyiaFramework\source\boyia\kernal\widget\FormView.h">
      <Filter>boyia\kernal\widget</Filter>
    </ClInclude>
    <ClInclude Include="..\..\..\BoyiaFramework\source\boyia\kernal\widget\HtmlDocument.h">
      <Filter>boyia\kernal\widget</Filter>
    </ClInclude>
    <ClInclude Include="..\..\..\BoyiaFramework\source\boyia\kernal\widget\HtmlForm.h">
      <Filter>boyia\kernal\widget</Filter>
    </ClInclude>
    <ClInclude Include="..\..\..\BoyiaFramework\source\boyia\kernal\widget\HtmlRenderer.h">
      <Filter>boyia\kernal\widget</Filter>
    </ClInclude>
    <ClInclude Include="..\..\..\BoyiaFramework\source\boyia\kernal\widget\HtmlTags.h">
      <Filter>boyia\kernal\widget</Filter>
    </ClInclude>
    <ClInclude Include="..\..\..\BoyiaFramework\source\boyia\kernal\widget\HtmlView.h">
      <Filter>boyia\kernal\widget</Filter>
    </ClInclude>
    <ClInclude Include="..\..\..\BoyiaFramework\source\boyia\kernal\widget\IHtmlForm.h">
      <Filter>boyia\kernal\widget</Filter>
    </ClInclude>
    <ClInclude Include="..\..\..\BoyiaFramework\source\boyia\kernal\widget\ImageView.h">
      <Filter>boyia\kernal\widget</Filter>
    </ClInclude>
    <ClInclude Include="..\..\..\BoyiaFramework\source\boyia\kernal\widget\InlineView.h">
      <Filter>boyia\kernal\widget</Filter>
    </ClInclude>
    <ClInclude Include="..\..\..\BoyiaFramework\source\boyia\kernal\widget\InputView.h">
      <Filter>boyia\kernal\widget</Filter>
    </ClInclude>
    <ClInclude Include="..\..\..\BoyiaFramework\source\boyia\kernal\widget\IViewListener.h">
      <Filter>boyia\kernal\widget</Filter>
    </ClInclude>
    <ClInclude Include="..\..\..\BoyiaFramework\source\boyia\kernal\widget\LinkView.h">
      <Filter>boyia\kernal\widget</Filter>
    </ClInclude>
    <ClInclude Include="..\..\..\BoyiaFramework\source\boyia\kernal\widget\RenderContext.h">
      <Filter>boyia\kernal\widget</Filter>
    </ClInclude>
    <ClInclude Include="..\..\..\BoyiaFramework\source\boyia\kernal\widget\TextView.h">
      <Filter>boyia\kernal\widget</Filter>
    </ClInclude>
    <ClInclude Include="..\..\..\BoyiaFramework\source\boyia\kernal\widget\VideoView.h">
      <Filter>boyia\kernal\widget</Filter>
    </ClInclude>
    <ClInclude Include="..\..\..\BoyiaFramework\source\boyia\kernal\platform\win\CharConvertor.h">
      <Filter>boyia\kernal\platform\win</Filter>
    </ClInclude>
    <ClInclude Include="..\..\..\BoyiaFramework\source\boyia\kernal\platform\win\UrlParser.h">
      <Filter>boyia\kernal\platform\win</Filter>
    </ClInclude>
    <ClInclude Include="..\..\..\BoyiaFramework\source\boyia\kernal\platform\win\GraphicsContextWin.h">
      <Filter>boyia\kernal\platform\win</Filter>
    </ClInclude>
    <ClInclude Include="..\..\..\BoyiaFramework\source\boyia\kernal\platform\graphics\Animation.h">
      <Filter>boyia\kernal\platform\graphics</Filter>
    </ClInclude>
    <ClInclude Include="..\..\..\BoyiaFramework\source\boyia\kernal\platform\win\BoyiaHttpEngine.h">
      <Filter>boyia\kernal\platform\win</Filter>
    </ClInclude>
    <ClInclude Include="..\..\..\BoyiaFramework\source\boyia\porting\win\BoyiaOnLoadWin.h">
      <Filter>boyia\porting</Filter>
    </ClInclude>
    <ClInclude Include="..\..\..\BoyiaFramework\source\boyia\kernal\platform\win\PaintCommandAllocator.h">
      <Filter>boyia\kernal\platform\win</Filter>
    </ClInclude>
    <ClInclude Include="..\..\..\BoyiaFramework\source\boyia\kernal\platform\win\ImageLoader.h">
      <Filter>boyia\kernal\platform\win</Filter>
    </ClInclude>
    <ClInclude Include="..\..\..\BoyiaFramework\source\thirdparty\zip\crc32.h">
      <Filter>thirdparty\zip</Filter>
    </ClInclude>
    <ClInclude Include="..\..\..\BoyiaFramework\source\thirdparty\zip\deflate.h">
      <Filter>thirdparty\zip</Filter>
    </ClInclude>
    <ClInclude Include="..\..\..\BoyiaFramework\source\thirdparty\zip\gzguts.h">
      <Filter>thirdparty\zip</Filter>
    </ClInclude>
    <ClInclude Include="..\..\..\BoyiaFramework\source\thirdparty\zip\inffast.h">
      <Filter>thirdparty\zip</Filter>
    </ClInclude>
    <ClInclude Include="..\..\..\BoyiaFramework\source\thirdparty\zip\inffixed.h">
      <Filter>thirdparty\zip</Filter>
    </ClInclude>
    <ClInclude Include="..\..\..\BoyiaFramework\source\thirdparty\zip\inflate.h">
      <Filter>thirdparty\zip</Filter>
    </ClInclude>
    <ClInclude Include="..\..\..\BoyiaFramework\source\thirdparty\zip\inftrees.h">
      <Filter>thirdparty\zip</Filter>
    </ClInclude>
    <ClInclude Include="..\..\..\BoyiaFramework\source\thirdparty\zip\trees.h">
      <Filter>thirdparty\zip</Filter>
    </ClInclude>
    <ClInclude Include="..\..\..\BoyiaFramework\source\thirdparty\zip\zconf.h">
      <Filter>thirdparty\zip</Filter>
    </ClInclude>
    <ClInclude Include="..\..\..\BoyiaFramework\source\thirdparty\zip\zlib.h">
      <Filter>thirdparty\zip</Filter>
    </ClInclude>
    <ClInclude Include="..\..\..\BoyiaFramework\source\thirdparty\zip\zutil.h">
      <Filter>thirdparty\zip</Filter>
    </ClInclude>
    <ClInclude Include="..\..\..\BoyiaFramework\source\thirdparty\zip\minizip\crypt.h">
      <Filter>thirdparty\zip\minizip</Filter>
    </ClInclude>
    <ClInclude Include="..\..\..\BoyiaFramework\source\thirdparty\zip\minizip\ioapi.h">
      <Filter>thirdparty\zip\minizip</Filter>
    </ClInclude>
    <ClInclude Include="..\..\..\BoyiaFramework\source\thirdparty\zip\minizip\unzip.h">
      <Filter>thirdparty\zip\minizip</Filter>
    </ClInclude>
    <ClInclude Include="..\..\..\BoyiaFramework\source\thirdparty\zip\minizip\zip.h">
      <Filter>thirdparty\zip\minizip</Filter>
    </ClInclude>
    <ClInclude Include="..\..\..\BoyiaFramework\source\boyia\kernal\platform\zip\ZipEntry.h">
      <Filter>boyia\kernal\platform\zip</Filter>
    </ClInclude>
  </ItemGroup>
  <ItemGroup>
    <ClCompile Include="dllmain.cpp">
      <Filter>源文件</Filter>
    </ClCompile>
    <ClCompile Include="pch.cpp">
      <Filter>源文件</Filter>
    </ClCompile>
    <ClCompile Include="..\..\..\BoyiaFramework\source\thirdparty\tinyxml\TinyXml2.cpp">
      <Filter>thirdparty\tinyxml</Filter>
    </ClCompile>
    <ClCompile Include="..\..\..\BoyiaFramework\source\thirdparty\cjson\cJSON.c">
      <Filter>thirdparty\cjson</Filter>
    </ClCompile>
    <ClCompile Include="..\..\..\BoyiaFramework\source\boyia\thread\BlockQueue.cpp">
      <Filter>boyia\thread</Filter>
    </ClCompile>
    <ClCompile Include="..\..\..\BoyiaFramework\source\boyia\thread\MessageQueue.cpp">
      <Filter>boyia\thread</Filter>
    </ClCompile>
    <ClCompile Include="..\..\..\BoyiaFramework\source\boyia\thread\MessageThread.cpp">
      <Filter>boyia\thread</Filter>
    </ClCompile>
    <ClCompile Include="..\..\..\BoyiaFramework\source\boyia\thread\StringBuilder.cpp">
      <Filter>boyia\thread</Filter>
    </ClCompile>
    <ClCompile Include="..\..\..\BoyiaFramework\source\boyia\thread\TaskBase.cpp">
      <Filter>boyia\thread</Filter>
    </ClCompile>
    <ClCompile Include="..\..\..\BoyiaFramework\source\boyia\thread\TaskThread.cpp">
      <Filter>boyia\thread</Filter>
    </ClCompile>
    <ClCompile Include="..\..\..\BoyiaFramework\source\boyia\thread\ThreadPool.cpp">
      <Filter>boyia\thread</Filter>
    </ClCompile>
    <ClCompile Include="..\..\..\BoyiaFramework\source\boyia\kernal\app\AppInfo.cpp">
      <Filter>boyia\kernal\app</Filter>
    </ClCompile>
    <ClCompile Include="..\..\..\BoyiaFramework\source\boyia\kernal\app\Application.cpp">
      <Filter>boyia\kernal\app</Filter>
    </ClCompile>
    <ClCompile Include="..\..\..\BoyiaFramework\source\boyia\kernal\app\AppManager.cpp">
      <Filter>boyia\kernal\app</Filter>
    </ClCompile>
    <ClCompile Include="..\..\..\BoyiaFramework\source\boyia\kernal\app\AppStack.cpp">
      <Filter>boyia\kernal\app</Filter>
    </ClCompile>
    <ClCompile Include="..\..\..\BoyiaFramework\source\boyia\kernal\app\AppVM.cpp">
      <Filter>boyia\kernal\app</Filter>
    </ClCompile>
    <ClCompile Include="..\..\..\BoyiaFramework\source\boyia\kernal\dom\DOMBuilder.cpp">
      <Filter>boyia\kernal\dom</Filter>
    </ClCompile>
    <ClCompile Include="..\..\..\BoyiaFramework\source\boyia\kernal\gui\LBaseView.cpp">
      <Filter>boyia\kernal\gui</Filter>
    </ClCompile>
    <ClCompile Include="..\..\..\BoyiaFramework\source\boyia\kernal\gui\LColor.cpp">
      <Filter>boyia\kernal\gui</Filter>
    </ClCompile>
    <ClCompile Include="..\..\..\BoyiaFramework\source\boyia\kernal\loader\AppLoader.cpp">
      <Filter>boyia\kernal\loader</Filter>
    </ClCompile>
    <ClCompile Include="..\..\..\BoyiaFramework\source\boyia\kernal\loader\ResourceLoader.cpp">
      <Filter>boyia\kernal\loader</Filter>
    </ClCompile>
    <ClCompile Include="..\..\..\BoyiaFramework\source\boyia\kernal\platform\arm\ArmFunction.cpp">
      <Filter>boyia\kernal\platform\arm</Filter>
    </ClCompile>
    <ClCompile Include="..\..\..\BoyiaFramework\source\boyia\kernal\platform\win\BaseThreadWin.cpp">
      <Filter>boyia\kernal\platform\win</Filter>
    </ClCompile>
    <ClCompile Include="..\..\..\BoyiaFramework\source\boyia\kernal\platform\win\ImageWin.cpp">
      <Filter>boyia\kernal\platform\win</Filter>
    </ClCompile>
    <ClCompile Include="..\..\..\BoyiaFramework\source\boyia\kernal\platform\win\LoaderWin.cpp">
      <Filter>boyia\kernal\platform\win</Filter>
    </ClCompile>
    <ClCompile Include="..\..\..\BoyiaFramework\source\boyia\kernal\platform\win\MutexWin.cpp">
      <Filter>boyia\kernal\platform\win</Filter>
    </ClCompile>
    <ClCompile Include="..\..\..\BoyiaFramework\source\boyia\painter\utils\SystemUtil.cpp">
      <Filter>boyia\utils</Filter>
    </ClCompile>
    <ClCompile Include="..\..\..\BoyiaFramework\source\boyia\kernal\style\DoctreeNode.cpp">
      <Filter>boyia\kernal\style</Filter>
    </ClCompile>
    <ClCompile Include="..\..\..\BoyiaFramework\source\boyia\kernal\style\Style.cpp">
      <Filter>boyia\kernal\style</Filter>
    </ClCompile>
    <ClCompile Include="..\..\..\BoyiaFramework\source\boyia\kernal\style\StyleManager.cpp">
      <Filter>boyia\kernal\style</Filter>
    </ClCompile>
    <ClCompile Include="..\..\..\BoyiaFramework\source\boyia\kernal\style\StyleParser.cpp">
      <Filter>boyia\kernal\style</Filter>
    </ClCompile>
    <ClCompile Include="..\..\..\BoyiaFramework\source\boyia\kernal\style\StyleRule.cpp">
      <Filter>boyia\kernal\style</Filter>
    </ClCompile>
    <ClCompile Include="..\..\..\BoyiaFramework\source\boyia\kernal\style\StyleTags.cpp">
      <Filter>boyia\kernal\style</Filter>
    </ClCompile>
    <ClCompile Include="..\..\..\BoyiaFramework\source\boyia\kernal\util\BoyiaRef.cpp">
      <Filter>boyia\kernal\util</Filter>
    </ClCompile>
    <ClCompile Include="..\..\..\BoyiaFramework\source\boyia\kernal\util\FileUtil.cpp">
      <Filter>boyia\kernal\util</Filter>
    </ClCompile>
    <ClCompile Include="..\..\..\BoyiaFramework\source\boyia\kernal\util\IDCreator.cpp">
      <Filter>boyia\kernal\util</Filter>
    </ClCompile>
    <ClCompile Include="..\..\..\BoyiaFramework\source\boyia\kernal\util\IdentityMap.cpp">
      <Filter>boyia\kernal\util</Filter>
    </ClCompile>
    <ClCompile Include="..\..\..\BoyiaFramework\source\boyia\kernal\util\InputStream.cpp">
      <Filter>boyia\kernal\util</Filter>
    </ClCompile>
    <ClCompile Include="..\..\..\BoyiaFramework\source\boyia\kernal\util\PlatformLib.cpp">
      <Filter>boyia\kernal\util</Filter>
    </ClCompile>
    <ClCompile Include="..\..\..\BoyiaFramework\source\boyia\kernal\util\StringUtils.cpp">
      <Filter>boyia\kernal\util</Filter>
    </ClCompile>
    <ClCompile Include="..\..\..\BoyiaFramework\source\boyia\kernal\util\Utf8StreamReader.cpp">
      <Filter>boyia\kernal\util</Filter>
    </ClCompile>
    <ClCompile Include="..\..\..\BoyiaFramework\source\boyia\kernal\view\UIOperation.cpp">
      <Filter>boyia\kernal\view</Filter>
    </ClCompile>
    <ClCompile Include="..\..\..\BoyiaFramework\source\boyia\kernal\view\UIThread.cpp">
      <Filter>boyia\kernal\view</Filter>
    </ClCompile>
    <ClCompile Include="..\..\..\BoyiaFramework\source\boyia\kernal\view\UIThreadClientMap.cpp">
      <Filter>boyia\kernal\view</Filter>
    </ClCompile>
    <ClCompile Include="..\..\..\BoyiaFramework\source\boyia\kernal\view\UIView.cpp">
      <Filter>boyia\kernal\view</Filter>
    </ClCompile>
    <ClCompile Include="..\..\..\BoyiaFramework\source\boyia\kernal\view\UIViewController.cpp">
      <Filter>boyia\kernal\view</Filter>
    </ClCompile>
    <ClCompile Include="..\..\..\BoyiaFramework\source\boyia\kernal\vm\core\BoyiaCore.cpp">
      <Filter>boyia\kernal\vm\core</Filter>
    </ClCompile>
    <ClCompile Include="..\..\..\BoyiaFramework\source\boyia\kernal\vm\core\BoyiaError.cpp">
      <Filter>boyia\kernal\vm\core</Filter>
    </ClCompile>
    <ClCompile Include="..\..\..\BoyiaFramework\source\boyia\kernal\vm\core\BoyiaGC.cpp">
      <Filter>boyia\kernal\vm\core</Filter>
    </ClCompile>
    <ClCompile Include="..\..\..\BoyiaFramework\source\boyia\kernal\vm\core\BoyiaMemory.cpp">
      <Filter>boyia\kernal\vm\core</Filter>
    </ClCompile>
    <ClCompile Include="..\..\..\BoyiaFramework\source\boyia\kernal\vm\core\BoyiaValue.cpp">
      <Filter>boyia\kernal\vm\core</Filter>
    </ClCompile>
    <ClCompile Include="..\..\..\BoyiaFramework\source\boyia\kernal\vm\json\JSONParser.cpp">
      <Filter>boyia\kernal\vm\json</Filter>
    </ClCompile>
    <ClCompile Include="..\..\..\BoyiaFramework\source\boyia\kernal\vm\lib\BoyiaLib.cpp">
      <Filter>boyia\kernal\vm\lib</Filter>
    </ClCompile>
    <ClCompile Include="..\..\..\BoyiaFramework\source\boyia\kernal\vm\view\BoyiaBase.cpp">
      <Filter>boyia\kernal\vm\view</Filter>
    </ClCompile>
    <ClCompile Include="..\..\..\BoyiaFramework\source\boyia\kernal\vm\view\BoyiaBindings.cpp">
      <Filter>boyia\kernal\vm\view</Filter>
    </ClCompile>
    <ClCompile Include="..\..\..\BoyiaFramework\source\boyia\kernal\vm\view\BoyiaEventHandler.cpp">
      <Filter>boyia\kernal\vm\view</Filter>
    </ClCompile>
    <ClCompile Include="..\..\..\BoyiaFramework\source\boyia\kernal\vm\view\BoyiaImageView.cpp">
      <Filter>boyia\kernal\vm\view</Filter>
    </ClCompile>
    <ClCompile Include="..\..\..\BoyiaFramework\source\boyia\kernal\vm\view\BoyiaInputView.cpp">
      <Filter>boyia\kernal\vm\view</Filter>
    </ClCompile>
    <ClCompile Include="..\..\..\BoyiaFramework\source\boyia\kernal\vm\view\BoyiaNetwork.cpp">
      <Filter>boyia\kernal\vm\view</Filter>
    </ClCompile>
    <ClCompile Include="..\..\..\BoyiaFramework\source\boyia\kernal\vm\view\BoyiaView.cpp">
      <Filter>boyia\kernal\vm\view</Filter>
    </ClCompile>
    <ClCompile Include="..\..\..\BoyiaFramework\source\boyia\kernal\vm\view\BoyiaViewDoc.cpp">
      <Filter>boyia\kernal\vm\view</Filter>
    </ClCompile>
    <ClCompile Include="..\..\..\BoyiaFramework\source\boyia\kernal\vm\view\BoyiaViewGroup.cpp">
      <Filter>boyia\kernal\vm\view</Filter>
    </ClCompile>
    <ClCompile Include="..\..\..\BoyiaFramework\source\boyia\kernal\widget\flex\FlexLayout.cpp">
      <Filter>boyia\kernal\widget\flex</Filter>
    </ClCompile>
    <ClCompile Include="..\..\..\BoyiaFramework\source\boyia\kernal\widget\BlockView.cpp">
      <Filter>boyia\kernal\widget</Filter>
    </ClCompile>
    <ClCompile Include="..\..\..\BoyiaFramework\source\boyia\kernal\widget\FormView.cpp">
      <Filter>boyia\kernal\widget</Filter>
    </ClCompile>
    <ClCompile Include="..\..\..\BoyiaFramework\source\boyia\kernal\widget\HtmlDocument.cpp">
      <Filter>boyia\kernal\widget</Filter>
    </ClCompile>
    <ClCompile Include="..\..\..\BoyiaFramework\source\boyia\kernal\widget\HtmlForm.cpp">
      <Filter>boyia\kernal\widget</Filter>
    </ClCompile>
    <ClCompile Include="..\..\..\BoyiaFramework\source\boyia\kernal\widget\HtmlRenderer.cpp">
      <Filter>boyia\kernal\widget</Filter>
    </ClCompile>
    <ClCompile Include="..\..\..\BoyiaFramework\source\boyia\kernal\widget\HtmlTags.cpp">
      <Filter>boyia\kernal\widget</Filter>
    </ClCompile>
    <ClCompile Include="..\..\..\BoyiaFramework\source\boyia\kernal\widget\HtmlView.cpp">
      <Filter>boyia\kernal\widget</Filter>
    </ClCompile>
    <ClCompile Include="..\..\..\BoyiaFramework\source\boyia\kernal\widget\ImageView.cpp">
      <Filter>boyia\kernal\widget</Filter>
    </ClCompile>
    <ClCompile Include="..\..\..\BoyiaFramework\source\boyia\kernal\widget\InlineView.cpp">
      <Filter>boyia\kernal\widget</Filter>
    </ClCompile>
    <ClCompile Include="..\..\..\BoyiaFramework\source\boyia\kernal\widget\InputView.cpp">
      <Filter>boyia\kernal\widget</Filter>
    </ClCompile>
    <ClCompile Include="..\..\..\BoyiaFramework\source\boyia\kernal\widget\LinkView.cpp">
      <Filter>boyia\kernal\widget</Filter>
    </ClCompile>
    <ClCompile Include="..\..\..\BoyiaFramework\source\boyia\kernal\widget\RenderContext.cpp">
      <Filter>boyia\kernal\widget</Filter>
    </ClCompile>
    <ClCompile Include="..\..\..\BoyiaFramework\source\boyia\kernal\widget\TextView.cpp">
      <Filter>boyia\kernal\widget</Filter>
    </ClCompile>
    <ClCompile Include="..\..\..\BoyiaFramework\source\boyia\kernal\widget\VideoView.cpp">
      <Filter>boyia\kernal\widget</Filter>
    </ClCompile>
    <ClCompile Include="..\..\..\BoyiaFramework\source\boyia\kernal\platform\win\CharConvertor.cpp">
      <Filter>boyia\kernal\platform\win</Filter>
    </ClCompile>
    <ClCompile Include="..\..\..\BoyiaFramework\source\boyia\kernal\platform\win\UrlParser.cpp">
      <Filter>boyia\kernal\platform\win</Filter>
    </ClCompile>
    <ClCompile Include="..\..\..\BoyiaFramework\source\boyia\kernal\platform\win\GraphicsContextWin.cpp">
      <Filter>boyia\kernal\platform\win</Filter>
    </ClCompile>
    <ClCompile Include="..\..\..\BoyiaFramework\source\boyia\kernal\platform\graphics\Animation.cpp">
      <Filter>boyia\kernal\platform\graphics</Filter>
    </ClCompile>
    <ClCompile Include="..\..\..\BoyiaFramework\source\boyia\kernal\platform\win\PlatformBridgeWin.cpp">
      <Filter>boyia\kernal\platform\win</Filter>
    </ClCompile>
    <ClCompile Include="..\..\..\BoyiaFramework\source\boyia\kernal\platform\win\EditorWin.cpp">
      <Filter>boyia\kernal\platform\win</Filter>
    </ClCompile>
    <ClCompile Include="..\..\..\BoyiaFramework\source\boyia\kernal\platform\win\FontWin.cpp">
      <Filter>boyia\kernal\platform\win</Filter>
    </ClCompile>
    <ClCompile Include="..\..\..\BoyiaFramework\source\boyia\kernal\platform\win\MediaPlayerWin.cpp">
      <Filter>boyia\kernal\platform\win</Filter>
    </ClCompile>
    <ClCompile Include="..\..\..\BoyiaFramework\source\boyia\kernal\platform\win\BoyiaHttpEngine.cpp">
      <Filter>boyia\kernal\platform\win</Filter>
    </ClCompile>
    <ClCompile Include="..\..\..\BoyiaFramework\source\boyia\porting\win\BoyiaOnLoadWin.cpp">
      <Filter>boyia\porting</Filter>
    </ClCompile>
    <ClCompile Include="..\..\..\BoyiaFramework\source\boyia\kernal\platform\win\PaintCommandAllocator.cpp">
      <Filter>boyia\kernal\platform\win</Filter>
    </ClCompile>
    <ClCompile Include="..\..\..\BoyiaFramework\source\boyia\kernal\platform\win\ImageLoader.cpp">
      <Filter>boyia\kernal\platform\win</Filter>
    </ClCompile>
    <ClCompile Include="..\..\..\BoyiaFramework\source\thirdparty\zip\adler32.c">
      <Filter>thirdparty\zip</Filter>
    </ClCompile>
    <ClCompile Include="..\..\..\BoyiaFramework\source\thirdparty\zip\compress.c">
      <Filter>thirdparty\zip</Filter>
    </ClCompile>
    <ClCompile Include="..\..\..\BoyiaFramework\source\thirdparty\zip\crc32.c">
      <Filter>thirdparty\zip</Filter>
    </ClCompile>
    <ClCompile Include="..\..\..\BoyiaFramework\source\thirdparty\zip\deflate.c">
      <Filter>thirdparty\zip</Filter>
    </ClCompile>
    <ClCompile Include="..\..\..\BoyiaFramework\source\thirdparty\zip\gzclose.c">
      <Filter>thirdparty\zip</Filter>
    </ClCompile>
    <ClCompile Include="..\..\..\BoyiaFramework\source\thirdparty\zip\gzlib.c">
      <Filter>thirdparty\zip</Filter>
    </ClCompile>
    <ClCompile Include="..\..\..\BoyiaFramework\source\thirdparty\zip\gzread.c">
      <Filter>thirdparty\zip</Filter>
    </ClCompile>
    <ClCompile Include="..\..\..\BoyiaFramework\source\thirdparty\zip\gzwrite.c">
      <Filter>thirdparty\zip</Filter>
    </ClCompile>
    <ClCompile Include="..\..\..\BoyiaFramework\source\thirdparty\zip\infback.c">
      <Filter>thirdparty\zip</Filter>
    </ClCompile>
    <ClCompile Include="..\..\..\BoyiaFramework\source\thirdparty\zip\inffast.c">
      <Filter>thirdparty\zip</Filter>
    </ClCompile>
    <ClCompile Include="..\..\..\BoyiaFramework\source\thirdparty\zip\inflate.c">
      <Filter>thirdparty\zip</Filter>
    </ClCompile>
    <ClCompile Include="..\..\..\BoyiaFramework\source\thirdparty\zip\inftrees.c">
      <Filter>thirdparty\zip</Filter>
    </ClCompile>
    <ClCompile Include="..\..\..\BoyiaFramework\source\thirdparty\zip\trees.c">
      <Filter>thirdparty\zip</Filter>
    </ClCompile>
    <ClCompile Include="..\..\..\BoyiaFramework\source\thirdparty\zip\uncompr.c">
      <Filter>thirdparty\zip</Filter>
    </ClCompile>
    <ClCompile Include="..\..\..\BoyiaFramework\source\thirdparty\zip\zutil.c">
      <Filter>thirdparty\zip</Filter>
    </ClCompile>
    <ClCompile Include="..\..\..\BoyiaFramework\source\thirdparty\zip\minizip\ioapi.c">
      <Filter>thirdparty\zip\minizip</Filter>
    </ClCompile>
    <ClCompile Include="..\..\..\BoyiaFramework\source\thirdparty\zip\minizip\unzip.c">
      <Filter>thirdparty\zip\minizip</Filter>
    </ClCompile>
    <ClCompile Include="..\..\..\BoyiaFramework\source\thirdparty\zip\minizip\zip.c">
      <Filter>thirdparty\zip\minizip</Filter>
    </ClCompile>
    <ClCompile Include="..\..\..\BoyiaFramework\source\boyia\kernal\platform\zip\ZipEntry.cpp">
      <Filter>boyia\kernal\platform\zip</Filter>
    </ClCompile>
  </ItemGroup>
  <ItemGroup>
    <None Include="libboyia.def">
      <Filter>源文件</Filter>
    </None>
  </ItemGroup>
</Project>