// !$*UTF8*$!
{
	archiveVersion = 1;
	classes = {
	};
	objectVersion = 50;
	objects = {

/* Begin PBXBuildFile section */
		4C1491012832286E004E0E50 /* HttpUtil.swift in Sources */ = {isa = PBXBuildFile; fileRef = 4C1491002832286E004E0E50 /* HttpUtil.swift */; };
		4C1B7BA0282A5EDA00AF3208 /* libsqlite3.0.tbd in Frameworks */ = {isa = PBXBuildFile; fileRef = 4C1B7B9F282A5EDA00AF3208 /* libsqlite3.0.tbd */; };
		4C1B7BA2282A5F2000AF3208 /* SqlHelper.swift in Sources */ = {isa = PBXBuildFile; fileRef = 4C1B7BA1282A5F2000AF3208 /* SqlHelper.swift */; };
		4C1B7BA4282A8FF900AF3208 /* BaseType.swift in Sources */ = {isa = PBXBuildFile; fileRef = 4C1B7BA3282A8FF900AF3208 /* BaseType.swift */; };
		4C1B7BA6282CB15600AF3208 /* Permission.swift in Sources */ = {isa = PBXBuildFile; fileRef = 4C1B7BA5282CB15500AF3208 /* Permission.swift */; };
		4C1B7BAA282CE04100AF3208 /* CoreLocation.framework in Frameworks */ = {isa = PBXBuildFile; fileRef = 4C1B7BA9282CE04100AF3208 /* CoreLocation.framework */; };
		4C1B7BAC282CE7F800AF3208 /* BoyiaDownloadMask.swift in Sources */ = {isa = PBXBuildFile; fileRef = 4C1B7BAB282CE7F800AF3208 /* BoyiaDownloadMask.swift */; };
		4C1B7BAE282CF02A00AF3208 /* BoyiaAppItemView.swift in Sources */ = {isa = PBXBuildFile; fileRef = 4C1B7BAD282CF02A00AF3208 /* BoyiaAppItemView.swift */; };
		4C1B7BB0282D206800AF3208 /* BoyiaSettingMenu.swift in Sources */ = {isa = PBXBuildFile; fileRef = 4C1B7BAF282D206800AF3208 /* BoyiaSettingMenu.swift */; };
		4C4CA5FB2735301500C8622F /* core.framework in CopyFiles */ = {isa = PBXBuildFile; fileRef = 4C7AE81026CF83D000946197 /* core.framework */; settings = {ATTRIBUTES = (CodeSignOnCopy, RemoveHeadersOnCopy, ); }; };
		4C7AE7E326CF835700946197 /* AppDelegate.m in Sources */ = {isa = PBXBuildFile; fileRef = 4C7AE7E226CF835700946197 /* AppDelegate.m */; };
		4C7AE7E626CF835700946197 /* SceneDelegate.m in Sources */ = {isa = PBXBuildFile; fileRef = 4C7AE7E526CF835700946197 /* SceneDelegate.m */; };
		4C7AE7E926CF835700946197 /* ViewController.m in Sources */ = {isa = PBXBuildFile; fileRef = 4C7AE7E826CF835700946197 /* ViewController.m */; };
		4C7AE7EC26CF835800946197 /* Main.storyboard in Resources */ = {isa = PBXBuildFile; fileRef = 4C7AE7EA26CF835800946197 /* Main.storyboard */; };
		4C7AE7EE26CF835B00946197 /* Assets.xcassets in Resources */ = {isa = PBXBuildFile; fileRef = 4C7AE7ED26CF835B00946197 /* Assets.xcassets */; };
		4C7AE7F126CF835B00946197 /* LaunchScreen.storyboard in Resources */ = {isa = PBXBuildFile; fileRef = 4C7AE7EF26CF835B00946197 /* LaunchScreen.storyboard */; };
		4C7AE7F426CF835B00946197 /* main.m in Sources */ = {isa = PBXBuildFile; fileRef = 4C7AE7F326CF835B00946197 /* main.m */; };
		4C7AE81126CF83D000946197 /* core.framework in Frameworks */ = {isa = PBXBuildFile; fileRef = 4C7AE81026CF83D000946197 /* core.framework */; };
		4CA99D9D272FE8AF004FAD07 /* SplashViewController.swift in Sources */ = {isa = PBXBuildFile; fileRef = 4CA99D9C272FE8AF004FAD07 /* SplashViewController.swift */; };
		4CBE2E55283B9C7C001F0729 /* Animations.swift in Sources */ = {isa = PBXBuildFile; fileRef = 4CBE2E54283B9C7C001F0729 /* Animations.swift */; };
		4CC8FB5627E9BF4B00795648 /* Uploader.swift in Sources */ = {isa = PBXBuildFile; fileRef = 4CC8FB5527E9BF4B00795648 /* Uploader.swift */; };
		4CC8FB5C27EABA4B00795648 /* BoyiaCamera.swift in Sources */ = {isa = PBXBuildFile; fileRef = 4CC8FB5B27EABA4B00795648 /* BoyiaCamera.swift */; };
		4CC8FB6027EAD0B400795648 /* BoyiaLog.swift in Sources */ = {isa = PBXBuildFile; fileRef = 4CC8FB5F27EAD0B400795648 /* BoyiaLog.swift */; };
		4CC8FB6427EB1C2700795648 /* BoyiaWebController.swift in Sources */ = {isa = PBXBuildFile; fileRef = 4CC8FB6327EB1C2700795648 /* BoyiaWebController.swift */; };
		4CC8FB6727EB4F7800795648 /* WebMessageHandler.swift in Sources */ = {isa = PBXBuildFile; fileRef = 4CC8FB6627EB4F7800795648 /* WebMessageHandler.swift */; };
		4CC8FB6927EB502A00795648 /* WebNavigationDelegateImpl.swift in Sources */ = {isa = PBXBuildFile; fileRef = 4CC8FB6827EB502A00795648 /* WebNavigationDelegateImpl.swift */; };
		4CC8FB6B27EC0CDC00795648 /* LoginView.swift in Sources */ = {isa = PBXBuildFile; fileRef = 4CC8FB6A27EC0CDC00795648 /* LoginView.swift */; };
		4CC8FB6F27EC4E4D00795648 /* Extension.swift in Sources */ = {isa = PBXBuildFile; fileRef = 4CC8FB6E27EC4E4D00795648 /* Extension.swift */; };
		4CC8FB7A27EC601800795648 /* HomeView.swift in Sources */ = {isa = PBXBuildFile; fileRef = 4CC8FB7927EC601800795648 /* HomeView.swift */; };
		4CC8FB7C27EC6E0A00795648 /* Navigator.swift in Sources */ = {isa = PBXBuildFile; fileRef = 4CC8FB7B27EC6E0A00795648 /* Navigator.swift */; };
		4CF12FAD2817F2D900F0067E /* BoyiaAppListModel.swift in Sources */ = {isa = PBXBuildFile; fileRef = 4CF12FAC2817F2D800F0067E /* BoyiaAppListModel.swift */; };
		4CF12FAF28191CD500F0067E /* BoyiaAppItem.swift in Sources */ = {isa = PBXBuildFile; fileRef = 4CF12FAE28191CD500F0067E /* BoyiaAppItem.swift */; };
		4CF12FB128191E0B00F0067E /* BoyiaAppListData.swift in Sources */ = {isa = PBXBuildFile; fileRef = 4CF12FB028191E0B00F0067E /* BoyiaAppListData.swift */; };
		4CF12FB5282382AA00F0067E /* PixelRatio.swift in Sources */ = {isa = PBXBuildFile; fileRef = 4CF12FB4282382AA00F0067E /* PixelRatio.swift */; };
		4CFDE3FC26D48C9500A01683 /* MetalKit.framework in Frameworks */ = {isa = PBXBuildFile; fileRef = 4CFDE3FB26D48C9500A01683 /* MetalKit.framework */; };
/* End PBXBuildFile section */

/* Begin PBXCopyFilesBuildPhase section */
		4C4CA5FA2735300800C8622F /* CopyFiles */ = {
			isa = PBXCopyFilesBuildPhase;
			buildActionMask = 2147483647;
			dstPath = "";
			dstSubfolderSpec = 10;
			files = (
				4C4CA5FB2735301500C8622F /* core.framework in CopyFiles */,
			);
			runOnlyForDeploymentPostprocessing = 0;
		};
/* End PBXCopyFilesBuildPhase section */

/* Begin PBXFileReference section */
		4C1491002832286E004E0E50 /* HttpUtil.swift */ = {isa = PBXFileReference; lastKnownFileType = sourcecode.swift; path = HttpUtil.swift; sourceTree = "<group>"; };
		4C1B7B9F282A5EDA00AF3208 /* libsqlite3.0.tbd */ = {isa = PBXFileReference; lastKnownFileType = "sourcecode.text-based-dylib-definition"; name = libsqlite3.0.tbd; path = usr/lib/libsqlite3.0.tbd; sourceTree = SDKROOT; };
		4C1B7BA1282A5F2000AF3208 /* SqlHelper.swift */ = {isa = PBXFileReference; lastKnownFileType = sourcecode.swift; path = SqlHelper.swift; sourceTree = "<group>"; };
		4C1B7BA3282A8FF900AF3208 /* BaseType.swift */ = {isa = PBXFileReference; lastKnownFileType = sourcecode.swift; path = BaseType.swift; sourceTree = "<group>"; };
		4C1B7BA5282CB15500AF3208 /* Permission.swift */ = {isa = PBXFileReference; lastKnownFileType = sourcecode.swift; path = Permission.swift; sourceTree = "<group>"; };
		4C1B7BA7282CBDF300AF3208 /* Photos.framework */ = {isa = PBXFileReference; lastKnownFileType = wrapper.framework; name = Photos.framework; path = System/Library/Frameworks/Photos.framework; sourceTree = SDKROOT; };
		4C1B7BA9282CE04100AF3208 /* CoreLocation.framework */ = {isa = PBXFileReference; lastKnownFileType = wrapper.framework; name = CoreLocation.framework; path = System/Library/Frameworks/CoreLocation.framework; sourceTree = SDKROOT; };
		4C1B7BAB282CE7F800AF3208 /* BoyiaDownloadMask.swift */ = {isa = PBXFileReference; lastKnownFileType = sourcecode.swift; path = BoyiaDownloadMask.swift; sourceTree = "<group>"; };
		4C1B7BAD282CF02A00AF3208 /* BoyiaAppItemView.swift */ = {isa = PBXFileReference; lastKnownFileType = sourcecode.swift; path = BoyiaAppItemView.swift; sourceTree = "<group>"; };
		4C1B7BAF282D206800AF3208 /* BoyiaSettingMenu.swift */ = {isa = PBXFileReference; lastKnownFileType = sourcecode.swift; path = BoyiaSettingMenu.swift; sourceTree = "<group>"; };
		4C7AE7DE26CF835700946197 /* app.app */ = {isa = PBXFileReference; explicitFileType = wrapper.application; includeInIndex = 0; path = app.app; sourceTree = BUILT_PRODUCTS_DIR; };
		4C7AE7E126CF835700946197 /* AppDelegate.h */ = {isa = PBXFileReference; lastKnownFileType = sourcecode.c.h; path = AppDelegate.h; sourceTree = "<group>"; };
		4C7AE7E226CF835700946197 /* AppDelegate.m */ = {isa = PBXFileReference; lastKnownFileType = sourcecode.c.objc; path = AppDelegate.m; sourceTree = "<group>"; };
		4C7AE7E426CF835700946197 /* SceneDelegate.h */ = {isa = PBXFileReference; lastKnownFileType = sourcecode.c.h; path = SceneDelegate.h; sourceTree = "<group>"; };
		4C7AE7E526CF835700946197 /* SceneDelegate.m */ = {isa = PBXFileReference; lastKnownFileType = sourcecode.c.objc; path = SceneDelegate.m; sourceTree = "<group>"; };
		4C7AE7E726CF835700946197 /* ViewController.h */ = {isa = PBXFileReference; lastKnownFileType = sourcecode.c.h; path = ViewController.h; sourceTree = "<group>"; };
		4C7AE7E826CF835700946197 /* ViewController.m */ = {isa = PBXFileReference; lastKnownFileType = sourcecode.c.objc; path = ViewController.m; sourceTree = "<group>"; };
		4C7AE7EB26CF835800946197 /* Base */ = {isa = PBXFileReference; lastKnownFileType = file.storyboard; name = Base; path = Base.lproj/Main.storyboard; sourceTree = "<group>"; };
		4C7AE7ED26CF835B00946197 /* Assets.xcassets */ = {isa = PBXFileReference; lastKnownFileType = folder.assetcatalog; path = Assets.xcassets; sourceTree = "<group>"; };
		4C7AE7F026CF835B00946197 /* Base */ = {isa = PBXFileReference; lastKnownFileType = file.storyboard; name = Base; path = Base.lproj/LaunchScreen.storyboard; sourceTree = "<group>"; };
		4C7AE7F226CF835B00946197 /* Info.plist */ = {isa = PBXFileReference; lastKnownFileType = text.plist.xml; path = Info.plist; sourceTree = "<group>"; };
		4C7AE7F326CF835B00946197 /* main.m */ = {isa = PBXFileReference; lastKnownFileType = sourcecode.c.objc; path = main.m; sourceTree = "<group>"; };
		4C7AE81026CF83D000946197 /* core.framework */ = {isa = PBXFileReference; explicitFileType = wrapper.framework; path = core.framework; sourceTree = BUILT_PRODUCTS_DIR; };
		4CA99D9B272FE8AE004FAD07 /* app-Bridging-Header.h */ = {isa = PBXFileReference; lastKnownFileType = sourcecode.c.h; path = "app-Bridging-Header.h"; sourceTree = "<group>"; };
		4CA99D9C272FE8AF004FAD07 /* SplashViewController.swift */ = {isa = PBXFileReference; lastKnownFileType = sourcecode.swift; path = SplashViewController.swift; sourceTree = "<group>"; };
		4CBE2E54283B9C7C001F0729 /* Animations.swift */ = {isa = PBXFileReference; lastKnownFileType = sourcecode.swift; path = Animations.swift; sourceTree = "<group>"; };
		4CC8FB5527E9BF4B00795648 /* Uploader.swift */ = {isa = PBXFileReference; lastKnownFileType = sourcecode.swift; path = Uploader.swift; sourceTree = "<group>"; };
		4CC8FB5B27EABA4B00795648 /* BoyiaCamera.swift */ = {isa = PBXFileReference; lastKnownFileType = sourcecode.swift; path = BoyiaCamera.swift; sourceTree = "<group>"; };
		4CC8FB5F27EAD0B400795648 /* BoyiaLog.swift */ = {isa = PBXFileReference; lastKnownFileType = sourcecode.swift; path = BoyiaLog.swift; sourceTree = "<group>"; };
		4CC8FB6327EB1C2700795648 /* BoyiaWebController.swift */ = {isa = PBXFileReference; lastKnownFileType = sourcecode.swift; path = BoyiaWebController.swift; sourceTree = "<group>"; };
		4CC8FB6627EB4F7800795648 /* WebMessageHandler.swift */ = {isa = PBXFileReference; lastKnownFileType = sourcecode.swift; path = WebMessageHandler.swift; sourceTree = "<group>"; };
		4CC8FB6827EB502A00795648 /* WebNavigationDelegateImpl.swift */ = {isa = PBXFileReference; lastKnownFileType = sourcecode.swift; path = WebNavigationDelegateImpl.swift; sourceTree = "<group>"; };
		4CC8FB6A27EC0CDC00795648 /* LoginView.swift */ = {isa = PBXFileReference; lastKnownFileType = sourcecode.swift; path = LoginView.swift; sourceTree = "<group>"; };
		4CC8FB6E27EC4E4D00795648 /* Extension.swift */ = {isa = PBXFileReference; lastKnownFileType = sourcecode.swift; path = Extension.swift; sourceTree = "<group>"; };
		4CC8FB7927EC601800795648 /* HomeView.swift */ = {isa = PBXFileReference; lastKnownFileType = sourcecode.swift; path = HomeView.swift; sourceTree = "<group>"; };
		4CC8FB7B27EC6E0A00795648 /* Navigator.swift */ = {isa = PBXFileReference; lastKnownFileType = sourcecode.swift; path = Navigator.swift; sourceTree = "<group>"; };
		4CF12FAC2817F2D800F0067E /* BoyiaAppListModel.swift */ = {isa = PBXFileReference; lastKnownFileType = sourcecode.swift; path = BoyiaAppListModel.swift; sourceTree = "<group>"; };
		4CF12FAE28191CD500F0067E /* BoyiaAppItem.swift */ = {isa = PBXFileReference; lastKnownFileType = sourcecode.swift; path = BoyiaAppItem.swift; sourceTree = "<group>"; };
		4CF12FB028191E0B00F0067E /* BoyiaAppListData.swift */ = {isa = PBXFileReference; lastKnownFileType = sourcecode.swift; path = BoyiaAppListData.swift; sourceTree = "<group>"; };
		4CF12FB4282382AA00F0067E /* PixelRatio.swift */ = {isa = PBXFileReference; lastKnownFileType = sourcecode.swift; path = PixelRatio.swift; sourceTree = "<group>"; };
		4CFDE3FB26D48C9500A01683 /* MetalKit.framework */ = {isa = PBXFileReference; lastKnownFileType = wrapper.framework; name = MetalKit.framework; path = System/Library/Frameworks/MetalKit.framework; sourceTree = SDKROOT; };
/* End PBXFileReference section */

/* Begin PBXFrameworksBuildPhase section */
		4C7AE7DB26CF835700946197 /* Frameworks */ = {
			isa = PBXFrameworksBuildPhase;
			buildActionMask = 2147483647;
			files = (
				4C1B7BAA282CE04100AF3208 /* CoreLocation.framework in Frameworks */,
				4C1B7BA0282A5EDA00AF3208 /* libsqlite3.0.tbd in Frameworks */,
				4CFDE3FC26D48C9500A01683 /* MetalKit.framework in Frameworks */,
				4C7AE81126CF83D000946197 /* core.framework in Frameworks */,
			);
			runOnlyForDeploymentPostprocessing = 0;
		};
/* End PBXFrameworksBuildPhase section */

/* Begin PBXGroup section */
		4C7AE7D526CF835700946197 = {
			isa = PBXGroup;
			children = (
				4C7AE7E026CF835700946197 /* app */,
				4C7AE7DF26CF835700946197 /* Products */,
				4C7AE80F26CF83D000946197 /* Frameworks */,
			);
			sourceTree = "<group>";
		};
		4C7AE7DF26CF835700946197 /* Products */ = {
			isa = PBXGroup;
			children = (
				4C7AE7DE26CF835700946197 /* app.app */,
			);
			name = Products;
			sourceTree = "<group>";
		};
		4C7AE7E026CF835700946197 /* app */ = {
			isa = PBXGroup;
			children = (
				4CF12FAB2817EFB500F0067E /* Model */,
				4CC8FB5327E9BF1D00795648 /* Base */,
				4CC8FB5227E9BDE900795648 /* Controller */,
				4CC8FB5127E9BDDD00795648 /* View */,
				4C7AE7E126CF835700946197 /* AppDelegate.h */,
				4C7AE7E226CF835700946197 /* AppDelegate.m */,
				4C7AE7E426CF835700946197 /* SceneDelegate.h */,
				4C7AE7E526CF835700946197 /* SceneDelegate.m */,
				4C7AE7EA26CF835800946197 /* Main.storyboard */,
				4C7AE7ED26CF835B00946197 /* Assets.xcassets */,
				4C7AE7EF26CF835B00946197 /* LaunchScreen.storyboard */,
				4C7AE7F226CF835B00946197 /* Info.plist */,
				4C7AE7F326CF835B00946197 /* main.m */,
				4CA99D9B272FE8AE004FAD07 /* app-Bridging-Header.h */,
			);
			path = app;
			sourceTree = "<group>";
		};
		4C7AE80F26CF83D000946197 /* Frameworks */ = {
			isa = PBXGroup;
			children = (
				4C1B7BA9282CE04100AF3208 /* CoreLocation.framework */,
				4C1B7BA7282CBDF300AF3208 /* Photos.framework */,
				4C1B7B9F282A5EDA00AF3208 /* libsqlite3.0.tbd */,
				4CFDE3FB26D48C9500A01683 /* MetalKit.framework */,
				4C7AE81026CF83D000946197 /* core.framework */,
			);
			name = Frameworks;
			sourceTree = "<group>";
		};
		4CC8FB5127E9BDDD00795648 /* View */ = {
			isa = PBXGroup;
			children = (
				4CC8FB7827EC600500795648 /* Home */,
				4CC8FB6C27EC2B3C00795648 /* Login */,
			);
			path = View;
			sourceTree = "<group>";
		};
		4CC8FB5227E9BDE900795648 /* Controller */ = {
			isa = PBXGroup;
			children = (
				4CA99D9C272FE8AF004FAD07 /* SplashViewController.swift */,
				4C7AE7E726CF835700946197 /* ViewController.h */,
				4C7AE7E826CF835700946197 /* ViewController.m */,
				4CC8FB6327EB1C2700795648 /* BoyiaWebController.swift */,
			);
			path = Controller;
			sourceTree = "<group>";
		};
		4CC8FB5327E9BF1D00795648 /* Base */ = {
			isa = PBXGroup;
			children = (
				4CC8FB6D27EC4E3300795648 /* Util */,
				4CC8FB6527EB481600795648 /* Web */,
				4CC8FB5E27EAD0A200795648 /* Log */,
				4CC8FB5A27EABA2800795648 /* Camera */,
				4CC8FB5427E9BF2900795648 /* Uploader */,
			);
			path = Base;
			sourceTree = "<group>";
		};
		4CC8FB5427E9BF2900795648 /* Uploader */ = {
			isa = PBXGroup;
			children = (
				4CC8FB5527E9BF4B00795648 /* Uploader.swift */,
			);
			path = Uploader;
			sourceTree = "<group>";
		};
		4CC8FB5A27EABA2800795648 /* Camera */ = {
			isa = PBXGroup;
			children = (
				4CC8FB5B27EABA4B00795648 /* BoyiaCamera.swift */,
			);
			path = Camera;
			sourceTree = "<group>";
		};
		4CC8FB5E27EAD0A200795648 /* Log */ = {
			isa = PBXGroup;
			children = (
				4CC8FB5F27EAD0B400795648 /* BoyiaLog.swift */,
			);
			path = Log;
			sourceTree = "<group>";
		};
		4CC8FB6527EB481600795648 /* Web */ = {
			isa = PBXGroup;
			children = (
				4CC8FB6627EB4F7800795648 /* WebMessageHandler.swift */,
				4CC8FB6827EB502A00795648 /* WebNavigationDelegateImpl.swift */,
			);
			path = Web;
			sourceTree = "<group>";
		};
		4CC8FB6C27EC2B3C00795648 /* Login */ = {
			isa = PBXGroup;
			children = (
				4CC8FB6A27EC0CDC00795648 /* LoginView.swift */,
			);
			path = Login;
			sourceTree = "<group>";
		};
		4CC8FB6D27EC4E3300795648 /* Util */ = {
			isa = PBXGroup;
			children = (
				4CC8FB6E27EC4E4D00795648 /* Extension.swift */,
				4CC8FB7B27EC6E0A00795648 /* Navigator.swift */,
				4CF12FB4282382AA00F0067E /* PixelRatio.swift */,
				4C1B7BA1282A5F2000AF3208 /* SqlHelper.swift */,
				4C1B7BA3282A8FF900AF3208 /* BaseType.swift */,
				4C1B7BA5282CB15500AF3208 /* Permission.swift */,
				4C1491002832286E004E0E50 /* HttpUtil.swift */,
				4CBE2E54283B9C7C001F0729 /* Animations.swift */,
			);
			path = Util;
			sourceTree = "<group>";
		};
		4CC8FB7827EC600500795648 /* Home */ = {
			isa = PBXGroup;
			children = (
				4CC8FB7927EC601800795648 /* HomeView.swift */,
				4C1B7BAB282CE7F800AF3208 /* BoyiaDownloadMask.swift */,
				4C1B7BAD282CF02A00AF3208 /* BoyiaAppItemView.swift */,
				4C1B7BAF282D206800AF3208 /* BoyiaSettingMenu.swift */,
			);
			path = Home;
			sourceTree = "<group>";
		};
		4CF12FAB2817EFB500F0067E /* Model */ = {
			isa = PBXGroup;
			children = (
				4CF12FAC2817F2D800F0067E /* BoyiaAppListModel.swift */,
				4CF12FAE28191CD500F0067E /* BoyiaAppItem.swift */,
				4CF12FB028191E0B00F0067E /* BoyiaAppListData.swift */,
			);
			path = Model;
			sourceTree = "<group>";
		};
/* End PBXGroup section */

/* Begin PBXNativeTarget section */
		4C7AE7DD26CF835700946197 /* app */ = {
			isa = PBXNativeTarget;
			buildConfigurationList = 4C7AE7F726CF835B00946197 /* Build configuration list for PBXNativeTarget "app" */;
			buildPhases = (
				4C7AE7DA26CF835700946197 /* Sources */,
				4C7AE7DB26CF835700946197 /* Frameworks */,
				4C7AE7DC26CF835700946197 /* Resources */,
				4C4CA5FA2735300800C8622F /* CopyFiles */,
			);
			buildRules = (
			);
			dependencies = (
			);
			name = app;
			productName = app;
			productReference = 4C7AE7DE26CF835700946197 /* app.app */;
			productType = "com.apple.product-type.application";
		};
/* End PBXNativeTarget section */

/* Begin PBXProject section */
		4C7AE7D626CF835700946197 /* Project object */ = {
			isa = PBXProject;
			attributes = {
				LastUpgradeCheck = 1250;
				TargetAttributes = {
					4C7AE7DD26CF835700946197 = {
						CreatedOnToolsVersion = 12.5.1;
						LastSwiftMigration = 1250;
					};
				};
			};
			buildConfigurationList = 4C7AE7D926CF835700946197 /* Build configuration list for PBXProject "app" */;
			compatibilityVersion = "Xcode 9.3";
			developmentRegion = en;
			hasScannedForEncodings = 0;
			knownRegions = (
				en,
				Base,
			);
			mainGroup = 4C7AE7D526CF835700946197;
			productRefGroup = 4C7AE7DF26CF835700946197 /* Products */;
			projectDirPath = "";
			projectRoot = "";
			targets = (
				4C7AE7DD26CF835700946197 /* app */,
			);
		};
/* End PBXProject section */

/* Begin PBXResourcesBuildPhase section */
		4C7AE7DC26CF835700946197 /* Resources */ = {
			isa = PBXResourcesBuildPhase;
			buildActionMask = 2147483647;
			files = (
				4C7AE7F126CF835B00946197 /* LaunchScreen.storyboard in Resources */,
				4C7AE7EE26CF835B00946197 /* Assets.xcassets in Resources */,
				4C7AE7EC26CF835800946197 /* Main.storyboard in Resources */,
			);
			runOnlyForDeploymentPostprocessing = 0;
		};
/* End PBXResourcesBuildPhase section */

/* Begin PBXSourcesBuildPhase section */
		4C7AE7DA26CF835700946197 /* Sources */ = {
			isa = PBXSourcesBuildPhase;
			buildActionMask = 2147483647;
			files = (
				4C7AE7E926CF835700946197 /* ViewController.m in Sources */,
				4CC8FB6727EB4F7800795648 /* WebMessageHandler.swift in Sources */,
				4CC8FB6427EB1C2700795648 /* BoyiaWebController.swift in Sources */,
				4CC8FB7A27EC601800795648 /* HomeView.swift in Sources */,
				4CF12FAD2817F2D900F0067E /* BoyiaAppListModel.swift in Sources */,
				4CC8FB6927EB502A00795648 /* WebNavigationDelegateImpl.swift in Sources */,
				4CF12FAF28191CD500F0067E /* BoyiaAppItem.swift in Sources */,
				4CBE2E55283B9C7C001F0729 /* Animations.swift in Sources */,
				4CF12FB5282382AA00F0067E /* PixelRatio.swift in Sources */,
				4C1B7BAC282CE7F800AF3208 /* BoyiaDownloadMask.swift in Sources */,
				4C7AE7E326CF835700946197 /* AppDelegate.m in Sources */,
				4C1491012832286E004E0E50 /* HttpUtil.swift in Sources */,
				4C1B7BA4282A8FF900AF3208 /* BaseType.swift in Sources */,
				4C7AE7F426CF835B00946197 /* main.m in Sources */,
				4CC8FB6B27EC0CDC00795648 /* LoginView.swift in Sources */,
				4CC8FB5627E9BF4B00795648 /* Uploader.swift in Sources */,
				4CC8FB5C27EABA4B00795648 /* BoyiaCamera.swift in Sources */,
				4CF12FB128191E0B00F0067E /* BoyiaAppListData.swift in Sources */,
				4C1B7BA6282CB15600AF3208 /* Permission.swift in Sources */,
				4C1B7BB0282D206800AF3208 /* BoyiaSettingMenu.swift in Sources */,
				4CC8FB6F27EC4E4D00795648 /* Extension.swift in Sources */,
				4CC8FB7C27EC6E0A00795648 /* Navigator.swift in Sources */,
				4C1B7BAE282CF02A00AF3208 /* BoyiaAppItemView.swift in Sources */,
				4C7AE7E626CF835700946197 /* SceneDelegate.m in Sources */,
				4C1B7BA2282A5F2000AF3208 /* SqlHelper.swift in Sources */,
				4CA99D9D272FE8AF004FAD07 /* SplashViewController.swift in Sources */,
				4CC8FB6027EAD0B400795648 /* BoyiaLog.swift in Sources */,
			);
			runOnlyForDeploymentPostprocessing = 0;
		};
/* End PBXSourcesBuildPhase section */

/* Begin PBXVariantGroup section */
		4C7AE7EA26CF835800946197 /* Main.storyboard */ = {
			isa = PBXVariantGroup;
			children = (
				4C7AE7EB26CF835800946197 /* Base */,
			);
			name = Main.storyboard;
			sourceTree = "<group>";
		};
		4C7AE7EF26CF835B00946197 /* LaunchScreen.storyboard */ = {
			isa = PBXVariantGroup;
			children = (
				4C7AE7F026CF835B00946197 /* Base */,
			);
			name = LaunchScreen.storyboard;
			sourceTree = "<group>";
		};
/* End PBXVariantGroup section */

/* Begin XCBuildConfiguration section */
		4C7AE7F526CF835B00946197 /* Debug */ = {
			isa = XCBuildConfiguration;
			buildSettings = {
				ALWAYS_SEARCH_USER_PATHS = NO;
				CLANG_ANALYZER_NONNULL = YES;
				CLANG_ANALYZER_NUMBER_OBJECT_CONVERSION = YES_AGGRESSIVE;
				CLANG_CXX_LANGUAGE_STANDARD = "gnu++14";
				CLANG_CXX_LIBRARY = "libc++";
				CLANG_ENABLE_MODULES = YES;
				CLANG_ENABLE_OBJC_ARC = YES;
				CLANG_ENABLE_OBJC_WEAK = YES;
				CLANG_WARN_BLOCK_CAPTURE_AUTORELEASING = YES;
				CLANG_WARN_BOOL_CONVERSION = YES;
				CLANG_WARN_COMMA = YES;
				CLANG_WARN_CONSTANT_CONVERSION = YES;
				CLANG_WARN_DEPRECATED_OBJC_IMPLEMENTATIONS = YES;
				CLANG_WARN_DIRECT_OBJC_ISA_USAGE = YES_ERROR;
				CLANG_WARN_DOCUMENTATION_COMMENTS = YES;
				CLANG_WARN_EMPTY_BODY = YES;
				CLANG_WARN_ENUM_CONVERSION = YES;
				CLANG_WARN_INFINITE_RECURSION = YES;
				CLANG_WARN_INT_CONVERSION = YES;
				CLANG_WARN_NON_LITERAL_NULL_CONVERSION = YES;
				CLANG_WARN_OBJC_IMPLICIT_RETAIN_SELF = YES;
				CLANG_WARN_OBJC_LITERAL_CONVERSION = YES;
				CLANG_WARN_OBJC_ROOT_CLASS = YES_ERROR;
				CLANG_WARN_QUOTED_INCLUDE_IN_FRAMEWORK_HEADER = YES;
				CLANG_WARN_RANGE_LOOP_ANALYSIS = YES;
				CLANG_WARN_STRICT_PROTOTYPES = YES;
				CLANG_WARN_SUSPICIOUS_MOVE = YES;
				CLANG_WARN_UNGUARDED_AVAILABILITY = YES_AGGRESSIVE;
				CLANG_WARN_UNREACHABLE_CODE = YES;
				CLANG_WARN__DUPLICATE_METHOD_MATCH = YES;
				COPY_PHASE_STRIP = NO;
				DEBUG_INFORMATION_FORMAT = dwarf;
				DEFINES_MODULE = YES;
				ENABLE_STRICT_OBJC_MSGSEND = YES;
				ENABLE_TESTABILITY = YES;
				FRAMEWORK_SEARCH_PATHS = "$(PROJECT_DIR)/../core/kernel/platform";
				GCC_C_LANGUAGE_STANDARD = gnu11;
				GCC_DYNAMIC_NO_PIC = NO;
				GCC_NO_COMMON_BLOCKS = YES;
				GCC_OPTIMIZATION_LEVEL = 0;
				GCC_PREPROCESSOR_DEFINITIONS = (
					"DEBUG=1",
					"$(inherited)",
				);
				GCC_WARN_64_TO_32_BIT_CONVERSION = YES;
				GCC_WARN_ABOUT_RETURN_TYPE = YES_ERROR;
				GCC_WARN_UNDECLARED_SELECTOR = YES;
				GCC_WARN_UNINITIALIZED_AUTOS = YES_AGGRESSIVE;
				GCC_WARN_UNUSED_FUNCTION = YES;
				GCC_WARN_UNUSED_VARIABLE = YES;
				HEADER_SEARCH_PATHS = (
					"$(PROJECT_DIR)/../core/kernel/platform",
					"$(PROJECT_DIR)/../core/port",
					"$(PROJECT_DIR)/../core/kernel/platform/ios",
				);
				IPHONEOS_DEPLOYMENT_TARGET = 15.0;
				MTL_ENABLE_DEBUG_INFO = INCLUDE_SOURCE;
				MTL_FAST_MATH = YES;
				ONLY_ACTIVE_ARCH = YES;
				SDKROOT = iphoneos;
			};
			name = Debug;
		};
		4C7AE7F626CF835B00946197 /* Release */ = {
			isa = XCBuildConfiguration;
			buildSettings = {
				ALWAYS_SEARCH_USER_PATHS = NO;
				CLANG_ANALYZER_NONNULL = YES;
				CLANG_ANALYZER_NUMBER_OBJECT_CONVERSION = YES_AGGRESSIVE;
				CLANG_CXX_LANGUAGE_STANDARD = "gnu++14";
				CLANG_CXX_LIBRARY = "libc++";
				CLANG_ENABLE_MODULES = YES;
				CLANG_ENABLE_OBJC_ARC = YES;
				CLANG_ENABLE_OBJC_WEAK = YES;
				CLANG_WARN_BLOCK_CAPTURE_AUTORELEASING = YES;
				CLANG_WARN_BOOL_CONVERSION = YES;
				CLANG_WARN_COMMA = YES;
				CLANG_WARN_CONSTANT_CONVERSION = YES;
				CLANG_WARN_DEPRECATED_OBJC_IMPLEMENTATIONS = YES;
				CLANG_WARN_DIRECT_OBJC_ISA_USAGE = YES_ERROR;
				CLANG_WARN_DOCUMENTATION_COMMENTS = YES;
				CLANG_WARN_EMPTY_BODY = YES;
				CLANG_WARN_ENUM_CONVERSION = YES;
				CLANG_WARN_INFINITE_RECURSION = YES;
				CLANG_WARN_INT_CONVERSION = YES;
				CLANG_WARN_NON_LITERAL_NULL_CONVERSION = YES;
				CLANG_WARN_OBJC_IMPLICIT_RETAIN_SELF = YES;
				CLANG_WARN_OBJC_LITERAL_CONVERSION = YES;
				CLANG_WARN_OBJC_ROOT_CLASS = YES_ERROR;
				CLANG_WARN_QUOTED_INCLUDE_IN_FRAMEWORK_HEADER = YES;
				CLANG_WARN_RANGE_LOOP_ANALYSIS = YES;
				CLANG_WARN_STRICT_PROTOTYPES = YES;
				CLANG_WARN_SUSPICIOUS_MOVE = YES;
				CLANG_WARN_UNGUARDED_AVAILABILITY = YES_AGGRESSIVE;
				CLANG_WARN_UNREACHABLE_CODE = YES;
				CLANG_WARN__DUPLICATE_METHOD_MATCH = YES;
				COPY_PHASE_STRIP = NO;
				DEBUG_INFORMATION_FORMAT = "dwarf-with-dsym";
				DEFINES_MODULE = YES;
				ENABLE_NS_ASSERTIONS = NO;
				ENABLE_STRICT_OBJC_MSGSEND = YES;
				FRAMEWORK_SEARCH_PATHS = "$(PROJECT_DIR)/../core/kernel/platform";
				GCC_C_LANGUAGE_STANDARD = gnu11;
				GCC_NO_COMMON_BLOCKS = YES;
				GCC_WARN_64_TO_32_BIT_CONVERSION = YES;
				GCC_WARN_ABOUT_RETURN_TYPE = YES_ERROR;
				GCC_WARN_UNDECLARED_SELECTOR = YES;
				GCC_WARN_UNINITIALIZED_AUTOS = YES_AGGRESSIVE;
				GCC_WARN_UNUSED_FUNCTION = YES;
				GCC_WARN_UNUSED_VARIABLE = YES;
				HEADER_SEARCH_PATHS = (
					"$(PROJECT_DIR)/../core/kernel/platform",
					"$(PROJECT_DIR)/../core/port",
					"$(PROJECT_DIR)/../core/kernel/platform/ios",
				);
				IPHONEOS_DEPLOYMENT_TARGET = 15.0;
				MTL_ENABLE_DEBUG_INFO = NO;
				MTL_FAST_MATH = YES;
				SDKROOT = iphoneos;
				VALIDATE_PRODUCT = YES;
			};
			name = Release;
		};
		4C7AE7F826CF835B00946197 /* Debug */ = {
			isa = XCBuildConfiguration;
			buildSettings = {
				ASSETCATALOG_COMPILER_APPICON_NAME = AppIcon;
				ASSETCATALOG_COMPILER_GLOBAL_ACCENT_COLOR_NAME = AccentColor;
				CLANG_ENABLE_MODULES = YES;
				CODE_SIGN_STYLE = Automatic;
				HEADER_SEARCH_PATHS = (
					"$(PROJECT_DIR)/../../../BoyiaFramework/source/boyia/kernel/platform/ios",
					"$(PROJECT_DIR)/../../../BoyiaFramework/source/boyia/porting/ios",
				);
				INFOPLIST_FILE = app/Info.plist;
				LD_RUNPATH_SEARCH_PATHS = (
					"$(inherited)",
					"@executable_path/Frameworks",
				);
				PRODUCT_BUNDLE_IDENTIFIER = com.boyia.app;
				PRODUCT_NAME = "$(TARGET_NAME)";
				SWIFT_OBJC_BRIDGING_HEADER = "app/app-Bridging-Header.h";
				SWIFT_OPTIMIZATION_LEVEL = "-Onone";
				SWIFT_VERSION = 5.0;
				TARGETED_DEVICE_FAMILY = "1,2";
			};
			name = Debug;
		};
		4C7AE7F926CF835B00946197 /* Release */ = {
			isa = XCBuildConfiguration;
			buildSettings = {
				ASSETCATALOG_COMPILER_APPICON_NAME = AppIcon;
				ASSETCATALOG_COMPILER_GLOBAL_ACCENT_COLOR_NAME = AccentColor;
				CLANG_ENABLE_MODULES = YES;
				CODE_SIGN_STYLE = Automatic;
				HEADER_SEARCH_PATHS = (
					"$(PROJECT_DIR)/../../../BoyiaFramework/source/boyia/kernel/platform/ios",
					"$(PROJECT_DIR)/../../../BoyiaFramework/source/boyia/porting/ios",
				);
				INFOPLIST_FILE = app/Info.plist;
				LD_RUNPATH_SEARCH_PATHS = (
					"$(inherited)",
					"@executable_path/Frameworks",
				);
				PRODUCT_BUNDLE_IDENTIFIER = com.boyia.app;
				PRODUCT_NAME = "$(TARGET_NAME)";
				SWIFT_OBJC_BRIDGING_HEADER = "app/app-Bridging-Header.h";
				SWIFT_VERSION = 5.0;
				TARGETED_DEVICE_FAMILY = "1,2";
			};
			name = Release;
		};
/* End XCBuildConfiguration section */

/* Begin XCConfigurationList section */
		4C7AE7D926CF835700946197 /* Build configuration list for PBXProject "app" */ = {
			isa = XCConfigurationList;
			buildConfigurations = (
				4C7AE7F526CF835B00946197 /* Debug */,
				4C7AE7F626CF835B00946197 /* Release */,
			);
			defaultConfigurationIsVisible = 0;
			defaultConfigurationName = Release;
		};
		4C7AE7F726CF835B00946197 /* Build configuration list for PBXNativeTarget "app" */ = {
			isa = XCConfigurationList;
			buildConfigurations = (
				4C7AE7F826CF835B00946197 /* Debug */,
				4C7AE7F926CF835B00946197 /* Release */,
			);
			defaultConfigurationIsVisible = 0;
			defaultConfigurationName = Release;
		};
/* End XCConfigurationList section */
	};
	rootObject = 4C7AE7D626CF835700946197 /* Project object */;
}
