// !$*UTF8*$!
{
	archiveVersion = 1;
	classes = {
	};
	objectVersion = 50;
	objects = {

/* Begin PBXBuildFile section */
		4CD7A4C4211C42E90065FCA4 /* AppDelegate.m in Sources */ = {isa = PBXBuildFile; fileRef = 4CD7A4C3211C42E90065FCA4 /* AppDelegate.m */; };
		4CD7A4C7211C42E90065FCA4 /* ViewController.m in Sources */ = {isa = PBXBuildFile; fileRef = 4CD7A4C6211C42E90065FCA4 /* ViewController.m */; };
		4CD7A4CA211C42E90065FCA4 /* Main.storyboard in Resources */ = {isa = PBXBuildFile; fileRef = 4CD7A4C8211C42E90065FCA4 /* Main.storyboard */; };
		4CD7A4CC211C42EB0065FCA4 /* Assets.xcassets in Resources */ = {isa = PBXBuildFile; fileRef = 4CD7A4CB211C42EB0065FCA4 /* Assets.xcassets */; };
		4CD7A4CF211C42EB0065FCA4 /* LaunchScreen.storyboard in Resources */ = {isa = PBXBuildFile; fileRef = 4CD7A4CD211C42EB0065FCA4 /* LaunchScreen.storyboard */; };
		4CD7A4D2211C42EB0065FCA4 /* main.m in Sources */ = {isa = PBXBuildFile; fileRef = 4CD7A4D1211C42EB0065FCA4 /* main.m */; };
		4CD7A4DC211C42EB0065FCA4 /* BoyiaTests.m in Sources */ = {isa = PBXBuildFile; fileRef = 4CD7A4DB211C42EB0065FCA4 /* BoyiaTests.m */; };
		4CD7A4E7211C42EB0065FCA4 /* BoyiaUITests.m in Sources */ = {isa = PBXBuildFile; fileRef = 4CD7A4E6211C42EB0065FCA4 /* BoyiaUITests.m */; };
		4CD7A4F8211C5F970065FCA4 /* BoyiaBridge.cpp in Sources */ = {isa = PBXBuildFile; fileRef = 4CD7A4F6211C5F970065FCA4 /* BoyiaBridge.cpp */; };
		4CD7A4FD211C6E7F0065FCA4 /* ImageIOS.m in Sources */ = {isa = PBXBuildFile; fileRef = 4CD7A4FC211C6E7F0065FCA4 /* ImageIOS.m */; };
/* End PBXBuildFile section */

/* Begin PBXContainerItemProxy section */
		4CD7A4D8211C42EB0065FCA4 /* PBXContainerItemProxy */ = {
			isa = PBXContainerItemProxy;
			containerPortal = 4CD7A4B7211C42E90065FCA4 /* Project object */;
			proxyType = 1;
			remoteGlobalIDString = 4CD7A4BE211C42E90065FCA4;
			remoteInfo = Boyia;
		};
		4CD7A4E3211C42EB0065FCA4 /* PBXContainerItemProxy */ = {
			isa = PBXContainerItemProxy;
			containerPortal = 4CD7A4B7211C42E90065FCA4 /* Project object */;
			proxyType = 1;
			remoteGlobalIDString = 4CD7A4BE211C42E90065FCA4;
			remoteInfo = Boyia;
		};
/* End PBXContainerItemProxy section */

/* Begin PBXFileReference section */
		4CD7A4BF211C42E90065FCA4 /* Boyia.app */ = {isa = PBXFileReference; explicitFileType = wrapper.application; includeInIndex = 0; path = Boyia.app; sourceTree = BUILT_PRODUCTS_DIR; };
		4CD7A4C2211C42E90065FCA4 /* AppDelegate.h */ = {isa = PBXFileReference; lastKnownFileType = sourcecode.c.h; path = AppDelegate.h; sourceTree = "<group>"; };
		4CD7A4C3211C42E90065FCA4 /* AppDelegate.m */ = {isa = PBXFileReference; lastKnownFileType = sourcecode.c.objc; path = AppDelegate.m; sourceTree = "<group>"; };
		4CD7A4C5211C42E90065FCA4 /* ViewController.h */ = {isa = PBXFileReference; lastKnownFileType = sourcecode.c.h; path = ViewController.h; sourceTree = "<group>"; };
		4CD7A4C6211C42E90065FCA4 /* ViewController.m */ = {isa = PBXFileReference; lastKnownFileType = sourcecode.c.objc; path = ViewController.m; sourceTree = "<group>"; };
		4CD7A4C9211C42E90065FCA4 /* Base */ = {isa = PBXFileReference; lastKnownFileType = file.storyboard; name = Base; path = Base.lproj/Main.storyboard; sourceTree = "<group>"; };
		4CD7A4CB211C42EB0065FCA4 /* Assets.xcassets */ = {isa = PBXFileReference; lastKnownFileType = folder.assetcatalog; path = Assets.xcassets; sourceTree = "<group>"; };
		4CD7A4CE211C42EB0065FCA4 /* Base */ = {isa = PBXFileReference; lastKnownFileType = file.storyboard; name = Base; path = Base.lproj/LaunchScreen.storyboard; sourceTree = "<group>"; };
		4CD7A4D0211C42EB0065FCA4 /* Info.plist */ = {isa = PBXFileReference; lastKnownFileType = text.plist.xml; path = Info.plist; sourceTree = "<group>"; };
		4CD7A4D1211C42EB0065FCA4 /* main.m */ = {isa = PBXFileReference; lastKnownFileType = sourcecode.c.objc; path = main.m; sourceTree = "<group>"; };
		4CD7A4D7211C42EB0065FCA4 /* BoyiaTests.xctest */ = {isa = PBXFileReference; explicitFileType = wrapper.cfbundle; includeInIndex = 0; path = BoyiaTests.xctest; sourceTree = BUILT_PRODUCTS_DIR; };
		4CD7A4DB211C42EB0065FCA4 /* BoyiaTests.m */ = {isa = PBXFileReference; lastKnownFileType = sourcecode.c.objc; path = BoyiaTests.m; sourceTree = "<group>"; };
		4CD7A4DD211C42EB0065FCA4 /* Info.plist */ = {isa = PBXFileReference; lastKnownFileType = text.plist.xml; path = Info.plist; sourceTree = "<group>"; };
		4CD7A4E2211C42EB0065FCA4 /* BoyiaUITests.xctest */ = {isa = PBXFileReference; explicitFileType = wrapper.cfbundle; includeInIndex = 0; path = BoyiaUITests.xctest; sourceTree = BUILT_PRODUCTS_DIR; };
		4CD7A4E6211C42EB0065FCA4 /* BoyiaUITests.m */ = {isa = PBXFileReference; lastKnownFileType = sourcecode.c.objc; path = BoyiaUITests.m; sourceTree = "<group>"; };
		4CD7A4E8211C42EB0065FCA4 /* Info.plist */ = {isa = PBXFileReference; lastKnownFileType = text.plist.xml; path = Info.plist; sourceTree = "<group>"; };
		4CD7A4F6211C5F970065FCA4 /* BoyiaBridge.cpp */ = {isa = PBXFileReference; lastKnownFileType = sourcecode.cpp.cpp; path = BoyiaBridge.cpp; sourceTree = "<group>"; };
		4CD7A4F7211C5F970065FCA4 /* BoyiaBridge.hpp */ = {isa = PBXFileReference; lastKnownFileType = sourcecode.cpp.h; path = BoyiaBridge.hpp; sourceTree = "<group>"; };
		4CD7A4FC211C6E7F0065FCA4 /* ImageIOS.m */ = {isa = PBXFileReference; lastKnownFileType = sourcecode.c.objc; path = ImageIOS.m; sourceTree = "<group>"; };
		4CD7A4FE211C6EB00065FCA4 /* ImageIOS.h */ = {isa = PBXFileReference; lastKnownFileType = sourcecode.c.h; path = ImageIOS.h; sourceTree = "<group>"; };
/* End PBXFileReference section */

/* Begin PBXFrameworksBuildPhase section */
		4CD7A4BC211C42E90065FCA4 /* Frameworks */ = {
			isa = PBXFrameworksBuildPhase;
			buildActionMask = 2147483647;
			files = (
			);
			runOnlyForDeploymentPostprocessing = 0;
		};
		4CD7A4D4211C42EB0065FCA4 /* Frameworks */ = {
			isa = PBXFrameworksBuildPhase;
			buildActionMask = 2147483647;
			files = (
			);
			runOnlyForDeploymentPostprocessing = 0;
		};
		4CD7A4DF211C42EB0065FCA4 /* Frameworks */ = {
			isa = PBXFrameworksBuildPhase;
			buildActionMask = 2147483647;
			files = (
			);
			runOnlyForDeploymentPostprocessing = 0;
		};
/* End PBXFrameworksBuildPhase section */

/* Begin PBXGroup section */
		4CD7A4B6211C42E90065FCA4 = {
			isa = PBXGroup;
			children = (
				4CD7A4F5211C4DB20065FCA4 /* BoyiaUI */,
				4CD7A4C1211C42E90065FCA4 /* Boyia */,
				4CD7A4DA211C42EB0065FCA4 /* BoyiaTests */,
				4CD7A4E5211C42EB0065FCA4 /* BoyiaUITests */,
				4CD7A4C0211C42E90065FCA4 /* Products */,
			);
			sourceTree = "<group>";
		};
		4CD7A4C0211C42E90065FCA4 /* Products */ = {
			isa = PBXGroup;
			children = (
				4CD7A4BF211C42E90065FCA4 /* Boyia.app */,
				4CD7A4D7211C42EB0065FCA4 /* BoyiaTests.xctest */,
				4CD7A4E2211C42EB0065FCA4 /* BoyiaUITests.xctest */,
			);
			name = Products;
			sourceTree = "<group>";
		};
		4CD7A4C1211C42E90065FCA4 /* Boyia */ = {
			isa = PBXGroup;
			children = (
				4CD7A4C2211C42E90065FCA4 /* AppDelegate.h */,
				4CD7A4C3211C42E90065FCA4 /* AppDelegate.m */,
				4CD7A4C5211C42E90065FCA4 /* ViewController.h */,
				4CD7A4C6211C42E90065FCA4 /* ViewController.m */,
				4CD7A4C8211C42E90065FCA4 /* Main.storyboard */,
				4CD7A4CB211C42EB0065FCA4 /* Assets.xcassets */,
				4CD7A4CD211C42EB0065FCA4 /* LaunchScreen.storyboard */,
				4CD7A4D0211C42EB0065FCA4 /* Info.plist */,
				4CD7A4D1211C42EB0065FCA4 /* main.m */,
			);
			path = Boyia;
			sourceTree = "<group>";
		};
		4CD7A4DA211C42EB0065FCA4 /* BoyiaTests */ = {
			isa = PBXGroup;
			children = (
				4CD7A4DB211C42EB0065FCA4 /* BoyiaTests.m */,
				4CD7A4DD211C42EB0065FCA4 /* Info.plist */,
			);
			path = BoyiaTests;
			sourceTree = "<group>";
		};
		4CD7A4E5211C42EB0065FCA4 /* BoyiaUITests */ = {
			isa = PBXGroup;
			children = (
				4CD7A4E6211C42EB0065FCA4 /* BoyiaUITests.m */,
				4CD7A4E8211C42EB0065FCA4 /* Info.plist */,
			);
			path = BoyiaUITests;
			sourceTree = "<group>";
		};
		4CD7A4F5211C4DB20065FCA4 /* BoyiaUI */ = {
			isa = PBXGroup;
			children = (
				4CD7A4FB211C6D9E0065FCA4 /* External */,
				4CD7A4FA211C6D8A0065FCA4 /* Boyia */,
				4CD7A4F9211C6C700065FCA4 /* Bridge */,
			);
			path = BoyiaUI;
			sourceTree = "<group>";
		};
		4CD7A4F9211C6C700065FCA4 /* Bridge */ = {
			isa = PBXGroup;
			children = (
				4CD7A4F7211C5F970065FCA4 /* BoyiaBridge.hpp */,
				4CD7A4F6211C5F970065FCA4 /* BoyiaBridge.cpp */,
				4CD7A4FC211C6E7F0065FCA4 /* ImageIOS.m */,
				4CD7A4FE211C6EB00065FCA4 /* ImageIOS.h */,
			);
			path = Bridge;
			sourceTree = "<group>";
		};
		4CD7A4FA211C6D8A0065FCA4 /* Boyia */ = {
			isa = PBXGroup;
			children = (
			);
			path = Boyia;
			sourceTree = "<group>";
		};
		4CD7A4FB211C6D9E0065FCA4 /* External */ = {
			isa = PBXGroup;
			children = (
			);
			path = External;
			sourceTree = "<group>";
		};
/* End PBXGroup section */

/* Begin PBXNativeTarget section */
		4CD7A4BE211C42E90065FCA4 /* Boyia */ = {
			isa = PBXNativeTarget;
			buildConfigurationList = 4CD7A4EB211C42EB0065FCA4 /* Build configuration list for PBXNativeTarget "Boyia" */;
			buildPhases = (
				4CD7A4BB211C42E90065FCA4 /* Sources */,
				4CD7A4BC211C42E90065FCA4 /* Frameworks */,
				4CD7A4BD211C42E90065FCA4 /* Resources */,
			);
			buildRules = (
			);
			dependencies = (
			);
			name = Boyia;
			productName = Boyia;
			productReference = 4CD7A4BF211C42E90065FCA4 /* Boyia.app */;
			productType = "com.apple.product-type.application";
		};
		4CD7A4D6211C42EB0065FCA4 /* BoyiaTests */ = {
			isa = PBXNativeTarget;
			buildConfigurationList = 4CD7A4EE211C42EB0065FCA4 /* Build configuration list for PBXNativeTarget "BoyiaTests" */;
			buildPhases = (
				4CD7A4D3211C42EB0065FCA4 /* Sources */,
				4CD7A4D4211C42EB0065FCA4 /* Frameworks */,
				4CD7A4D5211C42EB0065FCA4 /* Resources */,
			);
			buildRules = (
			);
			dependencies = (
				4CD7A4D9211C42EB0065FCA4 /* PBXTargetDependency */,
			);
			name = BoyiaTests;
			productName = BoyiaTests;
			productReference = 4CD7A4D7211C42EB0065FCA4 /* BoyiaTests.xctest */;
			productType = "com.apple.product-type.bundle.unit-test";
		};
		4CD7A4E1211C42EB0065FCA4 /* BoyiaUITests */ = {
			isa = PBXNativeTarget;
			buildConfigurationList = 4CD7A4F1211C42EB0065FCA4 /* Build configuration list for PBXNativeTarget "BoyiaUITests" */;
			buildPhases = (
				4CD7A4DE211C42EB0065FCA4 /* Sources */,
				4CD7A4DF211C42EB0065FCA4 /* Frameworks */,
				4CD7A4E0211C42EB0065FCA4 /* Resources */,
			);
			buildRules = (
			);
			dependencies = (
				4CD7A4E4211C42EB0065FCA4 /* PBXTargetDependency */,
			);
			name = BoyiaUITests;
			productName = BoyiaUITests;
			productReference = 4CD7A4E2211C42EB0065FCA4 /* BoyiaUITests.xctest */;
			productType = "com.apple.product-type.bundle.ui-testing";
		};
/* End PBXNativeTarget section */

/* Begin PBXProject section */
		4CD7A4B7211C42E90065FCA4 /* Project object */ = {
			isa = PBXProject;
			attributes = {
				LastUpgradeCheck = 0940;
				ORGANIZATIONNAME = yanbo;
				TargetAttributes = {
					4CD7A4BE211C42E90065FCA4 = {
						CreatedOnToolsVersion = 9.4.1;
					};
					4CD7A4D6211C42EB0065FCA4 = {
						CreatedOnToolsVersion = 9.4.1;
						TestTargetID = 4CD7A4BE211C42E90065FCA4;
					};
					4CD7A4E1211C42EB0065FCA4 = {
						CreatedOnToolsVersion = 9.4.1;
						TestTargetID = 4CD7A4BE211C42E90065FCA4;
					};
				};
			};
			buildConfigurationList = 4CD7A4BA211C42E90065FCA4 /* Build configuration list for PBXProject "Boyia" */;
			compatibilityVersion = "Xcode 9.3";
			developmentRegion = en;
			hasScannedForEncodings = 0;
			knownRegions = (
				en,
				Base,
			);
			mainGroup = 4CD7A4B6211C42E90065FCA4;
			productRefGroup = 4CD7A4C0211C42E90065FCA4 /* Products */;
			projectDirPath = "";
			projectRoot = "";
			targets = (
				4CD7A4BE211C42E90065FCA4 /* Boyia */,
				4CD7A4D6211C42EB0065FCA4 /* BoyiaTests */,
				4CD7A4E1211C42EB0065FCA4 /* BoyiaUITests */,
			);
		};
/* End PBXProject section */

/* Begin PBXResourcesBuildPhase section */
		4CD7A4BD211C42E90065FCA4 /* Resources */ = {
			isa = PBXResourcesBuildPhase;
			buildActionMask = 2147483647;
			files = (
				4CD7A4CF211C42EB0065FCA4 /* LaunchScreen.storyboard in Resources */,
				4CD7A4CC211C42EB0065FCA4 /* Assets.xcassets in Resources */,
				4CD7A4CA211C42E90065FCA4 /* Main.storyboard in Resources */,
			);
			runOnlyForDeploymentPostprocessing = 0;
		};
		4CD7A4D5211C42EB0065FCA4 /* Resources */ = {
			isa = PBXResourcesBuildPhase;
			buildActionMask = 2147483647;
			files = (
			);
			runOnlyForDeploymentPostprocessing = 0;
		};
		4CD7A4E0211C42EB0065FCA4 /* Resources */ = {
			isa = PBXResourcesBuildPhase;
			buildActionMask = 2147483647;
			files = (
			);
			runOnlyForDeploymentPostprocessing = 0;
		};
/* End PBXResourcesBuildPhase section */

/* Begin PBXSourcesBuildPhase section */
		4CD7A4BB211C42E90065FCA4 /* Sources */ = {
			isa = PBXSourcesBuildPhase;
			buildActionMask = 2147483647;
			files = (
				4CD7A4FD211C6E7F0065FCA4 /* ImageIOS.m in Sources */,
				4CD7A4C7211C42E90065FCA4 /* ViewController.m in Sources */,
				4CD7A4F8211C5F970065FCA4 /* BoyiaBridge.cpp in Sources */,
				4CD7A4D2211C42EB0065FCA4 /* main.m in Sources */,
				4CD7A4C4211C42E90065FCA4 /* AppDelegate.m in Sources */,
			);
			runOnlyForDeploymentPostprocessing = 0;
		};
		4CD7A4D3211C42EB0065FCA4 /* Sources */ = {
			isa = PBXSourcesBuildPhase;
			buildActionMask = 2147483647;
			files = (
				4CD7A4DC211C42EB0065FCA4 /* BoyiaTests.m in Sources */,
			);
			runOnlyForDeploymentPostprocessing = 0;
		};
		4CD7A4DE211C42EB0065FCA4 /* Sources */ = {
			isa = PBXSourcesBuildPhase;
			buildActionMask = 2147483647;
			files = (
				4CD7A4E7211C42EB0065FCA4 /* BoyiaUITests.m in Sources */,
			);
			runOnlyForDeploymentPostprocessing = 0;
		};
/* End PBXSourcesBuildPhase section */

/* Begin PBXTargetDependency section */
		4CD7A4D9211C42EB0065FCA4 /* PBXTargetDependency */ = {
			isa = PBXTargetDependency;
			target = 4CD7A4BE211C42E90065FCA4 /* Boyia */;
			targetProxy = 4CD7A4D8211C42EB0065FCA4 /* PBXContainerItemProxy */;
		};
		4CD7A4E4211C42EB0065FCA4 /* PBXTargetDependency */ = {
			isa = PBXTargetDependency;
			target = 4CD7A4BE211C42E90065FCA4 /* Boyia */;
			targetProxy = 4CD7A4E3211C42EB0065FCA4 /* PBXContainerItemProxy */;
		};
/* End PBXTargetDependency section */

/* Begin PBXVariantGroup section */
		4CD7A4C8211C42E90065FCA4 /* Main.storyboard */ = {
			isa = PBXVariantGroup;
			children = (
				4CD7A4C9211C42E90065FCA4 /* Base */,
			);
			name = Main.storyboard;
			sourceTree = "<group>";
		};
		4CD7A4CD211C42EB0065FCA4 /* LaunchScreen.storyboard */ = {
			isa = PBXVariantGroup;
			children = (
				4CD7A4CE211C42EB0065FCA4 /* Base */,
			);
			name = LaunchScreen.storyboard;
			sourceTree = "<group>";
		};
/* End PBXVariantGroup section */

/* Begin XCBuildConfiguration section */
		4CD7A4E9211C42EB0065FCA4 /* Debug */ = {
			isa = XCBuildConfiguration;
			buildSettings = {
				ALWAYS_SEARCH_USER_PATHS = NO;
				CLANG_ANALYZER_NONNULL = YES;
				CLANG_ANALYZER_NUMBER_OBJECT_CONVERSION = YES_AGGRESSIVE;
				CLANG_CXX_LANGUAGE_STANDARD = "gnu++14";
				CLANG_CXX_LIBRARY = "libc++";
				CLANG_ENABLE_MODULES = YES;
				CLANG_ENABLE_OBJC_ARC = YES;
				CLANG_ENABLE_OBJC_WEAK = YES;
				CLANG_WARN_BLOCK_CAPTURE_AUTORELEASING = YES;
				CLANG_WARN_BOOL_CONVERSION = YES;
				CLANG_WARN_COMMA = YES;
				CLANG_WARN_CONSTANT_CONVERSION = YES;
				CLANG_WARN_DEPRECATED_OBJC_IMPLEMENTATIONS = YES;
				CLANG_WARN_DIRECT_OBJC_ISA_USAGE = YES_ERROR;
				CLANG_WARN_DOCUMENTATION_COMMENTS = YES;
				CLANG_WARN_EMPTY_BODY = YES;
				CLANG_WARN_ENUM_CONVERSION = YES;
				CLANG_WARN_INFINITE_RECURSION = YES;
				CLANG_WARN_INT_CONVERSION = YES;
				CLANG_WARN_NON_LITERAL_NULL_CONVERSION = YES;
				CLANG_WARN_OBJC_IMPLICIT_RETAIN_SELF = YES;
				CLANG_WARN_OBJC_LITERAL_CONVERSION = YES;
				CLANG_WARN_OBJC_ROOT_CLASS = YES_ERROR;
				CLANG_WARN_RANGE_LOOP_ANALYSIS = YES;
				CLANG_WARN_STRICT_PROTOTYPES = YES;
				CLANG_WARN_SUSPICIOUS_MOVE = YES;
				CLANG_WARN_UNGUARDED_AVAILABILITY = YES_AGGRESSIVE;
				CLANG_WARN_UNREACHABLE_CODE = YES;
				CLANG_WARN__DUPLICATE_METHOD_MATCH = YES;
				CODE_SIGN_IDENTITY = "iPhone Developer";
				COPY_PHASE_STRIP = NO;
				DEBUG_INFORMATION_FORMAT = dwarf;
				ENABLE_STRICT_OBJC_MSGSEND = YES;
				ENABLE_TESTABILITY = YES;
				GCC_C_LANGUAGE_STANDARD = gnu11;
				GCC_DYNAMIC_NO_PIC = NO;
				GCC_NO_COMMON_BLOCKS = YES;
				GCC_OPTIMIZATION_LEVEL = 0;
				GCC_PREPROCESSOR_DEFINITIONS = (
					"DEBUG=1",
					"$(inherited)",
				);
				GCC_WARN_64_TO_32_BIT_CONVERSION = YES;
				GCC_WARN_ABOUT_RETURN_TYPE = YES_ERROR;
				GCC_WARN_UNDECLARED_SELECTOR = YES;
				GCC_WARN_UNINITIALIZED_AUTOS = YES_AGGRESSIVE;
				GCC_WARN_UNUSED_FUNCTION = YES;
				GCC_WARN_UNUSED_VARIABLE = YES;
				IPHONEOS_DEPLOYMENT_TARGET = 11.4;
				MTL_ENABLE_DEBUG_INFO = YES;
				ONLY_ACTIVE_ARCH = YES;
				SDKROOT = iphoneos;
			};
			name = Debug;
		};
		4CD7A4EA211C42EB0065FCA4 /* Release */ = {
			isa = XCBuildConfiguration;
			buildSettings = {
				ALWAYS_SEARCH_USER_PATHS = NO;
				CLANG_ANALYZER_NONNULL = YES;
				CLANG_ANALYZER_NUMBER_OBJECT_CONVERSION = YES_AGGRESSIVE;
				CLANG_CXX_LANGUAGE_STANDARD = "gnu++14";
				CLANG_CXX_LIBRARY = "libc++";
				CLANG_ENABLE_MODULES = YES;
				CLANG_ENABLE_OBJC_ARC = YES;
				CLANG_ENABLE_OBJC_WEAK = YES;
				CLANG_WARN_BLOCK_CAPTURE_AUTORELEASING = YES;
				CLANG_WARN_BOOL_CONVERSION = YES;
				CLANG_WARN_COMMA = YES;
				CLANG_WARN_CONSTANT_CONVERSION = YES;
				CLANG_WARN_DEPRECATED_OBJC_IMPLEMENTATIONS = YES;
				CLANG_WARN_DIRECT_OBJC_ISA_USAGE = YES_ERROR;
				CLANG_WARN_DOCUMENTATION_COMMENTS = YES;
				CLANG_WARN_EMPTY_BODY = YES;
				CLANG_WARN_ENUM_CONVERSION = YES;
				CLANG_WARN_INFINITE_RECURSION = YES;
				CLANG_WARN_INT_CONVERSION = YES;
				CLANG_WARN_NON_LITERAL_NULL_CONVERSION = YES;
				CLANG_WARN_OBJC_IMPLICIT_RETAIN_SELF = YES;
				CLANG_WARN_OBJC_LITERAL_CONVERSION = YES;
				CLANG_WARN_OBJC_ROOT_CLASS = YES_ERROR;
				CLANG_WARN_RANGE_LOOP_ANALYSIS = YES;
				CLANG_WARN_STRICT_PROTOTYPES = YES;
				CLANG_WARN_SUSPICIOUS_MOVE = YES;
				CLANG_WARN_UNGUARDED_AVAILABILITY = YES_AGGRESSIVE;
				CLANG_WARN_UNREACHABLE_CODE = YES;
				CLANG_WARN__DUPLICATE_METHOD_MATCH = YES;
				CODE_SIGN_IDENTITY = "iPhone Developer";
				COPY_PHASE_STRIP = NO;
				DEBUG_INFORMATION_FORMAT = "dwarf-with-dsym";
				ENABLE_NS_ASSERTIONS = NO;
				ENABLE_STRICT_OBJC_MSGSEND = YES;
				GCC_C_LANGUAGE_STANDARD = gnu11;
				GCC_NO_COMMON_BLOCKS = YES;
				GCC_WARN_64_TO_32_BIT_CONVERSION = YES;
				GCC_WARN_ABOUT_RETURN_TYPE = YES_ERROR;
				GCC_WARN_UNDECLARED_SELECTOR = YES;
				GCC_WARN_UNINITIALIZED_AUTOS = YES_AGGRESSIVE;
				GCC_WARN_UNUSED_FUNCTION = YES;
				GCC_WARN_UNUSED_VARIABLE = YES;
				IPHONEOS_DEPLOYMENT_TARGET = 11.4;
				MTL_ENABLE_DEBUG_INFO = NO;
				SDKROOT = iphoneos;
				VALIDATE_PRODUCT = YES;
			};
			name = Release;
		};
		4CD7A4EC211C42EB0065FCA4 /* Debug */ = {
			isa = XCBuildConfiguration;
			buildSettings = {
				ASSETCATALOG_COMPILER_APPICON_NAME = AppIcon;
				CODE_SIGN_STYLE = Automatic;
				INFOPLIST_FILE = Boyia/Info.plist;
				LD_RUNPATH_SEARCH_PATHS = (
					"$(inherited)",
					"@executable_path/Frameworks",
				);
				PRODUCT_BUNDLE_IDENTIFIER = by.Boyia;
				PRODUCT_NAME = "$(TARGET_NAME)";
				TARGETED_DEVICE_FAMILY = "1,2";
			};
			name = Debug;
		};
		4CD7A4ED211C42EB0065FCA4 /* Release */ = {
			isa = XCBuildConfiguration;
			buildSettings = {
				ASSETCATALOG_COMPILER_APPICON_NAME = AppIcon;
				CODE_SIGN_STYLE = Automatic;
				INFOPLIST_FILE = Boyia/Info.plist;
				LD_RUNPATH_SEARCH_PATHS = (
					"$(inherited)",
					"@executable_path/Frameworks",
				);
				PRODUCT_BUNDLE_IDENTIFIER = by.Boyia;
				PRODUCT_NAME = "$(TARGET_NAME)";
				TARGETED_DEVICE_FAMILY = "1,2";
			};
			name = Release;
		};
		4CD7A4EF211C42EB0065FCA4 /* Debug */ = {
			isa = XCBuildConfiguration;
			buildSettings = {
				BUNDLE_LOADER = "$(TEST_HOST)";
				CODE_SIGN_STYLE = Automatic;
				INFOPLIST_FILE = BoyiaTests/Info.plist;
				LD_RUNPATH_SEARCH_PATHS = (
					"$(inherited)",
					"@executable_path/Frameworks",
					"@loader_path/Frameworks",
				);
				PRODUCT_BUNDLE_IDENTIFIER = by.BoyiaTests;
				PRODUCT_NAME = "$(TARGET_NAME)";
				TARGETED_DEVICE_FAMILY = "1,2";
				TEST_HOST = "$(BUILT_PRODUCTS_DIR)/Boyia.app/Boyia";
			};
			name = Debug;
		};
		4CD7A4F0211C42EB0065FCA4 /* Release */ = {
			isa = XCBuildConfiguration;
			buildSettings = {
				BUNDLE_LOADER = "$(TEST_HOST)";
				CODE_SIGN_STYLE = Automatic;
				INFOPLIST_FILE = BoyiaTests/Info.plist;
				LD_RUNPATH_SEARCH_PATHS = (
					"$(inherited)",
					"@executable_path/Frameworks",
					"@loader_path/Frameworks",
				);
				PRODUCT_BUNDLE_IDENTIFIER = by.BoyiaTests;
				PRODUCT_NAME = "$(TARGET_NAME)";
				TARGETED_DEVICE_FAMILY = "1,2";
				TEST_HOST = "$(BUILT_PRODUCTS_DIR)/Boyia.app/Boyia";
			};
			name = Release;
		};
		4CD7A4F2211C42EB0065FCA4 /* Debug */ = {
			isa = XCBuildConfiguration;
			buildSettings = {
				CODE_SIGN_STYLE = Automatic;
				INFOPLIST_FILE = BoyiaUITests/Info.plist;
				LD_RUNPATH_SEARCH_PATHS = (
					"$(inherited)",
					"@executable_path/Frameworks",
					"@loader_path/Frameworks",
				);
				PRODUCT_BUNDLE_IDENTIFIER = by.BoyiaUITests;
				PRODUCT_NAME = "$(TARGET_NAME)";
				TARGETED_DEVICE_FAMILY = "1,2";
				TEST_TARGET_NAME = Boyia;
			};
			name = Debug;
		};
		4CD7A4F3211C42EB0065FCA4 /* Release */ = {
			isa = XCBuildConfiguration;
			buildSettings = {
				CODE_SIGN_STYLE = Automatic;
				INFOPLIST_FILE = BoyiaUITests/Info.plist;
				LD_RUNPATH_SEARCH_PATHS = (
					"$(inherited)",
					"@executable_path/Frameworks",
					"@loader_path/Frameworks",
				);
				PRODUCT_BUNDLE_IDENTIFIER = by.BoyiaUITests;
				PRODUCT_NAME = "$(TARGET_NAME)";
				TARGETED_DEVICE_FAMILY = "1,2";
				TEST_TARGET_NAME = Boyia;
			};
			name = Release;
		};
/* End XCBuildConfiguration section */

/* Begin XCConfigurationList section */
		4CD7A4BA211C42E90065FCA4 /* Build configuration list for PBXProject "Boyia" */ = {
			isa = XCConfigurationList;
			buildConfigurations = (
				4CD7A4E9211C42EB0065FCA4 /* Debug */,
				4CD7A4EA211C42EB0065FCA4 /* Release */,
			);
			defaultConfigurationIsVisible = 0;
			defaultConfigurationName = Release;
		};
		4CD7A4EB211C42EB0065FCA4 /* Build configuration list for PBXNativeTarget "Boyia" */ = {
			isa = XCConfigurationList;
			buildConfigurations = (
				4CD7A4EC211C42EB0065FCA4 /* Debug */,
				4CD7A4ED211C42EB0065FCA4 /* Release */,
			);
			defaultConfigurationIsVisible = 0;
			defaultConfigurationName = Release;
		};
		4CD7A4EE211C42EB0065FCA4 /* Build configuration list for PBXNativeTarget "BoyiaTests" */ = {
			isa = XCConfigurationList;
			buildConfigurations = (
				4CD7A4EF211C42EB0065FCA4 /* Debug */,
				4CD7A4F0211C42EB0065FCA4 /* Release */,
			);
			defaultConfigurationIsVisible = 0;
			defaultConfigurationName = Release;
		};
		4CD7A4F1211C42EB0065FCA4 /* Build configuration list for PBXNativeTarget "BoyiaUITests" */ = {
			isa = XCConfigurationList;
			buildConfigurations = (
				4CD7A4F2211C42EB0065FCA4 /* Debug */,
				4CD7A4F3211C42EB0065FCA4 /* Release */,
			);
			defaultConfigurationIsVisible = 0;
			defaultConfigurationName = Release;
		};
/* End XCConfigurationList section */
	};
	rootObject = 4CD7A4B7211C42E90065FCA4 /* Project object */;
}
